{
  "version": 4,
  "terraform_version": "1.9.8",
  "serial": 197,
  "lineage": "a4dc9f83-95b7-4cd7-a2f9-3635e0ab8965",
  "outputs": {},
  "resources": [
    {
      "module": "module.api_gateway",
      "mode": "managed",
      "type": "aws_apigatewayv2_api",
      "name": "main",
      "provider": "provider[\"registry.terraform.io/hashicorp/aws\"]",
      "instances": [
        {
          "schema_version": 0,
          "attributes": {
            "api_endpoint": "https://m1hg0o6t7l.execute-api.us-east-1.amazonaws.com",
            "api_key_selection_expression": "$request.header.x-api-key",
            "arn": "arn:aws:apigateway:us-east-1::/apis/m1hg0o6t7l",
            "body": null,
            "cors_configuration": [
              {
                "allow_credentials": false,
                "allow_headers": [
                  "*"
                ],
                "allow_methods": [
                  "DELETE",
                  "GET",
                  "OPTIONS",
                  "POST",
                  "PUT"
                ],
                "allow_origins": [
                  "*",
                  "http://localhost:3000"
                ],
                "expose_headers": [],
                "max_age": 300
              }
            ],
            "credentials_arn": null,
            "description": "api-appma-dev API Gateway",
            "disable_execute_api_endpoint": false,
            "execution_arn": "arn:aws:execute-api:us-east-1:233925838033:m1hg0o6t7l",
            "fail_on_warnings": null,
            "id": "m1hg0o6t7l",
            "name": "api-appma-dev",
            "protocol_type": "HTTP",
            "route_key": null,
            "route_selection_expression": "$request.method $request.path",
            "tags": {},
            "tags_all": {
              "iac": "terraform"
            },
            "target": null,
            "version": ""
          },
          "sensitive_attributes": [],
          "private": "bnVsbA=="
        }
      ]
    },
    {
      "module": "module.api_gateway",
      "mode": "managed",
      "type": "aws_apigatewayv2_stage",
      "name": "dev",
      "provider": "provider[\"registry.terraform.io/hashicorp/aws\"]",
      "instances": [
        {
          "schema_version": 0,
          "attributes": {
            "access_log_settings": [
              {
                "destination_arn": "arn:aws:logs:us-east-1:233925838033:log-group:/aws/api-gw/api-appma-dev",
                "format": "{\"apiGatewayError\":\"$context.error.message\",\"authorizationError\":\"$context.authorizer.error\",\"httpMethod\":\"$context.httpMethod\",\"integrationErrorMessage\":\"$context.integrationErrorMessage\",\"integrationRealError\":\"$context.integration.error\",\"protocol\":\"$context.protocol\",\"requestId\":\"$context.requestId\",\"requestTime\":\"$context.requestTime\",\"resourcePath\":\"$context.resourcePath\",\"responseLength\":\"$context.responseLength\",\"routeKey\":\"$context.routeKey\",\"sourceIp\":\"$context.identity.sourceIp\",\"status\":\"$context.status\"}"
              }
            ],
            "api_id": "m1hg0o6t7l",
            "arn": "arn:aws:apigateway:us-east-1::/apis/m1hg0o6t7l/stages/dev",
            "auto_deploy": true,
            "client_certificate_id": "",
            "default_route_settings": [
              {
                "data_trace_enabled": false,
                "detailed_metrics_enabled": false,
                "logging_level": "",
                "throttling_burst_limit": 50,
                "throttling_rate_limit": 100
              }
            ],
            "deployment_id": "hzoa3c",
            "description": "",
            "execution_arn": "arn:aws:execute-api:us-east-1:233925838033:m1hg0o6t7l/dev",
            "id": "dev",
            "invoke_url": "https://m1hg0o6t7l.execute-api.us-east-1.amazonaws.com/dev",
            "name": "dev",
            "route_settings": [],
            "stage_variables": {},
            "tags": {},
            "tags_all": {
              "iac": "terraform"
            }
          },
          "sensitive_attributes": [],
          "private": "bnVsbA==",
          "dependencies": [
            "module.api_gateway.aws_apigatewayv2_api.main",
            "module.api_gateway.aws_cloudwatch_log_group.main_api_gw"
          ]
        }
      ]
    },
    {
      "module": "module.api_gateway",
      "mode": "managed",
      "type": "aws_cloudwatch_log_group",
      "name": "main_api_gw",
      "provider": "provider[\"registry.terraform.io/hashicorp/aws\"]",
      "instances": [
        {
          "schema_version": 0,
          "attributes": {
            "arn": "arn:aws:logs:us-east-1:233925838033:log-group:/aws/api-gw/api-appma-dev",
            "id": "/aws/api-gw/api-appma-dev",
            "kms_key_id": "",
            "log_group_class": "STANDARD",
            "name": "/aws/api-gw/api-appma-dev",
            "name_prefix": "",
            "retention_in_days": 7,
            "skip_destroy": false,
            "tags": {},
            "tags_all": {
              "iac": "terraform"
            }
          },
          "sensitive_attributes": [],
          "private": "bnVsbA==",
          "dependencies": [
            "module.api_gateway.aws_apigatewayv2_api.main"
          ]
        }
      ]
    },
    {
      "module": "module.api_gateway_resources_projects_create",
      "mode": "data",
      "type": "archive_file",
      "name": "lambda_package",
      "provider": "provider[\"registry.terraform.io/hashicorp/archive\"]",
      "instances": [
        {
          "schema_version": 0,
          "attributes": {
            "exclude_symlink_directories": null,
            "excludes": null,
            "id": "e713f6ad222b75ecd42e24545c105e9c92637ca0",
            "output_base64sha256": "03M1+r8q4uDw6IzBjISJCS5SPIZNg3TZSDLEUkptfUc=",
            "output_base64sha512": "6Ix6p7q1nv15odVcxtslAJr/fwfr32bfZcEfavSvVFLMgC8OzS1EMG9ctAX61ePDpvsQDfmVI8BEy9dTYQmINQ==",
            "output_file_mode": null,
            "output_md5": "9aa98575107adcee9a18389b3c8cbff2",
            "output_path": "./resources/core/projects-create/index.zip",
            "output_sha": "e713f6ad222b75ecd42e24545c105e9c92637ca0",
            "output_sha256": "d37335fabf2ae2e0f0e88cc18c8489092e523c864d8374d94832c4524a6d7d47",
            "output_sha512": "e88c7aa7bab59efd79a1d55cc6db25009aff7f07ebdf66df65c11f6af4af5452cc802f0ecd2d44306f5cb405fad5e3c3a6fb100df99523c044cbd75361098835",
            "output_size": 359684,
            "source": [],
            "source_content": null,
            "source_content_filename": null,
            "source_dir": "./lambdas/core/projects-create",
            "source_file": null,
            "type": "zip"
          },
          "sensitive_attributes": []
        }
      ]
    },
    {
      "module": "module.api_gateway_resources_projects_create",
      "mode": "data",
      "type": "aws_apigatewayv2_api",
      "name": "selected",
      "provider": "provider[\"registry.terraform.io/hashicorp/aws\"]",
      "instances": [
        {
          "schema_version": 0,
          "attributes": {
            "api_endpoint": "https://m1hg0o6t7l.execute-api.us-east-1.amazonaws.com",
            "api_id": "m1hg0o6t7l",
            "api_key_selection_expression": "$request.header.x-api-key",
            "arn": "arn:aws:apigateway:us-east-1::/apis/m1hg0o6t7l",
            "cors_configuration": [
              {
                "allow_credentials": false,
                "allow_headers": [
                  "*"
                ],
                "allow_methods": [
                  "DELETE",
                  "GET",
                  "OPTIONS",
                  "POST",
                  "PUT"
                ],
                "allow_origins": [
                  "*",
                  "http://localhost:3000"
                ],
                "expose_headers": [],
                "max_age": 300
              }
            ],
            "description": "api-appma-dev API Gateway",
            "disable_execute_api_endpoint": false,
            "execution_arn": "arn:aws:execute-api:us-east-1:233925838033:m1hg0o6t7l",
            "id": "m1hg0o6t7l",
            "name": "api-appma-dev",
            "protocol_type": "HTTP",
            "route_selection_expression": "$request.method $request.path",
            "tags": {
              "iac": "terraform"
            },
            "version": ""
          },
          "sensitive_attributes": []
        }
      ]
    },
    {
      "module": "module.api_gateway_resources_projects_create",
      "mode": "data",
      "type": "aws_caller_identity",
      "name": "current",
      "provider": "provider[\"registry.terraform.io/hashicorp/aws\"]",
      "instances": [
        {
          "schema_version": 0,
          "attributes": {
            "account_id": "233925838033",
            "arn": "arn:aws:iam::233925838033:root",
            "id": "233925838033",
            "user_id": "233925838033"
          },
          "sensitive_attributes": []
        }
      ]
    },
    {
      "module": "module.api_gateway_resources_projects_create",
      "mode": "data",
      "type": "aws_iam_policy_document",
      "name": "lambda_policy_document",
      "provider": "provider[\"registry.terraform.io/hashicorp/aws\"]",
      "instances": [
        {
          "schema_version": 0,
          "attributes": {
            "id": "3968213529",
            "json": "{\n  \"Version\": \"2012-10-17\",\n  \"Statement\": [\n    {\n      \"Effect\": \"Allow\",\n      \"Action\": [\n        \"dynamodb:Scan\",\n        \"dynamodb:PutItem\"\n      ],\n      \"Resource\": \"arn:aws:dynamodb:us-east-1:233925838033:table/tbl-appma-projects-dev\"\n    }\n  ]\n}",
            "minified_json": "{\"Version\":\"2012-10-17\",\"Statement\":[{\"Effect\":\"Allow\",\"Action\":[\"dynamodb:Scan\",\"dynamodb:PutItem\"],\"Resource\":\"arn:aws:dynamodb:us-east-1:233925838033:table/tbl-appma-projects-dev\"}]}",
            "override_json": null,
            "override_policy_documents": null,
            "policy_id": null,
            "source_json": null,
            "source_policy_documents": null,
            "statement": [
              {
                "actions": [
                  "dynamodb:PutItem",
                  "dynamodb:Scan"
                ],
                "condition": [],
                "effect": "Allow",
                "not_actions": [],
                "not_principals": [],
                "not_resources": [],
                "principals": [],
                "resources": [
                  "arn:aws:dynamodb:us-east-1:233925838033:table/tbl-appma-projects-dev"
                ],
                "sid": ""
              }
            ],
            "version": "2012-10-17"
          },
          "sensitive_attributes": []
        }
      ]
    },
    {
      "module": "module.api_gateway_resources_projects_create",
      "mode": "data",
      "type": "aws_region",
      "name": "current",
      "provider": "provider[\"registry.terraform.io/hashicorp/aws\"]",
      "instances": [
        {
          "schema_version": 0,
          "attributes": {
            "description": "US East (N. Virginia)",
            "endpoint": "ec2.us-east-1.amazonaws.com",
            "id": "us-east-1",
            "name": "us-east-1"
          },
          "sensitive_attributes": []
        }
      ]
    },
    {
      "module": "module.api_gateway_resources_projects_create",
      "mode": "managed",
      "type": "aws_apigatewayv2_integration",
      "name": "lambda_handler",
      "provider": "provider[\"registry.terraform.io/hashicorp/aws\"]",
      "instances": [
        {
          "schema_version": 0,
          "attributes": {
            "api_id": "m1hg0o6t7l",
            "connection_id": "",
            "connection_type": "INTERNET",
            "content_handling_strategy": "",
            "credentials_arn": "",
            "description": "",
            "id": "26t28u7",
            "integration_method": "POST",
            "integration_response_selection_expression": "",
            "integration_subtype": "",
            "integration_type": "AWS_PROXY",
            "integration_uri": "arn:aws:apigateway:us-east-1:lambda:path/2015-03-31/functions/arn:aws:lambda:us-east-1:233925838033:function:lmb-appma-projects-create-dev/invocations",
            "passthrough_behavior": "",
            "payload_format_version": "1.0",
            "request_parameters": {},
            "request_templates": {},
            "response_parameters": [],
            "template_selection_expression": "",
            "timeout_milliseconds": 30000,
            "tls_config": []
          },
          "sensitive_attributes": [],
          "private": "bnVsbA==",
          "dependencies": [
            "module.api_gateway.aws_apigatewayv2_api.main",
            "module.api_gateway.aws_apigatewayv2_stage.dev",
            "module.api_gateway.aws_cloudwatch_log_group.main_api_gw",
            "module.api_gateway_resources_projects_create.aws_iam_role.lambda_role",
            "module.api_gateway_resources_projects_create.aws_lambda_function.html_lambda",
            "module.api_gateway_resources_projects_create.data.archive_file.lambda_package",
            "module.api_gateway_resources_projects_create.data.aws_apigatewayv2_api.selected",
            "module.projects_dynamodb.aws_dynamodb_table.customers-dynamodb-table"
          ]
        }
      ]
    },
    {
      "module": "module.api_gateway_resources_projects_create",
      "mode": "managed",
      "type": "aws_apigatewayv2_route",
      "name": "post_handler",
      "provider": "provider[\"registry.terraform.io/hashicorp/aws\"]",
      "instances": [
        {
          "schema_version": 0,
          "attributes": {
            "api_id": "m1hg0o6t7l",
            "api_key_required": false,
            "authorization_scopes": [],
            "authorization_type": "CUSTOM",
            "authorizer_id": "0lfrxe",
            "id": "duvt8mg",
            "model_selection_expression": "",
            "operation_name": "",
            "request_models": {},
            "request_parameter": [],
            "route_key": "POST /api/v1/projects",
            "route_response_selection_expression": "",
            "target": "integrations/26t28u7"
          },
          "sensitive_attributes": [],
          "private": "bnVsbA==",
          "dependencies": [
            "module.api_gateway.aws_apigatewayv2_api.main",
            "module.api_gateway.aws_apigatewayv2_stage.dev",
            "module.api_gateway.aws_cloudwatch_log_group.main_api_gw",
            "module.api_gateway_resources_projects_create.aws_apigatewayv2_integration.lambda_handler",
            "module.api_gateway_resources_projects_create.aws_iam_role.lambda_role",
            "module.api_gateway_resources_projects_create.aws_lambda_function.html_lambda",
            "module.api_gateway_resources_projects_create.data.archive_file.lambda_package",
            "module.api_gateway_resources_projects_create.data.aws_apigatewayv2_api.selected",
            "module.api_gateway_resources_security_authorizer.aws_apigatewayv2_authorizer.header_based_authorizer",
            "module.api_gateway_resources_security_authorizer.aws_iam_role.lambda_role",
            "module.api_gateway_resources_security_authorizer.aws_lambda_function.html_lambda",
            "module.api_gateway_resources_security_authorizer.data.archive_file.lambda_package",
            "module.api_gateway_resources_security_authorizer.data.aws_apigatewayv2_api.selected",
            "module.projects_dynamodb.aws_dynamodb_table.customers-dynamodb-table"
          ]
        }
      ]
    },
    {
      "module": "module.api_gateway_resources_projects_create",
      "mode": "managed",
      "type": "aws_cloudwatch_log_group",
      "name": "html_loggroup_lambda",
      "provider": "provider[\"registry.terraform.io/hashicorp/aws\"]",
      "instances": [
        {
          "schema_version": 0,
          "attributes": {
            "arn": "arn:aws:logs:us-east-1:233925838033:log-group:/aws/lambda/lmb-appma-projects-create-dev",
            "id": "/aws/lambda/lmb-appma-projects-create-dev",
            "kms_key_id": "",
            "log_group_class": "STANDARD",
            "name": "/aws/lambda/lmb-appma-projects-create-dev",
            "name_prefix": "",
            "retention_in_days": 0,
            "skip_destroy": false,
            "tags": {},
            "tags_all": {
              "iac": "terraform"
            }
          },
          "sensitive_attributes": [],
          "private": "bnVsbA==",
          "dependencies": [
            "module.api_gateway.aws_apigatewayv2_api.main",
            "module.api_gateway.aws_apigatewayv2_stage.dev",
            "module.api_gateway.aws_cloudwatch_log_group.main_api_gw",
            "module.api_gateway_resources_projects_create.aws_iam_role.lambda_role",
            "module.api_gateway_resources_projects_create.aws_lambda_function.html_lambda",
            "module.api_gateway_resources_projects_create.data.archive_file.lambda_package",
            "module.projects_dynamodb.aws_dynamodb_table.customers-dynamodb-table"
          ]
        }
      ]
    },
    {
      "module": "module.api_gateway_resources_projects_create",
      "mode": "managed",
      "type": "aws_iam_policy",
      "name": "dynamodb_lambda_policy",
      "provider": "provider[\"registry.terraform.io/hashicorp/aws\"]",
      "instances": [
        {
          "schema_version": 0,
          "attributes": {
            "arn": "arn:aws:iam::233925838033:policy/policy-appma-projects-create-dev",
            "attachment_count": 1,
            "description": "This policy will be used by the lambda to write get data from DynamoDB",
            "id": "arn:aws:iam::233925838033:policy/policy-appma-projects-create-dev",
            "name": "policy-appma-projects-create-dev",
            "name_prefix": "",
            "path": "/",
            "policy": "{\"Statement\":[{\"Action\":[\"dynamodb:Scan\",\"dynamodb:PutItem\"],\"Effect\":\"Allow\",\"Resource\":\"arn:aws:dynamodb:us-east-1:233925838033:table/tbl-appma-projects-dev\"}],\"Version\":\"2012-10-17\"}",
            "policy_id": "ANPATM5YRATISA3GNJZEE",
            "tags": {},
            "tags_all": {
              "iac": "terraform"
            }
          },
          "sensitive_attributes": [],
          "private": "bnVsbA==",
          "dependencies": [
            "module.api_gateway.aws_apigatewayv2_api.main",
            "module.api_gateway.aws_apigatewayv2_stage.dev",
            "module.api_gateway.aws_cloudwatch_log_group.main_api_gw",
            "module.api_gateway_resources_projects_create.data.aws_caller_identity.current",
            "module.api_gateway_resources_projects_create.data.aws_iam_policy_document.lambda_policy_document",
            "module.api_gateway_resources_projects_create.data.aws_region.current",
            "module.projects_dynamodb.aws_dynamodb_table.customers-dynamodb-table"
          ]
        }
      ]
    },
    {
      "module": "module.api_gateway_resources_projects_create",
      "mode": "managed",
      "type": "aws_iam_role",
      "name": "lambda_role",
      "provider": "provider[\"registry.terraform.io/hashicorp/aws\"]",
      "instances": [
        {
          "schema_version": 0,
          "attributes": {
            "arn": "arn:aws:iam::233925838033:role/role-appma-projects-create-dev",
            "assume_role_policy": "{\"Statement\":[{\"Action\":\"sts:AssumeRole\",\"Effect\":\"Allow\",\"Principal\":{\"Service\":\"lambda.amazonaws.com\"}}],\"Version\":\"2012-10-17\"}",
            "create_date": "2024-11-12T21:10:45Z",
            "description": "",
            "force_detach_policies": false,
            "id": "role-appma-projects-create-dev",
            "inline_policy": [],
            "managed_policy_arns": [
              "arn:aws:iam::233925838033:policy/policy-appma-projects-create-dev",
              "arn:aws:iam::aws:policy/service-role/AWSLambdaBasicExecutionRole"
            ],
            "max_session_duration": 3600,
            "name": "role-appma-projects-create-dev",
            "name_prefix": "",
            "path": "/",
            "permissions_boundary": "",
            "tags": {},
            "tags_all": {
              "iac": "terraform"
            },
            "unique_id": "AROATM5YRATI4GB2BZI4H"
          },
          "sensitive_attributes": [],
          "private": "bnVsbA==",
          "dependencies": [
            "module.api_gateway.aws_apigatewayv2_api.main",
            "module.api_gateway.aws_apigatewayv2_stage.dev",
            "module.api_gateway.aws_cloudwatch_log_group.main_api_gw",
            "module.projects_dynamodb.aws_dynamodb_table.customers-dynamodb-table"
          ]
        }
      ]
    },
    {
      "module": "module.api_gateway_resources_projects_create",
      "mode": "managed",
      "type": "aws_iam_role_policy_attachment",
      "name": "lambda_attachements",
      "provider": "provider[\"registry.terraform.io/hashicorp/aws\"]",
      "instances": [
        {
          "schema_version": 0,
          "attributes": {
            "id": "role-appma-projects-create-dev-2024111221104643010000000e",
            "policy_arn": "arn:aws:iam::233925838033:policy/policy-appma-projects-create-dev",
            "role": "role-appma-projects-create-dev"
          },
          "sensitive_attributes": [],
          "private": "bnVsbA==",
          "dependencies": [
            "module.api_gateway.aws_apigatewayv2_api.main",
            "module.api_gateway.aws_apigatewayv2_stage.dev",
            "module.api_gateway.aws_cloudwatch_log_group.main_api_gw",
            "module.api_gateway_resources_projects_create.aws_iam_policy.dynamodb_lambda_policy",
            "module.api_gateway_resources_projects_create.aws_iam_role.lambda_role",
            "module.api_gateway_resources_projects_create.data.aws_caller_identity.current",
            "module.api_gateway_resources_projects_create.data.aws_iam_policy_document.lambda_policy_document",
            "module.api_gateway_resources_projects_create.data.aws_region.current",
            "module.projects_dynamodb.aws_dynamodb_table.customers-dynamodb-table"
          ]
        }
      ]
    },
    {
      "module": "module.api_gateway_resources_projects_create",
      "mode": "managed",
      "type": "aws_iam_role_policy_attachment",
      "name": "lambda_role_policy",
      "provider": "provider[\"registry.terraform.io/hashicorp/aws\"]",
      "instances": [
        {
          "schema_version": 0,
          "attributes": {
            "id": "role-appma-projects-create-dev-2024111221104618770000000b",
            "policy_arn": "arn:aws:iam::aws:policy/service-role/AWSLambdaBasicExecutionRole",
            "role": "role-appma-projects-create-dev"
          },
          "sensitive_attributes": [],
          "private": "bnVsbA==",
          "dependencies": [
            "module.api_gateway.aws_apigatewayv2_api.main",
            "module.api_gateway.aws_apigatewayv2_stage.dev",
            "module.api_gateway.aws_cloudwatch_log_group.main_api_gw",
            "module.api_gateway_resources_projects_create.aws_iam_role.lambda_role",
            "module.projects_dynamodb.aws_dynamodb_table.customers-dynamodb-table"
          ]
        }
      ]
    },
    {
      "module": "module.api_gateway_resources_projects_create",
      "mode": "managed",
      "type": "aws_lambda_function",
      "name": "html_lambda",
      "provider": "provider[\"registry.terraform.io/hashicorp/aws\"]",
      "instances": [
        {
          "schema_version": 0,
          "attributes": {
            "architectures": [
              "arm64"
            ],
            "arn": "arn:aws:lambda:us-east-1:233925838033:function:lmb-appma-projects-create-dev",
            "code_sha256": "03M1+r8q4uDw6IzBjISJCS5SPIZNg3TZSDLEUkptfUc=",
            "code_signing_config_arn": "",
            "dead_letter_config": [],
            "description": "",
            "environment": [],
            "ephemeral_storage": [
              {
                "size": 512
              }
            ],
            "file_system_config": [],
            "filename": "./resources/core/projects-create/index.zip",
            "function_name": "lmb-appma-projects-create-dev",
            "handler": "index.handler",
            "id": "lmb-appma-projects-create-dev",
            "image_config": [],
            "image_uri": "",
            "invoke_arn": "arn:aws:apigateway:us-east-1:lambda:path/2015-03-31/functions/arn:aws:lambda:us-east-1:233925838033:function:lmb-appma-projects-create-dev/invocations",
            "kms_key_arn": "",
            "last_modified": "2024-11-14T14:28:46.000+0000",
            "layers": [],
            "logging_config": [
              {
                "application_log_level": "",
                "log_format": "Text",
                "log_group": "/aws/lambda/lmb-appma-projects-create-dev",
                "system_log_level": ""
              }
            ],
            "memory_size": 128,
            "package_type": "Zip",
            "publish": false,
            "qualified_arn": "arn:aws:lambda:us-east-1:233925838033:function:lmb-appma-projects-create-dev:$LATEST",
            "qualified_invoke_arn": "arn:aws:apigateway:us-east-1:lambda:path/2015-03-31/functions/arn:aws:lambda:us-east-1:233925838033:function:lmb-appma-projects-create-dev:$LATEST/invocations",
            "replace_security_groups_on_destroy": null,
            "replacement_security_group_ids": null,
            "reserved_concurrent_executions": -1,
            "role": "arn:aws:iam::233925838033:role/role-appma-projects-create-dev",
            "runtime": "nodejs20.x",
            "s3_bucket": null,
            "s3_key": null,
            "s3_object_version": null,
            "signing_job_arn": "",
            "signing_profile_version_arn": "",
            "skip_destroy": false,
            "snap_start": [],
            "source_code_hash": "03M1+r8q4uDw6IzBjISJCS5SPIZNg3TZSDLEUkptfUc=",
            "source_code_size": 359684,
            "tags": {
              "component": "projects-create",
              "domain": "core",
              "env": "dev"
            },
            "tags_all": {
              "component": "projects-create",
              "domain": "core",
              "env": "dev",
              "iac": "terraform"
            },
            "timeout": 30,
            "timeouts": null,
            "tracing_config": [
              {
                "mode": "PassThrough"
              }
            ],
            "version": "$LATEST",
            "vpc_config": []
          },
          "sensitive_attributes": [],
          "private": "eyJlMmJmYjczMC1lY2FhLTExZTYtOGY4OC0zNDM2M2JjN2M0YzAiOnsiY3JlYXRlIjo2MDAwMDAwMDAwMDAsImRlbGV0ZSI6NjAwMDAwMDAwMDAwLCJ1cGRhdGUiOjYwMDAwMDAwMDAwMH19",
          "dependencies": [
            "module.api_gateway.aws_apigatewayv2_api.main",
            "module.api_gateway.aws_apigatewayv2_stage.dev",
            "module.api_gateway.aws_cloudwatch_log_group.main_api_gw",
            "module.api_gateway_resources_projects_create.aws_iam_role.lambda_role",
            "module.api_gateway_resources_projects_create.data.archive_file.lambda_package",
            "module.projects_dynamodb.aws_dynamodb_table.customers-dynamodb-table"
          ]
        }
      ]
    },
    {
      "module": "module.api_gateway_resources_projects_create",
      "mode": "managed",
      "type": "aws_lambda_permission",
      "name": "api_gw",
      "provider": "provider[\"registry.terraform.io/hashicorp/aws\"]",
      "instances": [
        {
          "schema_version": 0,
          "attributes": {
            "action": "lambda:InvokeFunction",
            "event_source_token": null,
            "function_name": "lmb-appma-projects-create-dev",
            "function_url_auth_type": null,
            "id": "AllowExecutionFromAPIGateway",
            "principal": "apigateway.amazonaws.com",
            "principal_org_id": null,
            "qualifier": "",
            "source_account": null,
            "source_arn": "arn:aws:execute-api:us-east-1:233925838033:m1hg0o6t7l/*/*",
            "statement_id": "AllowExecutionFromAPIGateway",
            "statement_id_prefix": ""
          },
          "sensitive_attributes": [],
          "private": "bnVsbA==",
          "dependencies": [
            "module.api_gateway.aws_apigatewayv2_api.main",
            "module.api_gateway.aws_apigatewayv2_stage.dev",
            "module.api_gateway.aws_cloudwatch_log_group.main_api_gw",
            "module.api_gateway_resources_projects_create.aws_iam_role.lambda_role",
            "module.api_gateway_resources_projects_create.aws_lambda_function.html_lambda",
            "module.api_gateway_resources_projects_create.data.archive_file.lambda_package",
            "module.api_gateway_resources_projects_create.data.aws_apigatewayv2_api.selected",
            "module.projects_dynamodb.aws_dynamodb_table.customers-dynamodb-table"
          ]
        }
      ]
    },
    {
      "module": "module.api_gateway_resources_projects_delete",
      "mode": "data",
      "type": "archive_file",
      "name": "lambda_package",
      "provider": "provider[\"registry.terraform.io/hashicorp/archive\"]",
      "instances": [
        {
          "schema_version": 0,
          "attributes": {
            "exclude_symlink_directories": null,
            "excludes": null,
            "id": "a636f0d63f235e6ec65e14f527cd7fc22843bfcd",
            "output_base64sha256": "1Lo5QfdFAX1zeJZvGL+1ElE4oqdfJ/yzMgI+h2u8cZw=",
            "output_base64sha512": "0mZnec/NAnobV4jsjzCc1ZYQL9XCLzx7DuquQUc4zsKQ1XxMkGd2m34clQ3EOuvjwveR2jk/jswD4nFwy3BFPg==",
            "output_file_mode": null,
            "output_md5": "c84ae9eadd369ff53675423f3c89068d",
            "output_path": "./resources/core/projects-delete-by-id/index.zip",
            "output_sha": "a636f0d63f235e6ec65e14f527cd7fc22843bfcd",
            "output_sha256": "d4ba3941f745017d7378966f18bfb5125138a2a75f27fcb332023e876bbc719c",
            "output_sha512": "d2666779cfcd027a1b5788ec8f309cd596102fd5c22f3c7b0eeaae414738cec290d57c4c9067769b7e1c950dc43aebe3c2f791da393f8ecc03e27170cb70453e",
            "output_size": 358912,
            "source": [],
            "source_content": null,
            "source_content_filename": null,
            "source_dir": "./lambdas/core/projects-delete-by-id",
            "source_file": null,
            "type": "zip"
          },
          "sensitive_attributes": []
        }
      ]
    },
    {
      "module": "module.api_gateway_resources_projects_delete",
      "mode": "data",
      "type": "aws_apigatewayv2_api",
      "name": "selected",
      "provider": "provider[\"registry.terraform.io/hashicorp/aws\"]",
      "instances": [
        {
          "schema_version": 0,
          "attributes": {
            "api_endpoint": "https://m1hg0o6t7l.execute-api.us-east-1.amazonaws.com",
            "api_id": "m1hg0o6t7l",
            "api_key_selection_expression": "$request.header.x-api-key",
            "arn": "arn:aws:apigateway:us-east-1::/apis/m1hg0o6t7l",
            "cors_configuration": [
              {
                "allow_credentials": false,
                "allow_headers": [
                  "*"
                ],
                "allow_methods": [
                  "DELETE",
                  "GET",
                  "OPTIONS",
                  "POST",
                  "PUT"
                ],
                "allow_origins": [
                  "*",
                  "http://localhost:3000"
                ],
                "expose_headers": [],
                "max_age": 300
              }
            ],
            "description": "api-appma-dev API Gateway",
            "disable_execute_api_endpoint": false,
            "execution_arn": "arn:aws:execute-api:us-east-1:233925838033:m1hg0o6t7l",
            "id": "m1hg0o6t7l",
            "name": "api-appma-dev",
            "protocol_type": "HTTP",
            "route_selection_expression": "$request.method $request.path",
            "tags": {
              "iac": "terraform"
            },
            "version": ""
          },
          "sensitive_attributes": []
        }
      ]
    },
    {
      "module": "module.api_gateway_resources_projects_delete",
      "mode": "data",
      "type": "aws_caller_identity",
      "name": "current",
      "provider": "provider[\"registry.terraform.io/hashicorp/aws\"]",
      "instances": [
        {
          "schema_version": 0,
          "attributes": {
            "account_id": "233925838033",
            "arn": "arn:aws:iam::233925838033:root",
            "id": "233925838033",
            "user_id": "233925838033"
          },
          "sensitive_attributes": []
        }
      ]
    },
    {
      "module": "module.api_gateway_resources_projects_delete",
      "mode": "data",
      "type": "aws_iam_policy_document",
      "name": "lambda_policy_document",
      "provider": "provider[\"registry.terraform.io/hashicorp/aws\"]",
      "instances": [
        {
          "schema_version": 0,
          "attributes": {
            "id": "1146052676",
            "json": "{\n  \"Version\": \"2012-10-17\",\n  \"Statement\": [\n    {\n      \"Effect\": \"Allow\",\n      \"Action\": [\n        \"dynamodb:UpdateItem\",\n        \"dynamodb:DeleteItem\"\n      ],\n      \"Resource\": \"arn:aws:dynamodb:us-east-1:233925838033:table/tbl-appma-projects-dev\"\n    }\n  ]\n}",
            "minified_json": "{\"Version\":\"2012-10-17\",\"Statement\":[{\"Effect\":\"Allow\",\"Action\":[\"dynamodb:UpdateItem\",\"dynamodb:DeleteItem\"],\"Resource\":\"arn:aws:dynamodb:us-east-1:233925838033:table/tbl-appma-projects-dev\"}]}",
            "override_json": null,
            "override_policy_documents": null,
            "policy_id": null,
            "source_json": null,
            "source_policy_documents": null,
            "statement": [
              {
                "actions": [
                  "dynamodb:DeleteItem",
                  "dynamodb:UpdateItem"
                ],
                "condition": [],
                "effect": "Allow",
                "not_actions": [],
                "not_principals": [],
                "not_resources": [],
                "principals": [],
                "resources": [
                  "arn:aws:dynamodb:us-east-1:233925838033:table/tbl-appma-projects-dev"
                ],
                "sid": ""
              }
            ],
            "version": "2012-10-17"
          },
          "sensitive_attributes": []
        }
      ]
    },
    {
      "module": "module.api_gateway_resources_projects_delete",
      "mode": "data",
      "type": "aws_region",
      "name": "current",
      "provider": "provider[\"registry.terraform.io/hashicorp/aws\"]",
      "instances": [
        {
          "schema_version": 0,
          "attributes": {
            "description": "US East (N. Virginia)",
            "endpoint": "ec2.us-east-1.amazonaws.com",
            "id": "us-east-1",
            "name": "us-east-1"
          },
          "sensitive_attributes": []
        }
      ]
    },
    {
      "module": "module.api_gateway_resources_projects_delete",
      "mode": "managed",
      "type": "aws_apigatewayv2_integration",
      "name": "lambda_handler",
      "provider": "provider[\"registry.terraform.io/hashicorp/aws\"]",
      "instances": [
        {
          "schema_version": 0,
          "attributes": {
            "api_id": "m1hg0o6t7l",
            "connection_id": "",
            "connection_type": "INTERNET",
            "content_handling_strategy": "",
            "credentials_arn": "",
            "description": "",
            "id": "jm63h4b",
            "integration_method": "POST",
            "integration_response_selection_expression": "",
            "integration_subtype": "",
            "integration_type": "AWS_PROXY",
            "integration_uri": "arn:aws:apigateway:us-east-1:lambda:path/2015-03-31/functions/arn:aws:lambda:us-east-1:233925838033:function:lmb-appma-projects-delete-by-id-dev/invocations",
            "passthrough_behavior": "",
            "payload_format_version": "1.0",
            "request_parameters": {},
            "request_templates": {},
            "response_parameters": [],
            "template_selection_expression": "",
            "timeout_milliseconds": 30000,
            "tls_config": []
          },
          "sensitive_attributes": [],
          "private": "bnVsbA==",
          "dependencies": [
            "module.api_gateway.aws_apigatewayv2_api.main",
            "module.api_gateway.aws_apigatewayv2_stage.dev",
            "module.api_gateway.aws_cloudwatch_log_group.main_api_gw",
            "module.api_gateway_resources_projects_delete.aws_iam_role.lambda_role",
            "module.api_gateway_resources_projects_delete.aws_lambda_function.html_lambda",
            "module.api_gateway_resources_projects_delete.data.archive_file.lambda_package",
            "module.api_gateway_resources_projects_delete.data.aws_apigatewayv2_api.selected",
            "module.projects_dynamodb.aws_dynamodb_table.customers-dynamodb-table"
          ]
        }
      ]
    },
    {
      "module": "module.api_gateway_resources_projects_delete",
      "mode": "managed",
      "type": "aws_apigatewayv2_route",
      "name": "post_handler",
      "provider": "provider[\"registry.terraform.io/hashicorp/aws\"]",
      "instances": [
        {
          "schema_version": 0,
          "attributes": {
            "api_id": "m1hg0o6t7l",
            "api_key_required": false,
            "authorization_scopes": [],
            "authorization_type": "CUSTOM",
            "authorizer_id": "0lfrxe",
            "id": "2wa4zwc",
            "model_selection_expression": "",
            "operation_name": "",
            "request_models": {},
            "request_parameter": [],
            "route_key": "DELETE /api/v1/projects/{id}",
            "route_response_selection_expression": "",
            "target": "integrations/jm63h4b"
          },
          "sensitive_attributes": [],
          "private": "bnVsbA==",
          "dependencies": [
            "module.api_gateway.aws_apigatewayv2_api.main",
            "module.api_gateway.aws_apigatewayv2_stage.dev",
            "module.api_gateway.aws_cloudwatch_log_group.main_api_gw",
            "module.api_gateway_resources_projects_delete.aws_apigatewayv2_integration.lambda_handler",
            "module.api_gateway_resources_projects_delete.aws_iam_role.lambda_role",
            "module.api_gateway_resources_projects_delete.aws_lambda_function.html_lambda",
            "module.api_gateway_resources_projects_delete.data.archive_file.lambda_package",
            "module.api_gateway_resources_projects_delete.data.aws_apigatewayv2_api.selected",
            "module.api_gateway_resources_security_authorizer.aws_apigatewayv2_authorizer.header_based_authorizer",
            "module.api_gateway_resources_security_authorizer.aws_iam_role.lambda_role",
            "module.api_gateway_resources_security_authorizer.aws_lambda_function.html_lambda",
            "module.api_gateway_resources_security_authorizer.data.archive_file.lambda_package",
            "module.api_gateway_resources_security_authorizer.data.aws_apigatewayv2_api.selected",
            "module.projects_dynamodb.aws_dynamodb_table.customers-dynamodb-table"
          ]
        }
      ]
    },
    {
      "module": "module.api_gateway_resources_projects_delete",
      "mode": "managed",
      "type": "aws_cloudwatch_log_group",
      "name": "html_loggroup_lambda",
      "provider": "provider[\"registry.terraform.io/hashicorp/aws\"]",
      "instances": [
        {
          "schema_version": 0,
          "attributes": {
            "arn": "arn:aws:logs:us-east-1:233925838033:log-group:/aws/lambda/lmb-appma-projects-delete-by-id-dev",
            "id": "/aws/lambda/lmb-appma-projects-delete-by-id-dev",
            "kms_key_id": "",
            "log_group_class": "STANDARD",
            "name": "/aws/lambda/lmb-appma-projects-delete-by-id-dev",
            "name_prefix": "",
            "retention_in_days": 0,
            "skip_destroy": false,
            "tags": {},
            "tags_all": {
              "iac": "terraform"
            }
          },
          "sensitive_attributes": [],
          "private": "bnVsbA==",
          "dependencies": [
            "module.api_gateway.aws_apigatewayv2_api.main",
            "module.api_gateway.aws_apigatewayv2_stage.dev",
            "module.api_gateway.aws_cloudwatch_log_group.main_api_gw",
            "module.api_gateway_resources_projects_delete.aws_iam_role.lambda_role",
            "module.api_gateway_resources_projects_delete.aws_lambda_function.html_lambda",
            "module.api_gateway_resources_projects_delete.data.archive_file.lambda_package",
            "module.projects_dynamodb.aws_dynamodb_table.customers-dynamodb-table"
          ]
        }
      ]
    },
    {
      "module": "module.api_gateway_resources_projects_delete",
      "mode": "managed",
      "type": "aws_iam_policy",
      "name": "dynamodb_lambda_policy",
      "provider": "provider[\"registry.terraform.io/hashicorp/aws\"]",
      "instances": [
        {
          "schema_version": 0,
          "attributes": {
            "arn": "arn:aws:iam::233925838033:policy/policy-appma-projects-delete-by-id-dev",
            "attachment_count": 1,
            "description": "This policy will be used by the lambda to write get data from DynamoDB",
            "id": "arn:aws:iam::233925838033:policy/policy-appma-projects-delete-by-id-dev",
            "name": "policy-appma-projects-delete-by-id-dev",
            "name_prefix": "",
            "path": "/",
            "policy": "{\"Statement\":[{\"Action\":[\"dynamodb:UpdateItem\",\"dynamodb:DeleteItem\"],\"Effect\":\"Allow\",\"Resource\":\"arn:aws:dynamodb:us-east-1:233925838033:table/tbl-appma-projects-dev\"}],\"Version\":\"2012-10-17\"}",
            "policy_id": "ANPATM5YRATI3NVAE747U",
            "tags": {},
            "tags_all": {
              "iac": "terraform"
            }
          },
          "sensitive_attributes": [],
          "private": "bnVsbA==",
          "dependencies": [
            "module.api_gateway.aws_apigatewayv2_api.main",
            "module.api_gateway.aws_apigatewayv2_stage.dev",
            "module.api_gateway.aws_cloudwatch_log_group.main_api_gw",
            "module.api_gateway_resources_projects_delete.data.aws_caller_identity.current",
            "module.api_gateway_resources_projects_delete.data.aws_iam_policy_document.lambda_policy_document",
            "module.api_gateway_resources_projects_delete.data.aws_region.current",
            "module.projects_dynamodb.aws_dynamodb_table.customers-dynamodb-table"
          ]
        }
      ]
    },
    {
      "module": "module.api_gateway_resources_projects_delete",
      "mode": "managed",
      "type": "aws_iam_role",
      "name": "lambda_role",
      "provider": "provider[\"registry.terraform.io/hashicorp/aws\"]",
      "instances": [
        {
          "schema_version": 0,
          "attributes": {
            "arn": "arn:aws:iam::233925838033:role/role-appma-projects-delete-by-id-dev",
            "assume_role_policy": "{\"Statement\":[{\"Action\":\"sts:AssumeRole\",\"Effect\":\"Allow\",\"Principal\":{\"Service\":\"lambda.amazonaws.com\"}}],\"Version\":\"2012-10-17\"}",
            "create_date": "2024-11-12T21:10:45Z",
            "description": "",
            "force_detach_policies": false,
            "id": "role-appma-projects-delete-by-id-dev",
            "inline_policy": [],
            "managed_policy_arns": [
              "arn:aws:iam::233925838033:policy/policy-appma-projects-delete-by-id-dev",
              "arn:aws:iam::aws:policy/service-role/AWSLambdaBasicExecutionRole"
            ],
            "max_session_duration": 3600,
            "name": "role-appma-projects-delete-by-id-dev",
            "name_prefix": "",
            "path": "/",
            "permissions_boundary": "",
            "tags": {},
            "tags_all": {
              "iac": "terraform"
            },
            "unique_id": "AROATM5YRATIZH7JV5VRS"
          },
          "sensitive_attributes": [],
          "private": "bnVsbA==",
          "dependencies": [
            "module.api_gateway.aws_apigatewayv2_api.main",
            "module.api_gateway.aws_apigatewayv2_stage.dev",
            "module.api_gateway.aws_cloudwatch_log_group.main_api_gw",
            "module.projects_dynamodb.aws_dynamodb_table.customers-dynamodb-table"
          ]
        }
      ]
    },
    {
      "module": "module.api_gateway_resources_projects_delete",
      "mode": "managed",
      "type": "aws_iam_role_policy_attachment",
      "name": "lambda_attachements",
      "provider": "provider[\"registry.terraform.io/hashicorp/aws\"]",
      "instances": [
        {
          "schema_version": 0,
          "attributes": {
            "id": "role-appma-projects-delete-by-id-dev-2024111221104631440000000d",
            "policy_arn": "arn:aws:iam::233925838033:policy/policy-appma-projects-delete-by-id-dev",
            "role": "role-appma-projects-delete-by-id-dev"
          },
          "sensitive_attributes": [],
          "private": "bnVsbA==",
          "dependencies": [
            "module.api_gateway.aws_apigatewayv2_api.main",
            "module.api_gateway.aws_apigatewayv2_stage.dev",
            "module.api_gateway.aws_cloudwatch_log_group.main_api_gw",
            "module.api_gateway_resources_projects_delete.aws_iam_policy.dynamodb_lambda_policy",
            "module.api_gateway_resources_projects_delete.aws_iam_role.lambda_role",
            "module.api_gateway_resources_projects_delete.data.aws_caller_identity.current",
            "module.api_gateway_resources_projects_delete.data.aws_iam_policy_document.lambda_policy_document",
            "module.api_gateway_resources_projects_delete.data.aws_region.current",
            "module.projects_dynamodb.aws_dynamodb_table.customers-dynamodb-table"
          ]
        }
      ]
    },
    {
      "module": "module.api_gateway_resources_projects_delete",
      "mode": "managed",
      "type": "aws_iam_role_policy_attachment",
      "name": "lambda_role_policy",
      "provider": "provider[\"registry.terraform.io/hashicorp/aws\"]",
      "instances": [
        {
          "schema_version": 0,
          "attributes": {
            "id": "role-appma-projects-delete-by-id-dev-20241112211045925500000009",
            "policy_arn": "arn:aws:iam::aws:policy/service-role/AWSLambdaBasicExecutionRole",
            "role": "role-appma-projects-delete-by-id-dev"
          },
          "sensitive_attributes": [],
          "private": "bnVsbA==",
          "dependencies": [
            "module.api_gateway.aws_apigatewayv2_api.main",
            "module.api_gateway.aws_apigatewayv2_stage.dev",
            "module.api_gateway.aws_cloudwatch_log_group.main_api_gw",
            "module.api_gateway_resources_projects_delete.aws_iam_role.lambda_role",
            "module.projects_dynamodb.aws_dynamodb_table.customers-dynamodb-table"
          ]
        }
      ]
    },
    {
      "module": "module.api_gateway_resources_projects_delete",
      "mode": "managed",
      "type": "aws_lambda_function",
      "name": "html_lambda",
      "provider": "provider[\"registry.terraform.io/hashicorp/aws\"]",
      "instances": [
        {
          "schema_version": 0,
          "attributes": {
            "architectures": [
              "arm64"
            ],
            "arn": "arn:aws:lambda:us-east-1:233925838033:function:lmb-appma-projects-delete-by-id-dev",
            "code_sha256": "1Lo5QfdFAX1zeJZvGL+1ElE4oqdfJ/yzMgI+h2u8cZw=",
            "code_signing_config_arn": "",
            "dead_letter_config": [],
            "description": "",
            "environment": [],
            "ephemeral_storage": [
              {
                "size": 512
              }
            ],
            "file_system_config": [],
            "filename": "./resources/core/projects-delete-by-id/index.zip",
            "function_name": "lmb-appma-projects-delete-by-id-dev",
            "handler": "index.handler",
            "id": "lmb-appma-projects-delete-by-id-dev",
            "image_config": [],
            "image_uri": "",
            "invoke_arn": "arn:aws:apigateway:us-east-1:lambda:path/2015-03-31/functions/arn:aws:lambda:us-east-1:233925838033:function:lmb-appma-projects-delete-by-id-dev/invocations",
            "kms_key_arn": "",
            "last_modified": "2024-11-14T14:29:00.000+0000",
            "layers": [],
            "logging_config": [
              {
                "application_log_level": "",
                "log_format": "Text",
                "log_group": "/aws/lambda/lmb-appma-projects-delete-by-id-dev",
                "system_log_level": ""
              }
            ],
            "memory_size": 128,
            "package_type": "Zip",
            "publish": false,
            "qualified_arn": "arn:aws:lambda:us-east-1:233925838033:function:lmb-appma-projects-delete-by-id-dev:$LATEST",
            "qualified_invoke_arn": "arn:aws:apigateway:us-east-1:lambda:path/2015-03-31/functions/arn:aws:lambda:us-east-1:233925838033:function:lmb-appma-projects-delete-by-id-dev:$LATEST/invocations",
            "replace_security_groups_on_destroy": null,
            "replacement_security_group_ids": null,
            "reserved_concurrent_executions": -1,
            "role": "arn:aws:iam::233925838033:role/role-appma-projects-delete-by-id-dev",
            "runtime": "nodejs20.x",
            "s3_bucket": null,
            "s3_key": null,
            "s3_object_version": null,
            "signing_job_arn": "",
            "signing_profile_version_arn": "",
            "skip_destroy": false,
            "snap_start": [],
            "source_code_hash": "1Lo5QfdFAX1zeJZvGL+1ElE4oqdfJ/yzMgI+h2u8cZw=",
            "source_code_size": 358912,
            "tags": {
              "component": "projects-delete-by-id",
              "domain": "core",
              "env": "dev"
            },
            "tags_all": {
              "component": "projects-delete-by-id",
              "domain": "core",
              "env": "dev",
              "iac": "terraform"
            },
            "timeout": 30,
            "timeouts": null,
            "tracing_config": [
              {
                "mode": "PassThrough"
              }
            ],
            "version": "$LATEST",
            "vpc_config": []
          },
          "sensitive_attributes": [],
          "private": "eyJlMmJmYjczMC1lY2FhLTExZTYtOGY4OC0zNDM2M2JjN2M0YzAiOnsiY3JlYXRlIjo2MDAwMDAwMDAwMDAsImRlbGV0ZSI6NjAwMDAwMDAwMDAwLCJ1cGRhdGUiOjYwMDAwMDAwMDAwMH19",
          "dependencies": [
            "module.api_gateway.aws_apigatewayv2_api.main",
            "module.api_gateway.aws_apigatewayv2_stage.dev",
            "module.api_gateway.aws_cloudwatch_log_group.main_api_gw",
            "module.api_gateway_resources_projects_delete.aws_iam_role.lambda_role",
            "module.api_gateway_resources_projects_delete.data.archive_file.lambda_package",
            "module.projects_dynamodb.aws_dynamodb_table.customers-dynamodb-table"
          ]
        }
      ]
    },
    {
      "module": "module.api_gateway_resources_projects_delete",
      "mode": "managed",
      "type": "aws_lambda_permission",
      "name": "api_gw",
      "provider": "provider[\"registry.terraform.io/hashicorp/aws\"]",
      "instances": [
        {
          "schema_version": 0,
          "attributes": {
            "action": "lambda:InvokeFunction",
            "event_source_token": null,
            "function_name": "lmb-appma-projects-delete-by-id-dev",
            "function_url_auth_type": null,
            "id": "AllowExecutionFromAPIGateway",
            "principal": "apigateway.amazonaws.com",
            "principal_org_id": null,
            "qualifier": "",
            "source_account": null,
            "source_arn": "arn:aws:execute-api:us-east-1:233925838033:m1hg0o6t7l/*/*",
            "statement_id": "AllowExecutionFromAPIGateway",
            "statement_id_prefix": ""
          },
          "sensitive_attributes": [],
          "private": "bnVsbA==",
          "dependencies": [
            "module.api_gateway.aws_apigatewayv2_api.main",
            "module.api_gateway.aws_apigatewayv2_stage.dev",
            "module.api_gateway.aws_cloudwatch_log_group.main_api_gw",
            "module.api_gateway_resources_projects_delete.aws_iam_role.lambda_role",
            "module.api_gateway_resources_projects_delete.aws_lambda_function.html_lambda",
            "module.api_gateway_resources_projects_delete.data.archive_file.lambda_package",
            "module.api_gateway_resources_projects_delete.data.aws_apigatewayv2_api.selected",
            "module.projects_dynamodb.aws_dynamodb_table.customers-dynamodb-table"
          ]
        }
      ]
    },
    {
      "module": "module.api_gateway_resources_projects_find_all_or_filter",
      "mode": "data",
      "type": "archive_file",
      "name": "lambda_package",
      "provider": "provider[\"registry.terraform.io/hashicorp/archive\"]",
      "instances": [
        {
          "schema_version": 0,
          "attributes": {
            "exclude_symlink_directories": null,
            "excludes": null,
            "id": "be8f74cf7d2aaff0ee18a7ab8694f42acfe6a9a4",
            "output_base64sha256": "14RDFODJ+85QTi9pgcTSD7WGBsAKANmDNJQ9CXNuUmI=",
            "output_base64sha512": "E9w3ca1kknfsY2gvpLcsx5fIkqeHPmC5GNd6RCsgqb4ysUtgyl7Rr693R9EU3KqM+onK2fMbbFx1UVycWSUXvw==",
            "output_file_mode": null,
            "output_md5": "309c3f2d5dd2deab2572b8f7ba39e3ae",
            "output_path": "./resources/core/projects-find-all-or-filter/index.zip",
            "output_sha": "be8f74cf7d2aaff0ee18a7ab8694f42acfe6a9a4",
            "output_sha256": "d7844314e0c9fbce504e2f6981c4d20fb58606c00a00d98334943d09736e5262",
            "output_sha512": "13dc3771ad649277ec63682fa4b72cc797c892a7873e60b918d77a442b20a9be32b14b60ca5ed1afaf7747d114dcaa8cfa89cad9f31b6c5c75515c9c592517bf",
            "output_size": 368639,
            "source": [],
            "source_content": null,
            "source_content_filename": null,
            "source_dir": "./lambdas/core/projects-find-all-or-filter",
            "source_file": null,
            "type": "zip"
          },
          "sensitive_attributes": []
        }
      ]
    },
    {
      "module": "module.api_gateway_resources_projects_find_all_or_filter",
      "mode": "data",
      "type": "aws_apigatewayv2_api",
      "name": "selected",
      "provider": "provider[\"registry.terraform.io/hashicorp/aws\"]",
      "instances": [
        {
          "schema_version": 0,
          "attributes": {
            "api_endpoint": "https://m1hg0o6t7l.execute-api.us-east-1.amazonaws.com",
            "api_id": "m1hg0o6t7l",
            "api_key_selection_expression": "$request.header.x-api-key",
            "arn": "arn:aws:apigateway:us-east-1::/apis/m1hg0o6t7l",
            "cors_configuration": [
              {
                "allow_credentials": false,
                "allow_headers": [
                  "*"
                ],
                "allow_methods": [
                  "DELETE",
                  "GET",
                  "OPTIONS",
                  "POST",
                  "PUT"
                ],
                "allow_origins": [
                  "*",
                  "http://localhost:3000"
                ],
                "expose_headers": [],
                "max_age": 300
              }
            ],
            "description": "api-appma-dev API Gateway",
            "disable_execute_api_endpoint": false,
            "execution_arn": "arn:aws:execute-api:us-east-1:233925838033:m1hg0o6t7l",
            "id": "m1hg0o6t7l",
            "name": "api-appma-dev",
            "protocol_type": "HTTP",
            "route_selection_expression": "$request.method $request.path",
            "tags": {
              "iac": "terraform"
            },
            "version": ""
          },
          "sensitive_attributes": []
        }
      ]
    },
    {
      "module": "module.api_gateway_resources_projects_find_all_or_filter",
      "mode": "data",
      "type": "aws_caller_identity",
      "name": "current",
      "provider": "provider[\"registry.terraform.io/hashicorp/aws\"]",
      "instances": [
        {
          "schema_version": 0,
          "attributes": {
            "account_id": "233925838033",
            "arn": "arn:aws:iam::233925838033:root",
            "id": "233925838033",
            "user_id": "233925838033"
          },
          "sensitive_attributes": []
        }
      ]
    },
    {
      "module": "module.api_gateway_resources_projects_find_all_or_filter",
      "mode": "data",
      "type": "aws_iam_policy_document",
      "name": "lambda_policy_document",
      "provider": "provider[\"registry.terraform.io/hashicorp/aws\"]",
      "instances": [
        {
          "schema_version": 0,
          "attributes": {
            "id": "4210082825",
            "json": "{\n  \"Version\": \"2012-10-17\",\n  \"Statement\": [\n    {\n      \"Effect\": \"Allow\",\n      \"Action\": \"dynamodb:Scan\",\n      \"Resource\": \"arn:aws:dynamodb:us-east-1:233925838033:table/tbl-appma-projects-dev\"\n    }\n  ]\n}",
            "minified_json": "{\"Version\":\"2012-10-17\",\"Statement\":[{\"Effect\":\"Allow\",\"Action\":\"dynamodb:Scan\",\"Resource\":\"arn:aws:dynamodb:us-east-1:233925838033:table/tbl-appma-projects-dev\"}]}",
            "override_json": null,
            "override_policy_documents": null,
            "policy_id": null,
            "source_json": null,
            "source_policy_documents": null,
            "statement": [
              {
                "actions": [
                  "dynamodb:Scan"
                ],
                "condition": [],
                "effect": "Allow",
                "not_actions": [],
                "not_principals": [],
                "not_resources": [],
                "principals": [],
                "resources": [
                  "arn:aws:dynamodb:us-east-1:233925838033:table/tbl-appma-projects-dev"
                ],
                "sid": ""
              }
            ],
            "version": "2012-10-17"
          },
          "sensitive_attributes": []
        }
      ]
    },
    {
      "module": "module.api_gateway_resources_projects_find_all_or_filter",
      "mode": "data",
      "type": "aws_region",
      "name": "current",
      "provider": "provider[\"registry.terraform.io/hashicorp/aws\"]",
      "instances": [
        {
          "schema_version": 0,
          "attributes": {
            "description": "US East (N. Virginia)",
            "endpoint": "ec2.us-east-1.amazonaws.com",
            "id": "us-east-1",
            "name": "us-east-1"
          },
          "sensitive_attributes": []
        }
      ]
    },
    {
      "module": "module.api_gateway_resources_projects_find_all_or_filter",
      "mode": "managed",
      "type": "aws_apigatewayv2_integration",
      "name": "lambda_handler",
      "provider": "provider[\"registry.terraform.io/hashicorp/aws\"]",
      "instances": [
        {
          "schema_version": 0,
          "attributes": {
            "api_id": "m1hg0o6t7l",
            "connection_id": "",
            "connection_type": "INTERNET",
            "content_handling_strategy": "",
            "credentials_arn": "",
            "description": "",
            "id": "v09noi8",
            "integration_method": "POST",
            "integration_response_selection_expression": "",
            "integration_subtype": "",
            "integration_type": "AWS_PROXY",
            "integration_uri": "arn:aws:apigateway:us-east-1:lambda:path/2015-03-31/functions/arn:aws:lambda:us-east-1:233925838033:function:lmb-appma-projects-find-all-or-filter-dev/invocations",
            "passthrough_behavior": "",
            "payload_format_version": "1.0",
            "request_parameters": {},
            "request_templates": {},
            "response_parameters": [],
            "template_selection_expression": "",
            "timeout_milliseconds": 30000,
            "tls_config": []
          },
          "sensitive_attributes": [],
          "private": "bnVsbA==",
          "dependencies": [
            "module.api_gateway.aws_apigatewayv2_api.main",
            "module.api_gateway.aws_apigatewayv2_stage.dev",
            "module.api_gateway.aws_cloudwatch_log_group.main_api_gw",
            "module.api_gateway_resources_projects_find_all_or_filter.aws_iam_role.lambda_role",
            "module.api_gateway_resources_projects_find_all_or_filter.aws_lambda_function.html_lambda",
            "module.api_gateway_resources_projects_find_all_or_filter.data.archive_file.lambda_package",
            "module.api_gateway_resources_projects_find_all_or_filter.data.aws_apigatewayv2_api.selected",
            "module.projects_dynamodb.aws_dynamodb_table.customers-dynamodb-table"
          ]
        }
      ]
    },
    {
      "module": "module.api_gateway_resources_projects_find_all_or_filter",
      "mode": "managed",
      "type": "aws_apigatewayv2_route",
      "name": "post_handler",
      "provider": "provider[\"registry.terraform.io/hashicorp/aws\"]",
      "instances": [
        {
          "schema_version": 0,
          "attributes": {
            "api_id": "m1hg0o6t7l",
            "api_key_required": false,
            "authorization_scopes": [],
            "authorization_type": "CUSTOM",
            "authorizer_id": "0lfrxe",
            "id": "ef8y3ni",
            "model_selection_expression": "",
            "operation_name": "",
            "request_models": {},
            "request_parameter": [],
            "route_key": "GET /api/v1/projects",
            "route_response_selection_expression": "",
            "target": "integrations/v09noi8"
          },
          "sensitive_attributes": [],
          "private": "bnVsbA==",
          "dependencies": [
            "module.api_gateway.aws_apigatewayv2_api.main",
            "module.api_gateway.aws_apigatewayv2_stage.dev",
            "module.api_gateway.aws_cloudwatch_log_group.main_api_gw",
            "module.api_gateway_resources_projects_find_all_or_filter.aws_apigatewayv2_integration.lambda_handler",
            "module.api_gateway_resources_projects_find_all_or_filter.aws_iam_role.lambda_role",
            "module.api_gateway_resources_projects_find_all_or_filter.aws_lambda_function.html_lambda",
            "module.api_gateway_resources_projects_find_all_or_filter.data.archive_file.lambda_package",
            "module.api_gateway_resources_projects_find_all_or_filter.data.aws_apigatewayv2_api.selected",
            "module.api_gateway_resources_security_authorizer.aws_apigatewayv2_authorizer.header_based_authorizer",
            "module.api_gateway_resources_security_authorizer.aws_iam_role.lambda_role",
            "module.api_gateway_resources_security_authorizer.aws_lambda_function.html_lambda",
            "module.api_gateway_resources_security_authorizer.data.archive_file.lambda_package",
            "module.api_gateway_resources_security_authorizer.data.aws_apigatewayv2_api.selected",
            "module.projects_dynamodb.aws_dynamodb_table.customers-dynamodb-table"
          ]
        }
      ]
    },
    {
      "module": "module.api_gateway_resources_projects_find_all_or_filter",
      "mode": "managed",
      "type": "aws_cloudwatch_log_group",
      "name": "html_loggroup_lambda",
      "provider": "provider[\"registry.terraform.io/hashicorp/aws\"]",
      "instances": [
        {
          "schema_version": 0,
          "attributes": {
            "arn": "arn:aws:logs:us-east-1:233925838033:log-group:/aws/lambda/lmb-appma-projects-find-all-or-filter-dev",
            "id": "/aws/lambda/lmb-appma-projects-find-all-or-filter-dev",
            "kms_key_id": "",
            "log_group_class": "STANDARD",
            "name": "/aws/lambda/lmb-appma-projects-find-all-or-filter-dev",
            "name_prefix": "",
            "retention_in_days": 0,
            "skip_destroy": false,
            "tags": {},
            "tags_all": {
              "iac": "terraform"
            }
          },
          "sensitive_attributes": [],
          "private": "bnVsbA==",
          "dependencies": [
            "module.api_gateway.aws_apigatewayv2_api.main",
            "module.api_gateway.aws_apigatewayv2_stage.dev",
            "module.api_gateway.aws_cloudwatch_log_group.main_api_gw",
            "module.api_gateway_resources_projects_find_all_or_filter.aws_iam_role.lambda_role",
            "module.api_gateway_resources_projects_find_all_or_filter.aws_lambda_function.html_lambda",
            "module.api_gateway_resources_projects_find_all_or_filter.data.archive_file.lambda_package",
            "module.projects_dynamodb.aws_dynamodb_table.customers-dynamodb-table"
          ]
        }
      ]
    },
    {
      "module": "module.api_gateway_resources_projects_find_all_or_filter",
      "mode": "managed",
      "type": "aws_iam_policy",
      "name": "dynamodb_lambda_policy",
      "provider": "provider[\"registry.terraform.io/hashicorp/aws\"]",
      "instances": [
        {
          "schema_version": 0,
          "attributes": {
            "arn": "arn:aws:iam::233925838033:policy/policy-appma-projects-find-all-or-filter-dev",
            "attachment_count": 1,
            "description": "This policy will be used by the lambda to write get data from DynamoDB",
            "id": "arn:aws:iam::233925838033:policy/policy-appma-projects-find-all-or-filter-dev",
            "name": "policy-appma-projects-find-all-or-filter-dev",
            "name_prefix": "",
            "path": "/",
            "policy": "{\"Statement\":[{\"Action\":\"dynamodb:Scan\",\"Effect\":\"Allow\",\"Resource\":\"arn:aws:dynamodb:us-east-1:233925838033:table/tbl-appma-projects-dev\"}],\"Version\":\"2012-10-17\"}",
            "policy_id": "ANPATM5YRATISZ7MGPJHQ",
            "tags": {},
            "tags_all": {
              "iac": "terraform"
            }
          },
          "sensitive_attributes": [],
          "private": "bnVsbA==",
          "dependencies": [
            "module.api_gateway.aws_apigatewayv2_api.main",
            "module.api_gateway.aws_apigatewayv2_stage.dev",
            "module.api_gateway.aws_cloudwatch_log_group.main_api_gw",
            "module.api_gateway_resources_projects_find_all_or_filter.data.aws_caller_identity.current",
            "module.api_gateway_resources_projects_find_all_or_filter.data.aws_iam_policy_document.lambda_policy_document",
            "module.api_gateway_resources_projects_find_all_or_filter.data.aws_region.current",
            "module.projects_dynamodb.aws_dynamodb_table.customers-dynamodb-table"
          ]
        }
      ]
    },
    {
      "module": "module.api_gateway_resources_projects_find_all_or_filter",
      "mode": "managed",
      "type": "aws_iam_role",
      "name": "lambda_role",
      "provider": "provider[\"registry.terraform.io/hashicorp/aws\"]",
      "instances": [
        {
          "schema_version": 0,
          "attributes": {
            "arn": "arn:aws:iam::233925838033:role/role-appma-projects-find-all-or-filter-dev",
            "assume_role_policy": "{\"Statement\":[{\"Action\":\"sts:AssumeRole\",\"Effect\":\"Allow\",\"Principal\":{\"Service\":\"lambda.amazonaws.com\"}}],\"Version\":\"2012-10-17\"}",
            "create_date": "2024-11-12T21:10:44Z",
            "description": "",
            "force_detach_policies": false,
            "id": "role-appma-projects-find-all-or-filter-dev",
            "inline_policy": [],
            "managed_policy_arns": [
              "arn:aws:iam::233925838033:policy/policy-appma-projects-find-all-or-filter-dev",
              "arn:aws:iam::aws:policy/service-role/AWSLambdaBasicExecutionRole"
            ],
            "max_session_duration": 3600,
            "name": "role-appma-projects-find-all-or-filter-dev",
            "name_prefix": "",
            "path": "/",
            "permissions_boundary": "",
            "tags": {},
            "tags_all": {
              "iac": "terraform"
            },
            "unique_id": "AROATM5YRATIVLRYZB27N"
          },
          "sensitive_attributes": [],
          "private": "bnVsbA==",
          "dependencies": [
            "module.api_gateway.aws_apigatewayv2_api.main",
            "module.api_gateway.aws_apigatewayv2_stage.dev",
            "module.api_gateway.aws_cloudwatch_log_group.main_api_gw",
            "module.projects_dynamodb.aws_dynamodb_table.customers-dynamodb-table"
          ]
        }
      ]
    },
    {
      "module": "module.api_gateway_resources_projects_find_all_or_filter",
      "mode": "managed",
      "type": "aws_iam_role_policy_attachment",
      "name": "lambda_attachements",
      "provider": "provider[\"registry.terraform.io/hashicorp/aws\"]",
      "instances": [
        {
          "schema_version": 0,
          "attributes": {
            "id": "role-appma-projects-find-all-or-filter-dev-2024111221104619430000000c",
            "policy_arn": "arn:aws:iam::233925838033:policy/policy-appma-projects-find-all-or-filter-dev",
            "role": "role-appma-projects-find-all-or-filter-dev"
          },
          "sensitive_attributes": [],
          "private": "bnVsbA==",
          "dependencies": [
            "module.api_gateway.aws_apigatewayv2_api.main",
            "module.api_gateway.aws_apigatewayv2_stage.dev",
            "module.api_gateway.aws_cloudwatch_log_group.main_api_gw",
            "module.api_gateway_resources_projects_find_all_or_filter.aws_iam_policy.dynamodb_lambda_policy",
            "module.api_gateway_resources_projects_find_all_or_filter.aws_iam_role.lambda_role",
            "module.api_gateway_resources_projects_find_all_or_filter.data.aws_caller_identity.current",
            "module.api_gateway_resources_projects_find_all_or_filter.data.aws_iam_policy_document.lambda_policy_document",
            "module.api_gateway_resources_projects_find_all_or_filter.data.aws_region.current",
            "module.projects_dynamodb.aws_dynamodb_table.customers-dynamodb-table"
          ]
        }
      ]
    },
    {
      "module": "module.api_gateway_resources_projects_find_all_or_filter",
      "mode": "managed",
      "type": "aws_iam_role_policy_attachment",
      "name": "lambda_role_policy",
      "provider": "provider[\"registry.terraform.io/hashicorp/aws\"]",
      "instances": [
        {
          "schema_version": 0,
          "attributes": {
            "id": "role-appma-projects-find-all-or-filter-dev-20241112211045610300000004",
            "policy_arn": "arn:aws:iam::aws:policy/service-role/AWSLambdaBasicExecutionRole",
            "role": "role-appma-projects-find-all-or-filter-dev"
          },
          "sensitive_attributes": [],
          "private": "bnVsbA==",
          "dependencies": [
            "module.api_gateway.aws_apigatewayv2_api.main",
            "module.api_gateway.aws_apigatewayv2_stage.dev",
            "module.api_gateway.aws_cloudwatch_log_group.main_api_gw",
            "module.api_gateway_resources_projects_find_all_or_filter.aws_iam_role.lambda_role",
            "module.projects_dynamodb.aws_dynamodb_table.customers-dynamodb-table"
          ]
        }
      ]
    },
    {
      "module": "module.api_gateway_resources_projects_find_all_or_filter",
      "mode": "managed",
      "type": "aws_lambda_function",
      "name": "html_lambda",
      "provider": "provider[\"registry.terraform.io/hashicorp/aws\"]",
      "instances": [
        {
          "schema_version": 0,
          "attributes": {
            "architectures": [
              "arm64"
            ],
            "arn": "arn:aws:lambda:us-east-1:233925838033:function:lmb-appma-projects-find-all-or-filter-dev",
            "code_sha256": "14RDFODJ+85QTi9pgcTSD7WGBsAKANmDNJQ9CXNuUmI=",
            "code_signing_config_arn": "",
            "dead_letter_config": [],
            "description": "",
            "environment": [],
            "ephemeral_storage": [
              {
                "size": 512
              }
            ],
            "file_system_config": [],
            "filename": "./resources/core/projects-find-all-or-filter/index.zip",
            "function_name": "lmb-appma-projects-find-all-or-filter-dev",
            "handler": "index.handler",
            "id": "lmb-appma-projects-find-all-or-filter-dev",
            "image_config": [],
            "image_uri": "",
            "invoke_arn": "arn:aws:apigateway:us-east-1:lambda:path/2015-03-31/functions/arn:aws:lambda:us-east-1:233925838033:function:lmb-appma-projects-find-all-or-filter-dev/invocations",
            "kms_key_arn": "",
            "last_modified": "2024-11-14T14:29:20.000+0000",
            "layers": [],
            "logging_config": [
              {
                "application_log_level": "",
                "log_format": "Text",
                "log_group": "/aws/lambda/lmb-appma-projects-find-all-or-filter-dev",
                "system_log_level": ""
              }
            ],
            "memory_size": 128,
            "package_type": "Zip",
            "publish": false,
            "qualified_arn": "arn:aws:lambda:us-east-1:233925838033:function:lmb-appma-projects-find-all-or-filter-dev:$LATEST",
            "qualified_invoke_arn": "arn:aws:apigateway:us-east-1:lambda:path/2015-03-31/functions/arn:aws:lambda:us-east-1:233925838033:function:lmb-appma-projects-find-all-or-filter-dev:$LATEST/invocations",
            "replace_security_groups_on_destroy": null,
            "replacement_security_group_ids": null,
            "reserved_concurrent_executions": -1,
            "role": "arn:aws:iam::233925838033:role/role-appma-projects-find-all-or-filter-dev",
            "runtime": "nodejs20.x",
            "s3_bucket": null,
            "s3_key": null,
            "s3_object_version": null,
            "signing_job_arn": "",
            "signing_profile_version_arn": "",
            "skip_destroy": false,
            "snap_start": [],
            "source_code_hash": "14RDFODJ+85QTi9pgcTSD7WGBsAKANmDNJQ9CXNuUmI=",
            "source_code_size": 368639,
            "tags": {
              "component": "projects-find-all-or-filter",
              "domain": "core",
              "env": "dev"
            },
            "tags_all": {
              "component": "projects-find-all-or-filter",
              "domain": "core",
              "env": "dev",
              "iac": "terraform"
            },
            "timeout": 30,
            "timeouts": null,
            "tracing_config": [
              {
                "mode": "PassThrough"
              }
            ],
            "version": "$LATEST",
            "vpc_config": []
          },
          "sensitive_attributes": [],
          "private": "eyJlMmJmYjczMC1lY2FhLTExZTYtOGY4OC0zNDM2M2JjN2M0YzAiOnsiY3JlYXRlIjo2MDAwMDAwMDAwMDAsImRlbGV0ZSI6NjAwMDAwMDAwMDAwLCJ1cGRhdGUiOjYwMDAwMDAwMDAwMH19",
          "dependencies": [
            "module.api_gateway.aws_apigatewayv2_api.main",
            "module.api_gateway.aws_apigatewayv2_stage.dev",
            "module.api_gateway.aws_cloudwatch_log_group.main_api_gw",
            "module.api_gateway_resources_projects_find_all_or_filter.aws_iam_role.lambda_role",
            "module.api_gateway_resources_projects_find_all_or_filter.data.archive_file.lambda_package",
            "module.projects_dynamodb.aws_dynamodb_table.customers-dynamodb-table"
          ]
        }
      ]
    },
    {
      "module": "module.api_gateway_resources_projects_find_all_or_filter",
      "mode": "managed",
      "type": "aws_lambda_permission",
      "name": "api_gw",
      "provider": "provider[\"registry.terraform.io/hashicorp/aws\"]",
      "instances": [
        {
          "schema_version": 0,
          "attributes": {
            "action": "lambda:InvokeFunction",
            "event_source_token": null,
            "function_name": "lmb-appma-projects-find-all-or-filter-dev",
            "function_url_auth_type": null,
            "id": "AllowExecutionFromAPIGateway",
            "principal": "apigateway.amazonaws.com",
            "principal_org_id": null,
            "qualifier": "",
            "source_account": null,
            "source_arn": "arn:aws:execute-api:us-east-1:233925838033:m1hg0o6t7l/*/*",
            "statement_id": "AllowExecutionFromAPIGateway",
            "statement_id_prefix": ""
          },
          "sensitive_attributes": [],
          "private": "bnVsbA==",
          "dependencies": [
            "module.api_gateway.aws_apigatewayv2_api.main",
            "module.api_gateway.aws_apigatewayv2_stage.dev",
            "module.api_gateway.aws_cloudwatch_log_group.main_api_gw",
            "module.api_gateway_resources_projects_find_all_or_filter.aws_iam_role.lambda_role",
            "module.api_gateway_resources_projects_find_all_or_filter.aws_lambda_function.html_lambda",
            "module.api_gateway_resources_projects_find_all_or_filter.data.archive_file.lambda_package",
            "module.api_gateway_resources_projects_find_all_or_filter.data.aws_apigatewayv2_api.selected",
            "module.projects_dynamodb.aws_dynamodb_table.customers-dynamodb-table"
          ]
        }
      ]
    },
    {
      "module": "module.api_gateway_resources_projects_find_by_id",
      "mode": "data",
      "type": "archive_file",
      "name": "lambda_package",
      "provider": "provider[\"registry.terraform.io/hashicorp/archive\"]",
      "instances": [
        {
          "schema_version": 0,
          "attributes": {
            "exclude_symlink_directories": null,
            "excludes": null,
            "id": "7134bb4786a7023ee3cb52f63d4a4292ad7aa0f0",
            "output_base64sha256": "PqTZpN/uRR8A+AUQEr2Vziqotq5byNzIGt4FP3Kfj3E=",
            "output_base64sha512": "1eN0bqLU1qtVXapduivTzscgn+9jmPub5H3WiQE2V8a48LDrJe6cfdXv5a3u2whqouk6aoa4tIgGnPc1uAXcMQ==",
            "output_file_mode": null,
            "output_md5": "5e56a446567aacef76999e83150ec7c7",
            "output_path": "./resources/core/projects-find-by-id/index.zip",
            "output_sha": "7134bb4786a7023ee3cb52f63d4a4292ad7aa0f0",
            "output_sha256": "3ea4d9a4dfee451f00f8051012bd95ce2aa8b6ae5bc8dcc81ade053f729f8f71",
            "output_sha512": "d5e3746ea2d4d6ab555daa5dba2bd3cec7209fef6398fb9be47dd689013657c6b8f0b0eb25ee9c7dd5efe5adeedb086aa2e93a6a86b8b488069cf735b805dc31",
            "output_size": 359290,
            "source": [],
            "source_content": null,
            "source_content_filename": null,
            "source_dir": "./lambdas/core/projects-find-by-id",
            "source_file": null,
            "type": "zip"
          },
          "sensitive_attributes": []
        }
      ]
    },
    {
      "module": "module.api_gateway_resources_projects_find_by_id",
      "mode": "data",
      "type": "aws_apigatewayv2_api",
      "name": "selected",
      "provider": "provider[\"registry.terraform.io/hashicorp/aws\"]",
      "instances": [
        {
          "schema_version": 0,
          "attributes": {
            "api_endpoint": "https://m1hg0o6t7l.execute-api.us-east-1.amazonaws.com",
            "api_id": "m1hg0o6t7l",
            "api_key_selection_expression": "$request.header.x-api-key",
            "arn": "arn:aws:apigateway:us-east-1::/apis/m1hg0o6t7l",
            "cors_configuration": [
              {
                "allow_credentials": false,
                "allow_headers": [
                  "*"
                ],
                "allow_methods": [
                  "DELETE",
                  "GET",
                  "OPTIONS",
                  "POST",
                  "PUT"
                ],
                "allow_origins": [
                  "*",
                  "http://localhost:3000"
                ],
                "expose_headers": [],
                "max_age": 300
              }
            ],
            "description": "api-appma-dev API Gateway",
            "disable_execute_api_endpoint": false,
            "execution_arn": "arn:aws:execute-api:us-east-1:233925838033:m1hg0o6t7l",
            "id": "m1hg0o6t7l",
            "name": "api-appma-dev",
            "protocol_type": "HTTP",
            "route_selection_expression": "$request.method $request.path",
            "tags": {
              "iac": "terraform"
            },
            "version": ""
          },
          "sensitive_attributes": []
        }
      ]
    },
    {
      "module": "module.api_gateway_resources_projects_find_by_id",
      "mode": "data",
      "type": "aws_caller_identity",
      "name": "current",
      "provider": "provider[\"registry.terraform.io/hashicorp/aws\"]",
      "instances": [
        {
          "schema_version": 0,
          "attributes": {
            "account_id": "233925838033",
            "arn": "arn:aws:iam::233925838033:root",
            "id": "233925838033",
            "user_id": "233925838033"
          },
          "sensitive_attributes": []
        }
      ]
    },
    {
      "module": "module.api_gateway_resources_projects_find_by_id",
      "mode": "data",
      "type": "aws_iam_policy_document",
      "name": "lambda_policy_document",
      "provider": "provider[\"registry.terraform.io/hashicorp/aws\"]",
      "instances": [
        {
          "schema_version": 0,
          "attributes": {
            "id": "2473579723",
            "json": "{\n  \"Version\": \"2012-10-17\",\n  \"Statement\": [\n    {\n      \"Effect\": \"Allow\",\n      \"Action\": \"dynamodb:GetItem\",\n      \"Resource\": \"arn:aws:dynamodb:us-east-1:233925838033:table/tbl-appma-projects-dev\"\n    }\n  ]\n}",
            "minified_json": "{\"Version\":\"2012-10-17\",\"Statement\":[{\"Effect\":\"Allow\",\"Action\":\"dynamodb:GetItem\",\"Resource\":\"arn:aws:dynamodb:us-east-1:233925838033:table/tbl-appma-projects-dev\"}]}",
            "override_json": null,
            "override_policy_documents": null,
            "policy_id": null,
            "source_json": null,
            "source_policy_documents": null,
            "statement": [
              {
                "actions": [
                  "dynamodb:GetItem"
                ],
                "condition": [],
                "effect": "Allow",
                "not_actions": [],
                "not_principals": [],
                "not_resources": [],
                "principals": [],
                "resources": [
                  "arn:aws:dynamodb:us-east-1:233925838033:table/tbl-appma-projects-dev"
                ],
                "sid": ""
              }
            ],
            "version": "2012-10-17"
          },
          "sensitive_attributes": []
        }
      ]
    },
    {
      "module": "module.api_gateway_resources_projects_find_by_id",
      "mode": "data",
      "type": "aws_region",
      "name": "current",
      "provider": "provider[\"registry.terraform.io/hashicorp/aws\"]",
      "instances": [
        {
          "schema_version": 0,
          "attributes": {
            "description": "US East (N. Virginia)",
            "endpoint": "ec2.us-east-1.amazonaws.com",
            "id": "us-east-1",
            "name": "us-east-1"
          },
          "sensitive_attributes": []
        }
      ]
    },
    {
      "module": "module.api_gateway_resources_projects_find_by_id",
      "mode": "managed",
      "type": "aws_apigatewayv2_integration",
      "name": "lambda_handler",
      "provider": "provider[\"registry.terraform.io/hashicorp/aws\"]",
      "instances": [
        {
          "schema_version": 0,
          "attributes": {
            "api_id": "m1hg0o6t7l",
            "connection_id": "",
            "connection_type": "INTERNET",
            "content_handling_strategy": "",
            "credentials_arn": "",
            "description": "",
            "id": "x5umerm",
            "integration_method": "POST",
            "integration_response_selection_expression": "",
            "integration_subtype": "",
            "integration_type": "AWS_PROXY",
            "integration_uri": "arn:aws:apigateway:us-east-1:lambda:path/2015-03-31/functions/arn:aws:lambda:us-east-1:233925838033:function:lmb-appma-projects-find-by-id-dev/invocations",
            "passthrough_behavior": "",
            "payload_format_version": "1.0",
            "request_parameters": {},
            "request_templates": {},
            "response_parameters": [],
            "template_selection_expression": "",
            "timeout_milliseconds": 30000,
            "tls_config": []
          },
          "sensitive_attributes": [],
          "private": "bnVsbA==",
          "dependencies": [
            "module.api_gateway.aws_apigatewayv2_api.main",
            "module.api_gateway.aws_apigatewayv2_stage.dev",
            "module.api_gateway.aws_cloudwatch_log_group.main_api_gw",
            "module.api_gateway_resources_projects_find_by_id.aws_iam_role.lambda_role",
            "module.api_gateway_resources_projects_find_by_id.aws_lambda_function.html_lambda",
            "module.api_gateway_resources_projects_find_by_id.data.archive_file.lambda_package",
            "module.api_gateway_resources_projects_find_by_id.data.aws_apigatewayv2_api.selected",
            "module.projects_dynamodb.aws_dynamodb_table.customers-dynamodb-table"
          ]
        }
      ]
    },
    {
      "module": "module.api_gateway_resources_projects_find_by_id",
      "mode": "managed",
      "type": "aws_apigatewayv2_route",
      "name": "post_handler",
      "provider": "provider[\"registry.terraform.io/hashicorp/aws\"]",
      "instances": [
        {
          "schema_version": 0,
          "attributes": {
            "api_id": "m1hg0o6t7l",
            "api_key_required": false,
            "authorization_scopes": [],
            "authorization_type": "CUSTOM",
            "authorizer_id": "0lfrxe",
            "id": "az4wxei",
            "model_selection_expression": "",
            "operation_name": "",
            "request_models": {},
            "request_parameter": [],
            "route_key": "GET /api/v1/projects/{id}",
            "route_response_selection_expression": "",
            "target": "integrations/x5umerm"
          },
          "sensitive_attributes": [],
          "private": "bnVsbA==",
          "dependencies": [
            "module.api_gateway.aws_apigatewayv2_api.main",
            "module.api_gateway.aws_apigatewayv2_stage.dev",
            "module.api_gateway.aws_cloudwatch_log_group.main_api_gw",
            "module.api_gateway_resources_projects_find_by_id.aws_apigatewayv2_integration.lambda_handler",
            "module.api_gateway_resources_projects_find_by_id.aws_iam_role.lambda_role",
            "module.api_gateway_resources_projects_find_by_id.aws_lambda_function.html_lambda",
            "module.api_gateway_resources_projects_find_by_id.data.archive_file.lambda_package",
            "module.api_gateway_resources_projects_find_by_id.data.aws_apigatewayv2_api.selected",
            "module.api_gateway_resources_security_authorizer.aws_apigatewayv2_authorizer.header_based_authorizer",
            "module.api_gateway_resources_security_authorizer.aws_iam_role.lambda_role",
            "module.api_gateway_resources_security_authorizer.aws_lambda_function.html_lambda",
            "module.api_gateway_resources_security_authorizer.data.archive_file.lambda_package",
            "module.api_gateway_resources_security_authorizer.data.aws_apigatewayv2_api.selected",
            "module.projects_dynamodb.aws_dynamodb_table.customers-dynamodb-table"
          ]
        }
      ]
    },
    {
      "module": "module.api_gateway_resources_projects_find_by_id",
      "mode": "managed",
      "type": "aws_cloudwatch_log_group",
      "name": "html_loggroup_lambda",
      "provider": "provider[\"registry.terraform.io/hashicorp/aws\"]",
      "instances": [
        {
          "schema_version": 0,
          "attributes": {
            "arn": "arn:aws:logs:us-east-1:233925838033:log-group:/aws/lambda/lmb-appma-projects-find-by-id-dev",
            "id": "/aws/lambda/lmb-appma-projects-find-by-id-dev",
            "kms_key_id": "",
            "log_group_class": "STANDARD",
            "name": "/aws/lambda/lmb-appma-projects-find-by-id-dev",
            "name_prefix": "",
            "retention_in_days": 0,
            "skip_destroy": false,
            "tags": {},
            "tags_all": {
              "iac": "terraform"
            }
          },
          "sensitive_attributes": [],
          "private": "bnVsbA==",
          "dependencies": [
            "module.api_gateway.aws_apigatewayv2_api.main",
            "module.api_gateway.aws_apigatewayv2_stage.dev",
            "module.api_gateway.aws_cloudwatch_log_group.main_api_gw",
            "module.api_gateway_resources_projects_find_by_id.aws_iam_role.lambda_role",
            "module.api_gateway_resources_projects_find_by_id.aws_lambda_function.html_lambda",
            "module.api_gateway_resources_projects_find_by_id.data.archive_file.lambda_package",
            "module.projects_dynamodb.aws_dynamodb_table.customers-dynamodb-table"
          ]
        }
      ]
    },
    {
      "module": "module.api_gateway_resources_projects_find_by_id",
      "mode": "managed",
      "type": "aws_iam_policy",
      "name": "dynamodb_lambda_policy",
      "provider": "provider[\"registry.terraform.io/hashicorp/aws\"]",
      "instances": [
        {
          "schema_version": 0,
          "attributes": {
            "arn": "arn:aws:iam::233925838033:policy/policy-appma-projects-find-by-id-dev",
            "attachment_count": 1,
            "description": "This policy will be used by the lambda to write get data from DynamoDB",
            "id": "arn:aws:iam::233925838033:policy/policy-appma-projects-find-by-id-dev",
            "name": "policy-appma-projects-find-by-id-dev",
            "name_prefix": "",
            "path": "/",
            "policy": "{\"Statement\":[{\"Action\":\"dynamodb:GetItem\",\"Effect\":\"Allow\",\"Resource\":\"arn:aws:dynamodb:us-east-1:233925838033:table/tbl-appma-projects-dev\"}],\"Version\":\"2012-10-17\"}",
            "policy_id": "ANPATM5YRATI7DOJXT6CA",
            "tags": {},
            "tags_all": {
              "iac": "terraform"
            }
          },
          "sensitive_attributes": [],
          "private": "bnVsbA==",
          "dependencies": [
            "module.api_gateway.aws_apigatewayv2_api.main",
            "module.api_gateway.aws_apigatewayv2_stage.dev",
            "module.api_gateway.aws_cloudwatch_log_group.main_api_gw",
            "module.api_gateway_resources_projects_find_by_id.data.aws_caller_identity.current",
            "module.api_gateway_resources_projects_find_by_id.data.aws_iam_policy_document.lambda_policy_document",
            "module.api_gateway_resources_projects_find_by_id.data.aws_region.current",
            "module.projects_dynamodb.aws_dynamodb_table.customers-dynamodb-table"
          ]
        }
      ]
    },
    {
      "module": "module.api_gateway_resources_projects_find_by_id",
      "mode": "managed",
      "type": "aws_iam_role",
      "name": "lambda_role",
      "provider": "provider[\"registry.terraform.io/hashicorp/aws\"]",
      "instances": [
        {
          "schema_version": 0,
          "attributes": {
            "arn": "arn:aws:iam::233925838033:role/role-appma-projects-find-by-id-dev",
            "assume_role_policy": "{\"Statement\":[{\"Action\":\"sts:AssumeRole\",\"Effect\":\"Allow\",\"Principal\":{\"Service\":\"lambda.amazonaws.com\"}}],\"Version\":\"2012-10-17\"}",
            "create_date": "2024-11-12T21:10:45Z",
            "description": "",
            "force_detach_policies": false,
            "id": "role-appma-projects-find-by-id-dev",
            "inline_policy": [],
            "managed_policy_arns": [
              "arn:aws:iam::233925838033:policy/policy-appma-projects-find-by-id-dev",
              "arn:aws:iam::aws:policy/service-role/AWSLambdaBasicExecutionRole"
            ],
            "max_session_duration": 3600,
            "name": "role-appma-projects-find-by-id-dev",
            "name_prefix": "",
            "path": "/",
            "permissions_boundary": "",
            "tags": {},
            "tags_all": {
              "iac": "terraform"
            },
            "unique_id": "AROATM5YRATI2GIOPU3XF"
          },
          "sensitive_attributes": [],
          "private": "bnVsbA==",
          "dependencies": [
            "module.api_gateway.aws_apigatewayv2_api.main",
            "module.api_gateway.aws_apigatewayv2_stage.dev",
            "module.api_gateway.aws_cloudwatch_log_group.main_api_gw",
            "module.projects_dynamodb.aws_dynamodb_table.customers-dynamodb-table"
          ]
        }
      ]
    },
    {
      "module": "module.api_gateway_resources_projects_find_by_id",
      "mode": "managed",
      "type": "aws_iam_role_policy_attachment",
      "name": "lambda_attachements",
      "provider": "provider[\"registry.terraform.io/hashicorp/aws\"]",
      "instances": [
        {
          "schema_version": 0,
          "attributes": {
            "id": "role-appma-projects-find-by-id-dev-2024111221104614940000000a",
            "policy_arn": "arn:aws:iam::233925838033:policy/policy-appma-projects-find-by-id-dev",
            "role": "role-appma-projects-find-by-id-dev"
          },
          "sensitive_attributes": [],
          "private": "bnVsbA==",
          "dependencies": [
            "module.api_gateway.aws_apigatewayv2_api.main",
            "module.api_gateway.aws_apigatewayv2_stage.dev",
            "module.api_gateway.aws_cloudwatch_log_group.main_api_gw",
            "module.api_gateway_resources_projects_find_by_id.aws_iam_policy.dynamodb_lambda_policy",
            "module.api_gateway_resources_projects_find_by_id.aws_iam_role.lambda_role",
            "module.api_gateway_resources_projects_find_by_id.data.aws_caller_identity.current",
            "module.api_gateway_resources_projects_find_by_id.data.aws_iam_policy_document.lambda_policy_document",
            "module.api_gateway_resources_projects_find_by_id.data.aws_region.current",
            "module.projects_dynamodb.aws_dynamodb_table.customers-dynamodb-table"
          ]
        }
      ]
    },
    {
      "module": "module.api_gateway_resources_projects_find_by_id",
      "mode": "managed",
      "type": "aws_iam_role_policy_attachment",
      "name": "lambda_role_policy",
      "provider": "provider[\"registry.terraform.io/hashicorp/aws\"]",
      "instances": [
        {
          "schema_version": 0,
          "attributes": {
            "id": "role-appma-projects-find-by-id-dev-20241112211045907800000007",
            "policy_arn": "arn:aws:iam::aws:policy/service-role/AWSLambdaBasicExecutionRole",
            "role": "role-appma-projects-find-by-id-dev"
          },
          "sensitive_attributes": [],
          "private": "bnVsbA==",
          "dependencies": [
            "module.api_gateway.aws_apigatewayv2_api.main",
            "module.api_gateway.aws_apigatewayv2_stage.dev",
            "module.api_gateway.aws_cloudwatch_log_group.main_api_gw",
            "module.api_gateway_resources_projects_find_by_id.aws_iam_role.lambda_role",
            "module.projects_dynamodb.aws_dynamodb_table.customers-dynamodb-table"
          ]
        }
      ]
    },
    {
      "module": "module.api_gateway_resources_projects_find_by_id",
      "mode": "managed",
      "type": "aws_lambda_function",
      "name": "html_lambda",
      "provider": "provider[\"registry.terraform.io/hashicorp/aws\"]",
      "instances": [
        {
          "schema_version": 0,
          "attributes": {
            "architectures": [
              "arm64"
            ],
            "arn": "arn:aws:lambda:us-east-1:233925838033:function:lmb-appma-projects-find-by-id-dev",
            "code_sha256": "PqTZpN/uRR8A+AUQEr2Vziqotq5byNzIGt4FP3Kfj3E=",
            "code_signing_config_arn": "",
            "dead_letter_config": [],
            "description": "",
            "environment": [],
            "ephemeral_storage": [
              {
                "size": 512
              }
            ],
            "file_system_config": [],
            "filename": "./resources/core/projects-find-by-id/index.zip",
            "function_name": "lmb-appma-projects-find-by-id-dev",
            "handler": "index.handler",
            "id": "lmb-appma-projects-find-by-id-dev",
            "image_config": [],
            "image_uri": "",
            "invoke_arn": "arn:aws:apigateway:us-east-1:lambda:path/2015-03-31/functions/arn:aws:lambda:us-east-1:233925838033:function:lmb-appma-projects-find-by-id-dev/invocations",
            "kms_key_arn": "",
            "last_modified": "2024-11-14T14:29:13.000+0000",
            "layers": [],
            "logging_config": [
              {
                "application_log_level": "",
                "log_format": "Text",
                "log_group": "/aws/lambda/lmb-appma-projects-find-by-id-dev",
                "system_log_level": ""
              }
            ],
            "memory_size": 128,
            "package_type": "Zip",
            "publish": false,
            "qualified_arn": "arn:aws:lambda:us-east-1:233925838033:function:lmb-appma-projects-find-by-id-dev:$LATEST",
            "qualified_invoke_arn": "arn:aws:apigateway:us-east-1:lambda:path/2015-03-31/functions/arn:aws:lambda:us-east-1:233925838033:function:lmb-appma-projects-find-by-id-dev:$LATEST/invocations",
            "replace_security_groups_on_destroy": null,
            "replacement_security_group_ids": null,
            "reserved_concurrent_executions": -1,
            "role": "arn:aws:iam::233925838033:role/role-appma-projects-find-by-id-dev",
            "runtime": "nodejs20.x",
            "s3_bucket": null,
            "s3_key": null,
            "s3_object_version": null,
            "signing_job_arn": "",
            "signing_profile_version_arn": "",
            "skip_destroy": false,
            "snap_start": [],
            "source_code_hash": "PqTZpN/uRR8A+AUQEr2Vziqotq5byNzIGt4FP3Kfj3E=",
            "source_code_size": 359290,
            "tags": {
              "component": "customer-find-by-id",
              "domain": "core",
              "env": "dev"
            },
            "tags_all": {
              "component": "customer-find-by-id",
              "domain": "core",
              "env": "dev",
              "iac": "terraform"
            },
            "timeout": 30,
            "timeouts": null,
            "tracing_config": [
              {
                "mode": "PassThrough"
              }
            ],
            "version": "$LATEST",
            "vpc_config": []
          },
          "sensitive_attributes": [],
          "private": "eyJlMmJmYjczMC1lY2FhLTExZTYtOGY4OC0zNDM2M2JjN2M0YzAiOnsiY3JlYXRlIjo2MDAwMDAwMDAwMDAsImRlbGV0ZSI6NjAwMDAwMDAwMDAwLCJ1cGRhdGUiOjYwMDAwMDAwMDAwMH19",
          "dependencies": [
            "module.api_gateway.aws_apigatewayv2_api.main",
            "module.api_gateway.aws_apigatewayv2_stage.dev",
            "module.api_gateway.aws_cloudwatch_log_group.main_api_gw",
            "module.api_gateway_resources_projects_find_by_id.aws_iam_role.lambda_role",
            "module.api_gateway_resources_projects_find_by_id.data.archive_file.lambda_package",
            "module.projects_dynamodb.aws_dynamodb_table.customers-dynamodb-table"
          ]
        }
      ]
    },
    {
      "module": "module.api_gateway_resources_projects_find_by_id",
      "mode": "managed",
      "type": "aws_lambda_permission",
      "name": "api_gw",
      "provider": "provider[\"registry.terraform.io/hashicorp/aws\"]",
      "instances": [
        {
          "schema_version": 0,
          "attributes": {
            "action": "lambda:InvokeFunction",
            "event_source_token": null,
            "function_name": "lmb-appma-projects-find-by-id-dev",
            "function_url_auth_type": null,
            "id": "AllowExecutionFromAPIGateway",
            "principal": "apigateway.amazonaws.com",
            "principal_org_id": null,
            "qualifier": "",
            "source_account": null,
            "source_arn": "arn:aws:execute-api:us-east-1:233925838033:m1hg0o6t7l/*/*",
            "statement_id": "AllowExecutionFromAPIGateway",
            "statement_id_prefix": ""
          },
          "sensitive_attributes": [],
          "private": "bnVsbA==",
          "dependencies": [
            "module.api_gateway.aws_apigatewayv2_api.main",
            "module.api_gateway.aws_apigatewayv2_stage.dev",
            "module.api_gateway.aws_cloudwatch_log_group.main_api_gw",
            "module.api_gateway_resources_projects_find_by_id.aws_iam_role.lambda_role",
            "module.api_gateway_resources_projects_find_by_id.aws_lambda_function.html_lambda",
            "module.api_gateway_resources_projects_find_by_id.data.archive_file.lambda_package",
            "module.api_gateway_resources_projects_find_by_id.data.aws_apigatewayv2_api.selected",
            "module.projects_dynamodb.aws_dynamodb_table.customers-dynamodb-table"
          ]
        }
      ]
    },
    {
      "module": "module.api_gateway_resources_projects_update",
      "mode": "data",
      "type": "archive_file",
      "name": "lambda_package",
      "provider": "provider[\"registry.terraform.io/hashicorp/archive\"]",
      "instances": [
        {
          "schema_version": 0,
          "attributes": {
            "exclude_symlink_directories": null,
            "excludes": null,
            "id": "1b145c9f198a97e5f51653af85ad7f477c9b3fa8",
            "output_base64sha256": "qbmnMiXMmW8YedK+cOMbMMQI3Zr/bY8f2JegEf36eZw=",
            "output_base64sha512": "JSHg5j/ZjkYV0+l7P0vKH/xTUn9pEFR5Pn3yK5nkvfvw+KPUwsp8eF2FNZY5kDUQyJAWZ4nc4+yn3dZ3ZbgNmQ==",
            "output_file_mode": null,
            "output_md5": "2b731608bb4c5f5d694e626fb4eff112",
            "output_path": "./resources/core/projects-update-by-id/index.zip",
            "output_sha": "1b145c9f198a97e5f51653af85ad7f477c9b3fa8",
            "output_sha256": "a9b9a73225cc996f1879d2be70e31b30c408dd9aff6d8f1fd897a011fdfa799c",
            "output_sha512": "2521e0e63fd98e4615d3e97b3f4bca1ffc53527f691054793e7df22b99e4bdfbf0f8a3d4c2ca7c785d85359639903510c890166789dce3eca7ddd67765b80d99",
            "output_size": 562217,
            "source": [],
            "source_content": null,
            "source_content_filename": null,
            "source_dir": "./lambdas/core/projects-update-by-id",
            "source_file": null,
            "type": "zip"
          },
          "sensitive_attributes": []
        }
      ]
    },
    {
      "module": "module.api_gateway_resources_projects_update",
      "mode": "data",
      "type": "aws_apigatewayv2_api",
      "name": "selected",
      "provider": "provider[\"registry.terraform.io/hashicorp/aws\"]",
      "instances": [
        {
          "schema_version": 0,
          "attributes": {
            "api_endpoint": "https://m1hg0o6t7l.execute-api.us-east-1.amazonaws.com",
            "api_id": "m1hg0o6t7l",
            "api_key_selection_expression": "$request.header.x-api-key",
            "arn": "arn:aws:apigateway:us-east-1::/apis/m1hg0o6t7l",
            "cors_configuration": [
              {
                "allow_credentials": false,
                "allow_headers": [
                  "*"
                ],
                "allow_methods": [
                  "DELETE",
                  "GET",
                  "OPTIONS",
                  "POST",
                  "PUT"
                ],
                "allow_origins": [
                  "*",
                  "http://localhost:3000"
                ],
                "expose_headers": [],
                "max_age": 300
              }
            ],
            "description": "api-appma-dev API Gateway",
            "disable_execute_api_endpoint": false,
            "execution_arn": "arn:aws:execute-api:us-east-1:233925838033:m1hg0o6t7l",
            "id": "m1hg0o6t7l",
            "name": "api-appma-dev",
            "protocol_type": "HTTP",
            "route_selection_expression": "$request.method $request.path",
            "tags": {
              "iac": "terraform"
            },
            "version": ""
          },
          "sensitive_attributes": []
        }
      ]
    },
    {
      "module": "module.api_gateway_resources_projects_update",
      "mode": "data",
      "type": "aws_caller_identity",
      "name": "current",
      "provider": "provider[\"registry.terraform.io/hashicorp/aws\"]",
      "instances": [
        {
          "schema_version": 0,
          "attributes": {
            "account_id": "233925838033",
            "arn": "arn:aws:iam::233925838033:root",
            "id": "233925838033",
            "user_id": "233925838033"
          },
          "sensitive_attributes": []
        }
      ]
    },
    {
      "module": "module.api_gateway_resources_projects_update",
      "mode": "data",
      "type": "aws_iam_policy_document",
      "name": "lambda_policy_document",
      "provider": "provider[\"registry.terraform.io/hashicorp/aws\"]",
      "instances": [
        {
          "schema_version": 0,
          "attributes": {
            "id": "124007557",
            "json": "{\n  \"Version\": \"2012-10-17\",\n  \"Statement\": [\n    {\n      \"Effect\": \"Allow\",\n      \"Action\": \"dynamodb:UpdateItem\",\n      \"Resource\": \"arn:aws:dynamodb:us-east-1:233925838033:table/tbl-appma-projects-dev\"\n    }\n  ]\n}",
            "minified_json": "{\"Version\":\"2012-10-17\",\"Statement\":[{\"Effect\":\"Allow\",\"Action\":\"dynamodb:UpdateItem\",\"Resource\":\"arn:aws:dynamodb:us-east-1:233925838033:table/tbl-appma-projects-dev\"}]}",
            "override_json": null,
            "override_policy_documents": null,
            "policy_id": null,
            "source_json": null,
            "source_policy_documents": null,
            "statement": [
              {
                "actions": [
                  "dynamodb:UpdateItem"
                ],
                "condition": [],
                "effect": "Allow",
                "not_actions": [],
                "not_principals": [],
                "not_resources": [],
                "principals": [],
                "resources": [
                  "arn:aws:dynamodb:us-east-1:233925838033:table/tbl-appma-projects-dev"
                ],
                "sid": ""
              }
            ],
            "version": "2012-10-17"
          },
          "sensitive_attributes": []
        }
      ]
    },
    {
      "module": "module.api_gateway_resources_projects_update",
      "mode": "data",
      "type": "aws_region",
      "name": "current",
      "provider": "provider[\"registry.terraform.io/hashicorp/aws\"]",
      "instances": [
        {
          "schema_version": 0,
          "attributes": {
            "description": "US East (N. Virginia)",
            "endpoint": "ec2.us-east-1.amazonaws.com",
            "id": "us-east-1",
            "name": "us-east-1"
          },
          "sensitive_attributes": []
        }
      ]
    },
    {
      "module": "module.api_gateway_resources_projects_update",
      "mode": "managed",
      "type": "aws_apigatewayv2_integration",
      "name": "lambda_handler",
      "provider": "provider[\"registry.terraform.io/hashicorp/aws\"]",
      "instances": [
        {
          "schema_version": 0,
          "attributes": {
            "api_id": "m1hg0o6t7l",
            "connection_id": "",
            "connection_type": "INTERNET",
            "content_handling_strategy": "",
            "credentials_arn": "",
            "description": "",
            "id": "n96q0hu",
            "integration_method": "POST",
            "integration_response_selection_expression": "",
            "integration_subtype": "",
            "integration_type": "AWS_PROXY",
            "integration_uri": "arn:aws:apigateway:us-east-1:lambda:path/2015-03-31/functions/arn:aws:lambda:us-east-1:233925838033:function:lmb-appma-projects-update-by-id-dev/invocations",
            "passthrough_behavior": "",
            "payload_format_version": "1.0",
            "request_parameters": {},
            "request_templates": {},
            "response_parameters": [],
            "template_selection_expression": "",
            "timeout_milliseconds": 30000,
            "tls_config": []
          },
          "sensitive_attributes": [],
          "private": "bnVsbA==",
          "dependencies": [
            "module.api_gateway.aws_apigatewayv2_api.main",
            "module.api_gateway.aws_apigatewayv2_stage.dev",
            "module.api_gateway.aws_cloudwatch_log_group.main_api_gw",
            "module.api_gateway_resources_projects_update.aws_iam_role.lambda_role",
            "module.api_gateway_resources_projects_update.aws_lambda_function.html_lambda",
            "module.api_gateway_resources_projects_update.data.archive_file.lambda_package",
            "module.api_gateway_resources_projects_update.data.aws_apigatewayv2_api.selected",
            "module.projects_dynamodb.aws_dynamodb_table.customers-dynamodb-table"
          ]
        }
      ]
    },
    {
      "module": "module.api_gateway_resources_projects_update",
      "mode": "managed",
      "type": "aws_apigatewayv2_route",
      "name": "post_handler",
      "provider": "provider[\"registry.terraform.io/hashicorp/aws\"]",
      "instances": [
        {
          "schema_version": 0,
          "attributes": {
            "api_id": "m1hg0o6t7l",
            "api_key_required": false,
            "authorization_scopes": [],
            "authorization_type": "CUSTOM",
            "authorizer_id": "0lfrxe",
            "id": "t242eb6",
            "model_selection_expression": "",
            "operation_name": "",
            "request_models": {},
            "request_parameter": [],
            "route_key": "PUT /api/v1/projects/{id}",
            "route_response_selection_expression": "",
            "target": "integrations/n96q0hu"
          },
          "sensitive_attributes": [],
          "private": "bnVsbA==",
          "dependencies": [
            "module.api_gateway.aws_apigatewayv2_api.main",
            "module.api_gateway.aws_apigatewayv2_stage.dev",
            "module.api_gateway.aws_cloudwatch_log_group.main_api_gw",
            "module.api_gateway_resources_projects_update.aws_apigatewayv2_integration.lambda_handler",
            "module.api_gateway_resources_projects_update.aws_iam_role.lambda_role",
            "module.api_gateway_resources_projects_update.aws_lambda_function.html_lambda",
            "module.api_gateway_resources_projects_update.data.archive_file.lambda_package",
            "module.api_gateway_resources_projects_update.data.aws_apigatewayv2_api.selected",
            "module.api_gateway_resources_security_authorizer.aws_apigatewayv2_authorizer.header_based_authorizer",
            "module.api_gateway_resources_security_authorizer.aws_iam_role.lambda_role",
            "module.api_gateway_resources_security_authorizer.aws_lambda_function.html_lambda",
            "module.api_gateway_resources_security_authorizer.data.archive_file.lambda_package",
            "module.api_gateway_resources_security_authorizer.data.aws_apigatewayv2_api.selected",
            "module.projects_dynamodb.aws_dynamodb_table.customers-dynamodb-table"
          ]
        }
      ]
    },
    {
      "module": "module.api_gateway_resources_projects_update",
      "mode": "managed",
      "type": "aws_cloudwatch_log_group",
      "name": "html_loggroup_lambda",
      "provider": "provider[\"registry.terraform.io/hashicorp/aws\"]",
      "instances": [
        {
          "schema_version": 0,
          "attributes": {
            "arn": "arn:aws:logs:us-east-1:233925838033:log-group:/aws/lambda/lmb-appma-projects-update-by-id-dev",
            "id": "/aws/lambda/lmb-appma-projects-update-by-id-dev",
            "kms_key_id": "",
            "log_group_class": "STANDARD",
            "name": "/aws/lambda/lmb-appma-projects-update-by-id-dev",
            "name_prefix": "",
            "retention_in_days": 0,
            "skip_destroy": false,
            "tags": {},
            "tags_all": {
              "iac": "terraform"
            }
          },
          "sensitive_attributes": [],
          "private": "bnVsbA==",
          "dependencies": [
            "module.api_gateway.aws_apigatewayv2_api.main",
            "module.api_gateway.aws_apigatewayv2_stage.dev",
            "module.api_gateway.aws_cloudwatch_log_group.main_api_gw",
            "module.api_gateway_resources_projects_update.aws_iam_role.lambda_role",
            "module.api_gateway_resources_projects_update.aws_lambda_function.html_lambda",
            "module.api_gateway_resources_projects_update.data.archive_file.lambda_package",
            "module.projects_dynamodb.aws_dynamodb_table.customers-dynamodb-table"
          ]
        }
      ]
    },
    {
      "module": "module.api_gateway_resources_projects_update",
      "mode": "managed",
      "type": "aws_iam_policy",
      "name": "dynamodb_lambda_policy",
      "provider": "provider[\"registry.terraform.io/hashicorp/aws\"]",
      "instances": [
        {
          "schema_version": 0,
          "attributes": {
            "arn": "arn:aws:iam::233925838033:policy/policy-appma-projects-update-by-id-dev",
            "attachment_count": 1,
            "description": "This policy will be used by the lambda to write get data from DynamoDB",
            "id": "arn:aws:iam::233925838033:policy/policy-appma-projects-update-by-id-dev",
            "name": "policy-appma-projects-update-by-id-dev",
            "name_prefix": "",
            "path": "/",
            "policy": "{\"Statement\":[{\"Action\":\"dynamodb:UpdateItem\",\"Effect\":\"Allow\",\"Resource\":\"arn:aws:dynamodb:us-east-1:233925838033:table/tbl-appma-projects-dev\"}],\"Version\":\"2012-10-17\"}",
            "policy_id": "ANPATM5YRATI44D4MHVDS",
            "tags": {},
            "tags_all": {
              "iac": "terraform"
            }
          },
          "sensitive_attributes": [],
          "private": "bnVsbA==",
          "dependencies": [
            "module.api_gateway.aws_apigatewayv2_api.main",
            "module.api_gateway.aws_apigatewayv2_stage.dev",
            "module.api_gateway.aws_cloudwatch_log_group.main_api_gw",
            "module.api_gateway_resources_projects_update.data.aws_caller_identity.current",
            "module.api_gateway_resources_projects_update.data.aws_iam_policy_document.lambda_policy_document",
            "module.api_gateway_resources_projects_update.data.aws_region.current",
            "module.projects_dynamodb.aws_dynamodb_table.customers-dynamodb-table"
          ]
        }
      ]
    },
    {
      "module": "module.api_gateway_resources_projects_update",
      "mode": "managed",
      "type": "aws_iam_role",
      "name": "lambda_role",
      "provider": "provider[\"registry.terraform.io/hashicorp/aws\"]",
      "instances": [
        {
          "schema_version": 0,
          "attributes": {
            "arn": "arn:aws:iam::233925838033:role/role-appma-projects-update-by-id-dev",
            "assume_role_policy": "{\"Statement\":[{\"Action\":\"sts:AssumeRole\",\"Effect\":\"Allow\",\"Principal\":{\"Service\":\"lambda.amazonaws.com\"}}],\"Version\":\"2012-10-17\"}",
            "create_date": "2024-11-12T21:10:44Z",
            "description": "",
            "force_detach_policies": false,
            "id": "role-appma-projects-update-by-id-dev",
            "inline_policy": [],
            "managed_policy_arns": [
              "arn:aws:iam::233925838033:policy/policy-appma-projects-update-by-id-dev",
              "arn:aws:iam::aws:policy/service-role/AWSLambdaBasicExecutionRole"
            ],
            "max_session_duration": 3600,
            "name": "role-appma-projects-update-by-id-dev",
            "name_prefix": "",
            "path": "/",
            "permissions_boundary": "",
            "tags": {},
            "tags_all": {
              "iac": "terraform"
            },
            "unique_id": "AROATM5YRATIS42TS3OST"
          },
          "sensitive_attributes": [],
          "private": "bnVsbA==",
          "dependencies": [
            "module.api_gateway.aws_apigatewayv2_api.main",
            "module.api_gateway.aws_apigatewayv2_stage.dev",
            "module.api_gateway.aws_cloudwatch_log_group.main_api_gw",
            "module.projects_dynamodb.aws_dynamodb_table.customers-dynamodb-table"
          ]
        }
      ]
    },
    {
      "module": "module.api_gateway_resources_projects_update",
      "mode": "managed",
      "type": "aws_iam_role_policy_attachment",
      "name": "lambda_attachements",
      "provider": "provider[\"registry.terraform.io/hashicorp/aws\"]",
      "instances": [
        {
          "schema_version": 0,
          "attributes": {
            "id": "role-appma-projects-update-by-id-dev-20241112211045916900000008",
            "policy_arn": "arn:aws:iam::233925838033:policy/policy-appma-projects-update-by-id-dev",
            "role": "role-appma-projects-update-by-id-dev"
          },
          "sensitive_attributes": [],
          "private": "bnVsbA==",
          "dependencies": [
            "module.api_gateway.aws_apigatewayv2_api.main",
            "module.api_gateway.aws_apigatewayv2_stage.dev",
            "module.api_gateway.aws_cloudwatch_log_group.main_api_gw",
            "module.api_gateway_resources_projects_update.aws_iam_policy.dynamodb_lambda_policy",
            "module.api_gateway_resources_projects_update.aws_iam_role.lambda_role",
            "module.api_gateway_resources_projects_update.data.aws_caller_identity.current",
            "module.api_gateway_resources_projects_update.data.aws_iam_policy_document.lambda_policy_document",
            "module.api_gateway_resources_projects_update.data.aws_region.current",
            "module.projects_dynamodb.aws_dynamodb_table.customers-dynamodb-table"
          ]
        }
      ]
    },
    {
      "module": "module.api_gateway_resources_projects_update",
      "mode": "managed",
      "type": "aws_iam_role_policy_attachment",
      "name": "lambda_role_policy",
      "provider": "provider[\"registry.terraform.io/hashicorp/aws\"]",
      "instances": [
        {
          "schema_version": 0,
          "attributes": {
            "id": "role-appma-projects-update-by-id-dev-20241112211045648200000005",
            "policy_arn": "arn:aws:iam::aws:policy/service-role/AWSLambdaBasicExecutionRole",
            "role": "role-appma-projects-update-by-id-dev"
          },
          "sensitive_attributes": [],
          "private": "bnVsbA==",
          "dependencies": [
            "module.api_gateway.aws_apigatewayv2_api.main",
            "module.api_gateway.aws_apigatewayv2_stage.dev",
            "module.api_gateway.aws_cloudwatch_log_group.main_api_gw",
            "module.api_gateway_resources_projects_update.aws_iam_role.lambda_role",
            "module.projects_dynamodb.aws_dynamodb_table.customers-dynamodb-table"
          ]
        }
      ]
    },
    {
      "module": "module.api_gateway_resources_projects_update",
      "mode": "managed",
      "type": "aws_lambda_function",
      "name": "html_lambda",
      "provider": "provider[\"registry.terraform.io/hashicorp/aws\"]",
      "instances": [
        {
          "schema_version": 0,
          "attributes": {
            "architectures": [
              "arm64"
            ],
            "arn": "arn:aws:lambda:us-east-1:233925838033:function:lmb-appma-projects-update-by-id-dev",
            "code_sha256": "qbmnMiXMmW8YedK+cOMbMMQI3Zr/bY8f2JegEf36eZw=",
            "code_signing_config_arn": "",
            "dead_letter_config": [],
            "description": "",
            "environment": [],
            "ephemeral_storage": [
              {
                "size": 512
              }
            ],
            "file_system_config": [],
            "filename": "./resources/core/projects-update-by-id/index.zip",
            "function_name": "lmb-appma-projects-update-by-id-dev",
            "handler": "index.handler",
            "id": "lmb-appma-projects-update-by-id-dev",
            "image_config": [],
            "image_uri": "",
            "invoke_arn": "arn:aws:apigateway:us-east-1:lambda:path/2015-03-31/functions/arn:aws:lambda:us-east-1:233925838033:function:lmb-appma-projects-update-by-id-dev/invocations",
            "kms_key_arn": "",
            "last_modified": "2024-11-14T14:28:40.000+0000",
            "layers": [],
            "logging_config": [
              {
                "application_log_level": "",
                "log_format": "Text",
                "log_group": "/aws/lambda/lmb-appma-projects-update-by-id-dev",
                "system_log_level": ""
              }
            ],
            "memory_size": 128,
            "package_type": "Zip",
            "publish": false,
            "qualified_arn": "arn:aws:lambda:us-east-1:233925838033:function:lmb-appma-projects-update-by-id-dev:$LATEST",
            "qualified_invoke_arn": "arn:aws:apigateway:us-east-1:lambda:path/2015-03-31/functions/arn:aws:lambda:us-east-1:233925838033:function:lmb-appma-projects-update-by-id-dev:$LATEST/invocations",
            "replace_security_groups_on_destroy": null,
            "replacement_security_group_ids": null,
            "reserved_concurrent_executions": -1,
            "role": "arn:aws:iam::233925838033:role/role-appma-projects-update-by-id-dev",
            "runtime": "nodejs20.x",
            "s3_bucket": null,
            "s3_key": null,
            "s3_object_version": null,
            "signing_job_arn": "",
            "signing_profile_version_arn": "",
            "skip_destroy": false,
            "snap_start": [],
            "source_code_hash": "qbmnMiXMmW8YedK+cOMbMMQI3Zr/bY8f2JegEf36eZw=",
            "source_code_size": 562217,
            "tags": {
              "component": "customer-update-by-id",
              "domain": "core",
              "env": "dev"
            },
            "tags_all": {
              "component": "customer-update-by-id",
              "domain": "core",
              "env": "dev",
              "iac": "terraform"
            },
            "timeout": 30,
            "timeouts": null,
            "tracing_config": [
              {
                "mode": "PassThrough"
              }
            ],
            "version": "$LATEST",
            "vpc_config": []
          },
          "sensitive_attributes": [],
          "private": "eyJlMmJmYjczMC1lY2FhLTExZTYtOGY4OC0zNDM2M2JjN2M0YzAiOnsiY3JlYXRlIjo2MDAwMDAwMDAwMDAsImRlbGV0ZSI6NjAwMDAwMDAwMDAwLCJ1cGRhdGUiOjYwMDAwMDAwMDAwMH19",
          "dependencies": [
            "module.api_gateway.aws_apigatewayv2_api.main",
            "module.api_gateway.aws_apigatewayv2_stage.dev",
            "module.api_gateway.aws_cloudwatch_log_group.main_api_gw",
            "module.api_gateway_resources_projects_update.aws_iam_role.lambda_role",
            "module.api_gateway_resources_projects_update.data.archive_file.lambda_package",
            "module.projects_dynamodb.aws_dynamodb_table.customers-dynamodb-table"
          ]
        }
      ]
    },
    {
      "module": "module.api_gateway_resources_projects_update",
      "mode": "managed",
      "type": "aws_lambda_permission",
      "name": "api_gw",
      "provider": "provider[\"registry.terraform.io/hashicorp/aws\"]",
      "instances": [
        {
          "schema_version": 0,
          "attributes": {
            "action": "lambda:InvokeFunction",
            "event_source_token": null,
            "function_name": "lmb-appma-projects-update-by-id-dev",
            "function_url_auth_type": null,
            "id": "AllowExecutionFromAPIGateway",
            "principal": "apigateway.amazonaws.com",
            "principal_org_id": null,
            "qualifier": "",
            "source_account": null,
            "source_arn": "arn:aws:execute-api:us-east-1:233925838033:m1hg0o6t7l/*/*",
            "statement_id": "AllowExecutionFromAPIGateway",
            "statement_id_prefix": ""
          },
          "sensitive_attributes": [],
          "private": "bnVsbA==",
          "dependencies": [
            "module.api_gateway.aws_apigatewayv2_api.main",
            "module.api_gateway.aws_apigatewayv2_stage.dev",
            "module.api_gateway.aws_cloudwatch_log_group.main_api_gw",
            "module.api_gateway_resources_projects_update.aws_iam_role.lambda_role",
            "module.api_gateway_resources_projects_update.aws_lambda_function.html_lambda",
            "module.api_gateway_resources_projects_update.data.archive_file.lambda_package",
            "module.api_gateway_resources_projects_update.data.aws_apigatewayv2_api.selected",
            "module.projects_dynamodb.aws_dynamodb_table.customers-dynamodb-table"
          ]
        }
      ]
    },
    {
      "module": "module.api_gateway_resources_security_authorizer",
      "mode": "data",
      "type": "archive_file",
      "name": "lambda_package",
      "provider": "provider[\"registry.terraform.io/hashicorp/archive\"]",
      "instances": [
        {
          "schema_version": 0,
          "attributes": {
            "exclude_symlink_directories": null,
            "excludes": null,
            "id": "395d305609fedf05b94e150f3a7e1d77d6924053",
            "output_base64sha256": "MwwSzzWyXEulNI7nmLgdEy5FTD7qjTBfiDkuU0F1YYE=",
            "output_base64sha512": "zFWE3Do+WlJc7F/xbR1VgBsTUTiOqB1x7HxSS/ODyLLMjxI2mWP+hgkGotg2BJGidcbhsDyLV6K3ZwgAl4mYuw==",
            "output_file_mode": null,
            "output_md5": "4400c13ce01d5c38858a19a49d8cf319",
            "output_path": "./resources/auth/authorizer/index.zip",
            "output_sha": "395d305609fedf05b94e150f3a7e1d77d6924053",
            "output_sha256": "330c12cf35b25c4ba5348ee798b81d132e454c3eea8d305f88392e5341756181",
            "output_sha512": "cc5584dc3a3e5a525cec5ff16d1d55801b1351388ea81d71ec7c524bf383c8b2cc8f12369963fe860906a2d8360491a275c6e1b03c8b57a2b7670800978998bb",
            "output_size": 368725,
            "source": [],
            "source_content": null,
            "source_content_filename": null,
            "source_dir": "./lambdas/auth/authorizer",
            "source_file": null,
            "type": "zip"
          },
          "sensitive_attributes": []
        }
      ]
    },
    {
      "module": "module.api_gateway_resources_security_authorizer",
      "mode": "data",
      "type": "aws_apigatewayv2_api",
      "name": "selected",
      "provider": "provider[\"registry.terraform.io/hashicorp/aws\"]",
      "instances": [
        {
          "schema_version": 0,
          "attributes": {
            "api_endpoint": "https://m1hg0o6t7l.execute-api.us-east-1.amazonaws.com",
            "api_id": "m1hg0o6t7l",
            "api_key_selection_expression": "$request.header.x-api-key",
            "arn": "arn:aws:apigateway:us-east-1::/apis/m1hg0o6t7l",
            "cors_configuration": [
              {
                "allow_credentials": false,
                "allow_headers": [
                  "*"
                ],
                "allow_methods": [
                  "DELETE",
                  "GET",
                  "OPTIONS",
                  "POST",
                  "PUT"
                ],
                "allow_origins": [
                  "*",
                  "http://localhost:3000"
                ],
                "expose_headers": [],
                "max_age": 300
              }
            ],
            "description": "api-appma-dev API Gateway",
            "disable_execute_api_endpoint": false,
            "execution_arn": "arn:aws:execute-api:us-east-1:233925838033:m1hg0o6t7l",
            "id": "m1hg0o6t7l",
            "name": "api-appma-dev",
            "protocol_type": "HTTP",
            "route_selection_expression": "$request.method $request.path",
            "tags": {
              "iac": "terraform"
            },
            "version": ""
          },
          "sensitive_attributes": []
        }
      ]
    },
    {
      "module": "module.api_gateway_resources_security_authorizer",
      "mode": "data",
      "type": "aws_caller_identity",
      "name": "current",
      "provider": "provider[\"registry.terraform.io/hashicorp/aws\"]",
      "instances": [
        {
          "schema_version": 0,
          "attributes": {
            "account_id": "233925838033",
            "arn": "arn:aws:iam::233925838033:root",
            "id": "233925838033",
            "user_id": "233925838033"
          },
          "sensitive_attributes": []
        }
      ]
    },
    {
      "module": "module.api_gateway_resources_security_authorizer",
      "mode": "data",
      "type": "aws_iam_policy_document",
      "name": "lambda_policy_document",
      "provider": "provider[\"registry.terraform.io/hashicorp/aws\"]",
      "instances": [
        {
          "schema_version": 0,
          "attributes": {
            "id": "1807035367",
            "json": "{\n  \"Version\": \"2012-10-17\",\n  \"Statement\": [\n    {\n      \"Effect\": \"Allow\",\n      \"Action\": [\n        \"dynamodb:Scan\",\n        \"dynamodb:PutItem\",\n        \"dynamodb:GetItem\",\n        \"dynamodb:DeleteItem\"\n      ],\n      \"Resource\": \"arn:aws:dynamodb:us-east-1:233925838033:table/tbl-appma-token-dev\"\n    }\n  ]\n}",
            "minified_json": "{\"Version\":\"2012-10-17\",\"Statement\":[{\"Effect\":\"Allow\",\"Action\":[\"dynamodb:Scan\",\"dynamodb:PutItem\",\"dynamodb:GetItem\",\"dynamodb:DeleteItem\"],\"Resource\":\"arn:aws:dynamodb:us-east-1:233925838033:table/tbl-appma-token-dev\"}]}",
            "override_json": null,
            "override_policy_documents": null,
            "policy_id": null,
            "source_json": null,
            "source_policy_documents": null,
            "statement": [
              {
                "actions": [
                  "dynamodb:DeleteItem",
                  "dynamodb:GetItem",
                  "dynamodb:PutItem",
                  "dynamodb:Scan"
                ],
                "condition": [],
                "effect": "Allow",
                "not_actions": [],
                "not_principals": [],
                "not_resources": [],
                "principals": [],
                "resources": [
                  "arn:aws:dynamodb:us-east-1:233925838033:table/tbl-appma-token-dev"
                ],
                "sid": ""
              }
            ],
            "version": "2012-10-17"
          },
          "sensitive_attributes": []
        }
      ]
    },
    {
      "module": "module.api_gateway_resources_security_authorizer",
      "mode": "data",
      "type": "aws_region",
      "name": "current",
      "provider": "provider[\"registry.terraform.io/hashicorp/aws\"]",
      "instances": [
        {
          "schema_version": 0,
          "attributes": {
            "description": "US East (N. Virginia)",
            "endpoint": "ec2.us-east-1.amazonaws.com",
            "id": "us-east-1",
            "name": "us-east-1"
          },
          "sensitive_attributes": []
        }
      ]
    },
    {
      "module": "module.api_gateway_resources_security_authorizer",
      "mode": "managed",
      "type": "aws_apigatewayv2_authorizer",
      "name": "header_based_authorizer",
      "provider": "provider[\"registry.terraform.io/hashicorp/aws\"]",
      "instances": [
        {
          "schema_version": 0,
          "attributes": {
            "api_id": "m1hg0o6t7l",
            "authorizer_credentials_arn": "",
            "authorizer_payload_format_version": "2.0",
            "authorizer_result_ttl_in_seconds": 0,
            "authorizer_type": "REQUEST",
            "authorizer_uri": "arn:aws:apigateway:us-east-1:lambda:path/2015-03-31/functions/arn:aws:lambda:us-east-1:233925838033:function:lmb-appma-security-authorizer-dev/invocations",
            "enable_simple_responses": true,
            "id": "0lfrxe",
            "identity_sources": [
              "$request.header.authorization"
            ],
            "jwt_configuration": [],
            "name": "lmb-appma-security-authorizer-dev",
            "timeouts": null
          },
          "sensitive_attributes": [],
          "private": "eyJlMmJmYjczMC1lY2FhLTExZTYtOGY4OC0zNDM2M2JjN2M0YzAiOnsiZGVsZXRlIjoxODAwMDAwMDAwMDAwfX0=",
          "dependencies": [
            "module.api_gateway.aws_apigatewayv2_api.main",
            "module.api_gateway_resources_security_authorizer.aws_iam_role.lambda_role",
            "module.api_gateway_resources_security_authorizer.aws_lambda_function.html_lambda",
            "module.api_gateway_resources_security_authorizer.data.archive_file.lambda_package",
            "module.api_gateway_resources_security_authorizer.data.aws_apigatewayv2_api.selected"
          ]
        }
      ]
    },
    {
      "module": "module.api_gateway_resources_security_authorizer",
      "mode": "managed",
      "type": "aws_cloudwatch_log_group",
      "name": "html_loggroup_lambda",
      "provider": "provider[\"registry.terraform.io/hashicorp/aws\"]",
      "instances": [
        {
          "schema_version": 0,
          "attributes": {
            "arn": "arn:aws:logs:us-east-1:233925838033:log-group:/aws/lambda/lmb-appma-security-authorizer-dev",
            "id": "/aws/lambda/lmb-appma-security-authorizer-dev",
            "kms_key_id": "",
            "log_group_class": "STANDARD",
            "name": "/aws/lambda/lmb-appma-security-authorizer-dev",
            "name_prefix": "",
            "retention_in_days": 7,
            "skip_destroy": false,
            "tags": {},
            "tags_all": {
              "iac": "terraform"
            }
          },
          "sensitive_attributes": [],
          "private": "bnVsbA==",
          "dependencies": [
            "module.api_gateway_resources_security_authorizer.aws_iam_role.lambda_role",
            "module.api_gateway_resources_security_authorizer.aws_lambda_function.html_lambda",
            "module.api_gateway_resources_security_authorizer.data.archive_file.lambda_package"
          ]
        }
      ]
    },
    {
      "module": "module.api_gateway_resources_security_authorizer",
      "mode": "managed",
      "type": "aws_iam_policy",
      "name": "dynamodb_lambda_policy",
      "provider": "provider[\"registry.terraform.io/hashicorp/aws\"]",
      "instances": [
        {
          "schema_version": 0,
          "attributes": {
            "arn": "arn:aws:iam::233925838033:policy/policy-appma-security-authorizer-dev",
            "attachment_count": 1,
            "description": "This policy will be used by the lambda to write get data from DynamoDB",
            "id": "arn:aws:iam::233925838033:policy/policy-appma-security-authorizer-dev",
            "name": "policy-appma-security-authorizer-dev",
            "name_prefix": "",
            "path": "/",
            "policy": "{\"Statement\":[{\"Action\":[\"dynamodb:Scan\",\"dynamodb:PutItem\",\"dynamodb:GetItem\",\"dynamodb:DeleteItem\"],\"Effect\":\"Allow\",\"Resource\":\"arn:aws:dynamodb:us-east-1:233925838033:table/tbl-appma-token-dev\"}],\"Version\":\"2012-10-17\"}",
            "policy_id": "ANPATM5YRATIW5SIMUBLQ",
            "tags": {},
            "tags_all": {
              "iac": "terraform"
            }
          },
          "sensitive_attributes": [],
          "private": "bnVsbA==",
          "dependencies": [
            "module.api_gateway_resources_security_authorizer.data.aws_caller_identity.current",
            "module.api_gateway_resources_security_authorizer.data.aws_iam_policy_document.lambda_policy_document",
            "module.api_gateway_resources_security_authorizer.data.aws_region.current"
          ]
        }
      ]
    },
    {
      "module": "module.api_gateway_resources_security_authorizer",
      "mode": "managed",
      "type": "aws_iam_role",
      "name": "lambda_role",
      "provider": "provider[\"registry.terraform.io/hashicorp/aws\"]",
      "instances": [
        {
          "schema_version": 0,
          "attributes": {
            "arn": "arn:aws:iam::233925838033:role/role-appma-security-authorizer-dev",
            "assume_role_policy": "{\"Statement\":[{\"Action\":\"sts:AssumeRole\",\"Effect\":\"Allow\",\"Principal\":{\"Service\":\"lambda.amazonaws.com\"}}],\"Version\":\"2012-10-17\"}",
            "create_date": "2024-11-12T21:10:30Z",
            "description": "",
            "force_detach_policies": false,
            "id": "role-appma-security-authorizer-dev",
            "inline_policy": [],
            "managed_policy_arns": [
              "arn:aws:iam::233925838033:policy/policy-appma-security-authorizer-dev",
              "arn:aws:iam::aws:policy/service-role/AWSLambdaBasicExecutionRole"
            ],
            "max_session_duration": 3600,
            "name": "role-appma-security-authorizer-dev",
            "name_prefix": "",
            "path": "/",
            "permissions_boundary": "",
            "tags": {},
            "tags_all": {
              "iac": "terraform"
            },
            "unique_id": "AROATM5YRATI2OTNVL6M5"
          },
          "sensitive_attributes": [],
          "private": "bnVsbA=="
        }
      ]
    },
    {
      "module": "module.api_gateway_resources_security_authorizer",
      "mode": "managed",
      "type": "aws_iam_role_policy_attachment",
      "name": "lambda_attachements",
      "provider": "provider[\"registry.terraform.io/hashicorp/aws\"]",
      "instances": [
        {
          "schema_version": 0,
          "attributes": {
            "id": "role-appma-security-authorizer-dev-20241112211031051700000002",
            "policy_arn": "arn:aws:iam::233925838033:policy/policy-appma-security-authorizer-dev",
            "role": "role-appma-security-authorizer-dev"
          },
          "sensitive_attributes": [],
          "private": "bnVsbA==",
          "dependencies": [
            "module.api_gateway_resources_security_authorizer.aws_iam_policy.dynamodb_lambda_policy",
            "module.api_gateway_resources_security_authorizer.aws_iam_role.lambda_role",
            "module.api_gateway_resources_security_authorizer.data.aws_caller_identity.current",
            "module.api_gateway_resources_security_authorizer.data.aws_iam_policy_document.lambda_policy_document",
            "module.api_gateway_resources_security_authorizer.data.aws_region.current"
          ]
        }
      ]
    },
    {
      "module": "module.api_gateway_resources_security_authorizer",
      "mode": "managed",
      "type": "aws_iam_role_policy_attachment",
      "name": "lambda_role_policy",
      "provider": "provider[\"registry.terraform.io/hashicorp/aws\"]",
      "instances": [
        {
          "schema_version": 0,
          "attributes": {
            "id": "role-appma-security-authorizer-dev-20241112211031048800000001",
            "policy_arn": "arn:aws:iam::aws:policy/service-role/AWSLambdaBasicExecutionRole",
            "role": "role-appma-security-authorizer-dev"
          },
          "sensitive_attributes": [],
          "private": "bnVsbA==",
          "dependencies": [
            "module.api_gateway_resources_security_authorizer.aws_iam_role.lambda_role"
          ]
        }
      ]
    },
    {
      "module": "module.api_gateway_resources_security_authorizer",
      "mode": "managed",
      "type": "aws_lambda_function",
      "name": "html_lambda",
      "provider": "provider[\"registry.terraform.io/hashicorp/aws\"]",
      "instances": [
        {
          "schema_version": 0,
          "attributes": {
            "architectures": [
              "arm64"
            ],
            "arn": "arn:aws:lambda:us-east-1:233925838033:function:lmb-appma-security-authorizer-dev",
            "code_sha256": "MwwSzzWyXEulNI7nmLgdEy5FTD7qjTBfiDkuU0F1YYE=",
            "code_signing_config_arn": "",
            "dead_letter_config": [],
            "description": "",
            "environment": [],
            "ephemeral_storage": [
              {
                "size": 512
              }
            ],
            "file_system_config": [],
            "filename": "./resources/auth/authorizer/index.zip",
            "function_name": "lmb-appma-security-authorizer-dev",
            "handler": "index.handler",
            "id": "lmb-appma-security-authorizer-dev",
            "image_config": [],
            "image_uri": "",
            "invoke_arn": "arn:aws:apigateway:us-east-1:lambda:path/2015-03-31/functions/arn:aws:lambda:us-east-1:233925838033:function:lmb-appma-security-authorizer-dev/invocations",
            "kms_key_arn": "",
            "last_modified": "2024-11-14T14:29:07.000+0000",
            "layers": [],
            "logging_config": [
              {
                "application_log_level": "",
                "log_format": "Text",
                "log_group": "/aws/lambda/lmb-appma-security-authorizer-dev",
                "system_log_level": ""
              }
            ],
            "memory_size": 128,
            "package_type": "Zip",
            "publish": false,
            "qualified_arn": "arn:aws:lambda:us-east-1:233925838033:function:lmb-appma-security-authorizer-dev:$LATEST",
            "qualified_invoke_arn": "arn:aws:apigateway:us-east-1:lambda:path/2015-03-31/functions/arn:aws:lambda:us-east-1:233925838033:function:lmb-appma-security-authorizer-dev:$LATEST/invocations",
            "replace_security_groups_on_destroy": null,
            "replacement_security_group_ids": null,
            "reserved_concurrent_executions": -1,
            "role": "arn:aws:iam::233925838033:role/role-appma-security-authorizer-dev",
            "runtime": "nodejs20.x",
            "s3_bucket": null,
            "s3_key": null,
            "s3_object_version": null,
            "signing_job_arn": "",
            "signing_profile_version_arn": "",
            "skip_destroy": false,
            "snap_start": [],
            "source_code_hash": "MwwSzzWyXEulNI7nmLgdEy5FTD7qjTBfiDkuU0F1YYE=",
            "source_code_size": 368725,
            "tags": {
              "component": "authorizer",
              "domain": "security",
              "env": "dev"
            },
            "tags_all": {
              "component": "authorizer",
              "domain": "security",
              "env": "dev",
              "iac": "terraform"
            },
            "timeout": 30,
            "timeouts": null,
            "tracing_config": [
              {
                "mode": "PassThrough"
              }
            ],
            "version": "$LATEST",
            "vpc_config": []
          },
          "sensitive_attributes": [],
          "private": "eyJlMmJmYjczMC1lY2FhLTExZTYtOGY4OC0zNDM2M2JjN2M0YzAiOnsiY3JlYXRlIjo2MDAwMDAwMDAwMDAsImRlbGV0ZSI6NjAwMDAwMDAwMDAwLCJ1cGRhdGUiOjYwMDAwMDAwMDAwMH19",
          "dependencies": [
            "module.api_gateway_resources_security_authorizer.aws_iam_role.lambda_role",
            "module.api_gateway_resources_security_authorizer.data.archive_file.lambda_package"
          ]
        }
      ]
    },
    {
      "module": "module.api_gateway_resources_security_authorizer",
      "mode": "managed",
      "type": "aws_lambda_permission",
      "name": "allow_api_gw_invoke_authorizer",
      "provider": "provider[\"registry.terraform.io/hashicorp/aws\"]",
      "instances": [
        {
          "schema_version": 0,
          "attributes": {
            "action": "lambda:InvokeFunction",
            "event_source_token": null,
            "function_name": "lmb-appma-security-authorizer-dev",
            "function_url_auth_type": null,
            "id": "allowInvokeFromAPIGatewayAuthorizer",
            "principal": "apigateway.amazonaws.com",
            "principal_org_id": null,
            "qualifier": "",
            "source_account": null,
            "source_arn": "arn:aws:execute-api:us-east-1:233925838033:m1hg0o6t7l/authorizers/0lfrxe",
            "statement_id": "allowInvokeFromAPIGatewayAuthorizer",
            "statement_id_prefix": ""
          },
          "sensitive_attributes": [],
          "private": "bnVsbA==",
          "dependencies": [
            "module.api_gateway.aws_apigatewayv2_api.main",
            "module.api_gateway_resources_security_authorizer.aws_apigatewayv2_authorizer.header_based_authorizer",
            "module.api_gateway_resources_security_authorizer.aws_iam_role.lambda_role",
            "module.api_gateway_resources_security_authorizer.aws_lambda_function.html_lambda",
            "module.api_gateway_resources_security_authorizer.data.archive_file.lambda_package",
            "module.api_gateway_resources_security_authorizer.data.aws_apigatewayv2_api.selected"
          ]
        }
      ]
    },
    {
      "module": "module.api_gateway_resources_security_login",
      "mode": "data",
      "type": "archive_file",
      "name": "lambda_package",
      "provider": "provider[\"registry.terraform.io/hashicorp/archive\"]",
      "instances": [
        {
          "schema_version": 0,
          "attributes": {
            "exclude_symlink_directories": null,
            "excludes": null,
            "id": "b17a886ede74b9c61b3f89ee80150fe28f91da3d",
            "output_base64sha256": "sEv7SSPrqfxAgTEk/Emmxfc/tyhEmSlz12aHnNdNDWk=",
            "output_base64sha512": "5UThPeG54wsQRNLPMVIQI9P0jZXjqbvoZAQHgnYSx7tjcPr+5G/jFQg1lNpv6sDU6g8cpc1Rl6SMWVKStEkKNw==",
            "output_file_mode": null,
            "output_md5": "17f64d0c634dc7b9ccf73b960725443c",
            "output_path": "./resources/auth/login/index.zip",
            "output_sha": "b17a886ede74b9c61b3f89ee80150fe28f91da3d",
            "output_sha256": "b04bfb4923eba9fc40813124fc49a6c5f73fb72844992973d766879cd74d0d69",
            "output_sha512": "e544e13de1b9e30b1044d2cf31521023d3f48d95e3a9bbe8640407827612c7bb6370fafee46fe315083594da6feac0d4ea0f1ca5cd5197a48c595292b4490a37",
            "output_size": 359374,
            "source": [],
            "source_content": null,
            "source_content_filename": null,
            "source_dir": "./lambdas/auth/login",
            "source_file": null,
            "type": "zip"
          },
          "sensitive_attributes": []
        }
      ]
    },
    {
      "module": "module.api_gateway_resources_security_login",
      "mode": "data",
      "type": "aws_apigatewayv2_api",
      "name": "selected",
      "provider": "provider[\"registry.terraform.io/hashicorp/aws\"]",
      "instances": [
        {
          "schema_version": 0,
          "attributes": {
            "api_endpoint": "https://m1hg0o6t7l.execute-api.us-east-1.amazonaws.com",
            "api_id": "m1hg0o6t7l",
            "api_key_selection_expression": "$request.header.x-api-key",
            "arn": "arn:aws:apigateway:us-east-1::/apis/m1hg0o6t7l",
            "cors_configuration": [
              {
                "allow_credentials": false,
                "allow_headers": [
                  "*"
                ],
                "allow_methods": [
                  "DELETE",
                  "GET",
                  "OPTIONS",
                  "POST",
                  "PUT"
                ],
                "allow_origins": [
                  "*",
                  "http://localhost:3000"
                ],
                "expose_headers": [],
                "max_age": 300
              }
            ],
            "description": "api-appma-dev API Gateway",
            "disable_execute_api_endpoint": false,
            "execution_arn": "arn:aws:execute-api:us-east-1:233925838033:m1hg0o6t7l",
            "id": "m1hg0o6t7l",
            "name": "api-appma-dev",
            "protocol_type": "HTTP",
            "route_selection_expression": "$request.method $request.path",
            "tags": {
              "iac": "terraform"
            },
            "version": ""
          },
          "sensitive_attributes": []
        }
      ]
    },
    {
      "module": "module.api_gateway_resources_security_login",
      "mode": "data",
      "type": "aws_caller_identity",
      "name": "current",
      "provider": "provider[\"registry.terraform.io/hashicorp/aws\"]",
      "instances": [
        {
          "schema_version": 0,
          "attributes": {
            "account_id": "233925838033",
            "arn": "arn:aws:iam::233925838033:root",
            "id": "233925838033",
            "user_id": "233925838033"
          },
          "sensitive_attributes": []
        }
      ]
    },
    {
      "module": "module.api_gateway_resources_security_login",
      "mode": "data",
      "type": "aws_iam_policy_document",
      "name": "lambda_policy_document",
      "provider": "provider[\"registry.terraform.io/hashicorp/aws\"]",
      "instances": [
        {
          "schema_version": 0,
          "attributes": {
            "id": "4154882719",
            "json": "{\n  \"Version\": \"2012-10-17\",\n  \"Statement\": [\n    {\n      \"Effect\": \"Allow\",\n      \"Action\": [\n        \"dynamodb:Scan\",\n        \"dynamodb:PutItem\",\n        \"dynamodb:DeleteItem\"\n      ],\n      \"Resource\": [\n        \"arn:aws:dynamodb:us-east-1:233925838033:table/tbl-appma-users-dev\",\n        \"arn:aws:dynamodb:us-east-1:233925838033:table/tbl-appma-token-dev\"\n      ]\n    }\n  ]\n}",
            "minified_json": "{\"Version\":\"2012-10-17\",\"Statement\":[{\"Effect\":\"Allow\",\"Action\":[\"dynamodb:Scan\",\"dynamodb:PutItem\",\"dynamodb:DeleteItem\"],\"Resource\":[\"arn:aws:dynamodb:us-east-1:233925838033:table/tbl-appma-users-dev\",\"arn:aws:dynamodb:us-east-1:233925838033:table/tbl-appma-token-dev\"]}]}",
            "override_json": null,
            "override_policy_documents": null,
            "policy_id": null,
            "source_json": null,
            "source_policy_documents": null,
            "statement": [
              {
                "actions": [
                  "dynamodb:DeleteItem",
                  "dynamodb:PutItem",
                  "dynamodb:Scan"
                ],
                "condition": [],
                "effect": "Allow",
                "not_actions": [],
                "not_principals": [],
                "not_resources": [],
                "principals": [],
                "resources": [
                  "arn:aws:dynamodb:us-east-1:233925838033:table/tbl-appma-token-dev",
                  "arn:aws:dynamodb:us-east-1:233925838033:table/tbl-appma-users-dev"
                ],
                "sid": ""
              }
            ],
            "version": "2012-10-17"
          },
          "sensitive_attributes": []
        }
      ]
    },
    {
      "module": "module.api_gateway_resources_security_login",
      "mode": "data",
      "type": "aws_region",
      "name": "current",
      "provider": "provider[\"registry.terraform.io/hashicorp/aws\"]",
      "instances": [
        {
          "schema_version": 0,
          "attributes": {
            "description": "US East (N. Virginia)",
            "endpoint": "ec2.us-east-1.amazonaws.com",
            "id": "us-east-1",
            "name": "us-east-1"
          },
          "sensitive_attributes": []
        }
      ]
    },
    {
      "module": "module.api_gateway_resources_security_login",
      "mode": "managed",
      "type": "aws_apigatewayv2_integration",
      "name": "lambda_handler",
      "provider": "provider[\"registry.terraform.io/hashicorp/aws\"]",
      "instances": [
        {
          "schema_version": 0,
          "attributes": {
            "api_id": "m1hg0o6t7l",
            "connection_id": "",
            "connection_type": "INTERNET",
            "content_handling_strategy": "",
            "credentials_arn": "",
            "description": "",
            "id": "a0z771f",
            "integration_method": "POST",
            "integration_response_selection_expression": "",
            "integration_subtype": "",
            "integration_type": "AWS_PROXY",
            "integration_uri": "arn:aws:apigateway:us-east-1:lambda:path/2015-03-31/functions/arn:aws:lambda:us-east-1:233925838033:function:lmb-appma-security-login-dev/invocations",
            "passthrough_behavior": "",
            "payload_format_version": "1.0",
            "request_parameters": {},
            "request_templates": {},
            "response_parameters": [],
            "template_selection_expression": "",
            "timeout_milliseconds": 30000,
            "tls_config": []
          },
          "sensitive_attributes": [],
          "private": "bnVsbA==",
          "dependencies": [
            "module.api_gateway.aws_apigatewayv2_api.main",
            "module.api_gateway.aws_apigatewayv2_stage.dev",
            "module.api_gateway.aws_cloudwatch_log_group.main_api_gw",
            "module.api_gateway_resources_security_login.aws_iam_role.lambda_role",
            "module.api_gateway_resources_security_login.aws_lambda_function.html_lambda",
            "module.api_gateway_resources_security_login.data.archive_file.lambda_package",
            "module.api_gateway_resources_security_login.data.aws_apigatewayv2_api.selected",
            "module.token_dynamodb.aws_dynamodb_table.token-dynamodb-table",
            "module.users_dynamodb.aws_dynamodb_table.users-dynamodb-table"
          ]
        }
      ]
    },
    {
      "module": "module.api_gateway_resources_security_login",
      "mode": "managed",
      "type": "aws_apigatewayv2_route",
      "name": "post_handler",
      "provider": "provider[\"registry.terraform.io/hashicorp/aws\"]",
      "instances": [
        {
          "schema_version": 0,
          "attributes": {
            "api_id": "m1hg0o6t7l",
            "api_key_required": false,
            "authorization_scopes": [],
            "authorization_type": "NONE",
            "authorizer_id": "",
            "id": "erf18fk",
            "model_selection_expression": "",
            "operation_name": "",
            "request_models": {},
            "request_parameter": [],
            "route_key": "POST /api/v1/security/login",
            "route_response_selection_expression": "",
            "target": "integrations/a0z771f"
          },
          "sensitive_attributes": [],
          "private": "bnVsbA==",
          "dependencies": [
            "module.api_gateway.aws_apigatewayv2_api.main",
            "module.api_gateway.aws_apigatewayv2_stage.dev",
            "module.api_gateway.aws_cloudwatch_log_group.main_api_gw",
            "module.api_gateway_resources_security_login.aws_apigatewayv2_integration.lambda_handler",
            "module.api_gateway_resources_security_login.aws_iam_role.lambda_role",
            "module.api_gateway_resources_security_login.aws_lambda_function.html_lambda",
            "module.api_gateway_resources_security_login.data.archive_file.lambda_package",
            "module.api_gateway_resources_security_login.data.aws_apigatewayv2_api.selected",
            "module.token_dynamodb.aws_dynamodb_table.token-dynamodb-table",
            "module.users_dynamodb.aws_dynamodb_table.users-dynamodb-table"
          ]
        }
      ]
    },
    {
      "module": "module.api_gateway_resources_security_login",
      "mode": "managed",
      "type": "aws_cloudwatch_log_group",
      "name": "html_loggroup_lambda",
      "provider": "provider[\"registry.terraform.io/hashicorp/aws\"]",
      "instances": [
        {
          "schema_version": 0,
          "attributes": {
            "arn": "arn:aws:logs:us-east-1:233925838033:log-group:/aws/lambda/lmb-appma-security-login-dev",
            "id": "/aws/lambda/lmb-appma-security-login-dev",
            "kms_key_id": "",
            "log_group_class": "STANDARD",
            "name": "/aws/lambda/lmb-appma-security-login-dev",
            "name_prefix": "",
            "retention_in_days": 0,
            "skip_destroy": false,
            "tags": {},
            "tags_all": {
              "iac": "terraform"
            }
          },
          "sensitive_attributes": [],
          "private": "bnVsbA==",
          "dependencies": [
            "module.api_gateway.aws_apigatewayv2_api.main",
            "module.api_gateway.aws_apigatewayv2_stage.dev",
            "module.api_gateway.aws_cloudwatch_log_group.main_api_gw",
            "module.api_gateway_resources_security_login.aws_iam_role.lambda_role",
            "module.api_gateway_resources_security_login.aws_lambda_function.html_lambda",
            "module.api_gateway_resources_security_login.data.archive_file.lambda_package",
            "module.token_dynamodb.aws_dynamodb_table.token-dynamodb-table",
            "module.users_dynamodb.aws_dynamodb_table.users-dynamodb-table"
          ]
        }
      ]
    },
    {
      "module": "module.api_gateway_resources_security_login",
      "mode": "managed",
      "type": "aws_iam_policy",
      "name": "dynamodb_lambda_policy",
      "provider": "provider[\"registry.terraform.io/hashicorp/aws\"]",
      "instances": [
        {
          "schema_version": 0,
          "attributes": {
            "arn": "arn:aws:iam::233925838033:policy/policy-appma-security-login-dev",
            "attachment_count": 1,
            "description": "This policy will be used by the lambda to write get data from DynamoDB",
            "id": "arn:aws:iam::233925838033:policy/policy-appma-security-login-dev",
            "name": "policy-appma-security-login-dev",
            "name_prefix": "",
            "path": "/",
            "policy": "{\"Statement\":[{\"Action\":[\"dynamodb:Scan\",\"dynamodb:PutItem\",\"dynamodb:DeleteItem\"],\"Effect\":\"Allow\",\"Resource\":[\"arn:aws:dynamodb:us-east-1:233925838033:table/tbl-appma-users-dev\",\"arn:aws:dynamodb:us-east-1:233925838033:table/tbl-appma-token-dev\"]}],\"Version\":\"2012-10-17\"}",
            "policy_id": "ANPATM5YRATIUCW52NU4Z",
            "tags": {},
            "tags_all": {
              "iac": "terraform"
            }
          },
          "sensitive_attributes": [],
          "private": "bnVsbA==",
          "dependencies": [
            "module.api_gateway.aws_apigatewayv2_api.main",
            "module.api_gateway.aws_apigatewayv2_stage.dev",
            "module.api_gateway.aws_cloudwatch_log_group.main_api_gw",
            "module.api_gateway_resources_security_login.data.aws_caller_identity.current",
            "module.api_gateway_resources_security_login.data.aws_iam_policy_document.lambda_policy_document",
            "module.api_gateway_resources_security_login.data.aws_region.current",
            "module.token_dynamodb.aws_dynamodb_table.token-dynamodb-table",
            "module.users_dynamodb.aws_dynamodb_table.users-dynamodb-table"
          ]
        }
      ]
    },
    {
      "module": "module.api_gateway_resources_security_login",
      "mode": "managed",
      "type": "aws_iam_role",
      "name": "lambda_role",
      "provider": "provider[\"registry.terraform.io/hashicorp/aws\"]",
      "instances": [
        {
          "schema_version": 0,
          "attributes": {
            "arn": "arn:aws:iam::233925838033:role/role-appma-security-login-dev",
            "assume_role_policy": "{\"Statement\":[{\"Action\":\"sts:AssumeRole\",\"Effect\":\"Allow\",\"Principal\":{\"Service\":\"lambda.amazonaws.com\"}}],\"Version\":\"2012-10-17\"}",
            "create_date": "2024-11-12T21:10:46Z",
            "description": "",
            "force_detach_policies": false,
            "id": "role-appma-security-login-dev",
            "inline_policy": [],
            "managed_policy_arns": [
              "arn:aws:iam::233925838033:policy/policy-appma-security-login-dev",
              "arn:aws:iam::aws:policy/service-role/AWSLambdaBasicExecutionRole"
            ],
            "max_session_duration": 3600,
            "name": "role-appma-security-login-dev",
            "name_prefix": "",
            "path": "/",
            "permissions_boundary": "",
            "tags": {},
            "tags_all": {
              "iac": "terraform"
            },
            "unique_id": "AROATM5YRATIURKBYFAZL"
          },
          "sensitive_attributes": [],
          "private": "bnVsbA==",
          "dependencies": [
            "module.api_gateway.aws_apigatewayv2_api.main",
            "module.api_gateway.aws_apigatewayv2_stage.dev",
            "module.api_gateway.aws_cloudwatch_log_group.main_api_gw",
            "module.token_dynamodb.aws_dynamodb_table.token-dynamodb-table",
            "module.users_dynamodb.aws_dynamodb_table.users-dynamodb-table"
          ]
        }
      ]
    },
    {
      "module": "module.api_gateway_resources_security_login",
      "mode": "managed",
      "type": "aws_iam_role_policy_attachment",
      "name": "lambda_attachements",
      "provider": "provider[\"registry.terraform.io/hashicorp/aws\"]",
      "instances": [
        {
          "schema_version": 0,
          "attributes": {
            "id": "role-appma-security-login-dev-20241112211047247600000010",
            "policy_arn": "arn:aws:iam::233925838033:policy/policy-appma-security-login-dev",
            "role": "role-appma-security-login-dev"
          },
          "sensitive_attributes": [],
          "private": "bnVsbA==",
          "dependencies": [
            "module.api_gateway.aws_apigatewayv2_api.main",
            "module.api_gateway.aws_apigatewayv2_stage.dev",
            "module.api_gateway.aws_cloudwatch_log_group.main_api_gw",
            "module.api_gateway_resources_security_login.aws_iam_policy.dynamodb_lambda_policy",
            "module.api_gateway_resources_security_login.aws_iam_role.lambda_role",
            "module.api_gateway_resources_security_login.data.aws_caller_identity.current",
            "module.api_gateway_resources_security_login.data.aws_iam_policy_document.lambda_policy_document",
            "module.api_gateway_resources_security_login.data.aws_region.current",
            "module.token_dynamodb.aws_dynamodb_table.token-dynamodb-table",
            "module.users_dynamodb.aws_dynamodb_table.users-dynamodb-table"
          ]
        }
      ]
    },
    {
      "module": "module.api_gateway_resources_security_login",
      "mode": "managed",
      "type": "aws_iam_role_policy_attachment",
      "name": "lambda_role_policy",
      "provider": "provider[\"registry.terraform.io/hashicorp/aws\"]",
      "instances": [
        {
          "schema_version": 0,
          "attributes": {
            "id": "role-appma-security-login-dev-2024111221104723680000000f",
            "policy_arn": "arn:aws:iam::aws:policy/service-role/AWSLambdaBasicExecutionRole",
            "role": "role-appma-security-login-dev"
          },
          "sensitive_attributes": [],
          "private": "bnVsbA==",
          "dependencies": [
            "module.api_gateway.aws_apigatewayv2_api.main",
            "module.api_gateway.aws_apigatewayv2_stage.dev",
            "module.api_gateway.aws_cloudwatch_log_group.main_api_gw",
            "module.api_gateway_resources_security_login.aws_iam_role.lambda_role",
            "module.token_dynamodb.aws_dynamodb_table.token-dynamodb-table",
            "module.users_dynamodb.aws_dynamodb_table.users-dynamodb-table"
          ]
        }
      ]
    },
    {
      "module": "module.api_gateway_resources_security_login",
      "mode": "managed",
      "type": "aws_lambda_function",
      "name": "html_lambda",
      "provider": "provider[\"registry.terraform.io/hashicorp/aws\"]",
      "instances": [
        {
          "schema_version": 0,
          "attributes": {
            "architectures": [
              "arm64"
            ],
            "arn": "arn:aws:lambda:us-east-1:233925838033:function:lmb-appma-security-login-dev",
            "code_sha256": "sEv7SSPrqfxAgTEk/Emmxfc/tyhEmSlz12aHnNdNDWk=",
            "code_signing_config_arn": "",
            "dead_letter_config": [],
            "description": "",
            "environment": [],
            "ephemeral_storage": [
              {
                "size": 512
              }
            ],
            "file_system_config": [],
            "filename": "./resources/auth/login/index.zip",
            "function_name": "lmb-appma-security-login-dev",
            "handler": "index.handler",
            "id": "lmb-appma-security-login-dev",
            "image_config": [],
            "image_uri": "",
            "invoke_arn": "arn:aws:apigateway:us-east-1:lambda:path/2015-03-31/functions/arn:aws:lambda:us-east-1:233925838033:function:lmb-appma-security-login-dev/invocations",
            "kms_key_arn": "",
            "last_modified": "2024-11-14T14:28:32.000+0000",
            "layers": [],
            "logging_config": [
              {
                "application_log_level": "",
                "log_format": "Text",
                "log_group": "/aws/lambda/lmb-appma-security-login-dev",
                "system_log_level": ""
              }
            ],
            "memory_size": 128,
            "package_type": "Zip",
            "publish": false,
            "qualified_arn": "arn:aws:lambda:us-east-1:233925838033:function:lmb-appma-security-login-dev:$LATEST",
            "qualified_invoke_arn": "arn:aws:apigateway:us-east-1:lambda:path/2015-03-31/functions/arn:aws:lambda:us-east-1:233925838033:function:lmb-appma-security-login-dev:$LATEST/invocations",
            "replace_security_groups_on_destroy": null,
            "replacement_security_group_ids": null,
            "reserved_concurrent_executions": -1,
            "role": "arn:aws:iam::233925838033:role/role-appma-security-login-dev",
            "runtime": "nodejs20.x",
            "s3_bucket": null,
            "s3_key": null,
            "s3_object_version": null,
            "signing_job_arn": "",
            "signing_profile_version_arn": "",
            "skip_destroy": false,
            "snap_start": [],
            "source_code_hash": "sEv7SSPrqfxAgTEk/Emmxfc/tyhEmSlz12aHnNdNDWk=",
            "source_code_size": 359374,
            "tags": {
              "component": "login",
              "domain": "security",
              "env": "dev"
            },
            "tags_all": {
              "component": "login",
              "domain": "security",
              "env": "dev",
              "iac": "terraform"
            },
            "timeout": 30,
            "timeouts": null,
            "tracing_config": [
              {
                "mode": "PassThrough"
              }
            ],
            "version": "$LATEST",
            "vpc_config": []
          },
          "sensitive_attributes": [],
          "private": "eyJlMmJmYjczMC1lY2FhLTExZTYtOGY4OC0zNDM2M2JjN2M0YzAiOnsiY3JlYXRlIjo2MDAwMDAwMDAwMDAsImRlbGV0ZSI6NjAwMDAwMDAwMDAwLCJ1cGRhdGUiOjYwMDAwMDAwMDAwMH19",
          "dependencies": [
            "module.api_gateway.aws_apigatewayv2_api.main",
            "module.api_gateway.aws_apigatewayv2_stage.dev",
            "module.api_gateway.aws_cloudwatch_log_group.main_api_gw",
            "module.api_gateway_resources_security_login.aws_iam_role.lambda_role",
            "module.api_gateway_resources_security_login.data.archive_file.lambda_package",
            "module.token_dynamodb.aws_dynamodb_table.token-dynamodb-table",
            "module.users_dynamodb.aws_dynamodb_table.users-dynamodb-table"
          ]
        }
      ]
    },
    {
      "module": "module.api_gateway_resources_security_login",
      "mode": "managed",
      "type": "aws_lambda_permission",
      "name": "api_gw",
      "provider": "provider[\"registry.terraform.io/hashicorp/aws\"]",
      "instances": [
        {
          "schema_version": 0,
          "attributes": {
            "action": "lambda:InvokeFunction",
            "event_source_token": null,
            "function_name": "lmb-appma-security-login-dev",
            "function_url_auth_type": null,
            "id": "AllowExecutionFromAPIGateway",
            "principal": "apigateway.amazonaws.com",
            "principal_org_id": null,
            "qualifier": "",
            "source_account": null,
            "source_arn": "arn:aws:execute-api:us-east-1:233925838033:m1hg0o6t7l/*/*",
            "statement_id": "AllowExecutionFromAPIGateway",
            "statement_id_prefix": ""
          },
          "sensitive_attributes": [],
          "private": "bnVsbA==",
          "dependencies": [
            "module.api_gateway.aws_apigatewayv2_api.main",
            "module.api_gateway.aws_apigatewayv2_stage.dev",
            "module.api_gateway.aws_cloudwatch_log_group.main_api_gw",
            "module.api_gateway_resources_security_login.aws_iam_role.lambda_role",
            "module.api_gateway_resources_security_login.aws_lambda_function.html_lambda",
            "module.api_gateway_resources_security_login.data.archive_file.lambda_package",
            "module.api_gateway_resources_security_login.data.aws_apigatewayv2_api.selected",
            "module.token_dynamodb.aws_dynamodb_table.token-dynamodb-table",
            "module.users_dynamodb.aws_dynamodb_table.users-dynamodb-table"
          ]
        }
      ]
    },
    {
      "module": "module.api_gateway_resources_users_create",
      "mode": "data",
      "type": "archive_file",
      "name": "lambda_package",
      "provider": "provider[\"registry.terraform.io/hashicorp/archive\"]",
      "instances": [
        {
          "schema_version": 0,
          "attributes": {
            "exclude_symlink_directories": null,
            "excludes": null,
            "id": "8516e13775c1a9e95653c084ccb8a0be3e53bce8",
            "output_base64sha256": "vMIlUkaid306JfNYSO8l8J3gRZPY0EBf+zZtw5buRWE=",
            "output_base64sha512": "RvfDwB6K6a0f5vaAx+29druK/kC5R2hg3nQ20YvR4Z16NnyIXI8us6keBiM70pSm4GXfHzp4+NPT31PAcnuh5g==",
            "output_file_mode": null,
            "output_md5": "d12f6440d32c07334d47201fb401f574",
            "output_path": "./resources/core/users-create/index.zip",
            "output_sha": "8516e13775c1a9e95653c084ccb8a0be3e53bce8",
            "output_sha256": "bcc2255246a2777d3a25f35848ef25f09de04593d8d0405ffb366dc396ee4561",
            "output_sha512": "46f7c3c01e8ae9ad1fe6f680c7edbd76bb8afe40b9476860de7436d18bd1e19d7a367c885c8f2eb3a91e06233bd294a6e065df1f3a78f8d3d3df53c0727ba1e6",
            "output_size": 359925,
            "source": [],
            "source_content": null,
            "source_content_filename": null,
            "source_dir": "./lambdas/core/users-create",
            "source_file": null,
            "type": "zip"
          },
          "sensitive_attributes": []
        }
      ]
    },
    {
      "module": "module.api_gateway_resources_users_create",
      "mode": "data",
      "type": "aws_apigatewayv2_api",
      "name": "selected",
      "provider": "provider[\"registry.terraform.io/hashicorp/aws\"]",
      "instances": [
        {
          "schema_version": 0,
          "attributes": {
            "api_endpoint": "https://m1hg0o6t7l.execute-api.us-east-1.amazonaws.com",
            "api_id": "m1hg0o6t7l",
            "api_key_selection_expression": "$request.header.x-api-key",
            "arn": "arn:aws:apigateway:us-east-1::/apis/m1hg0o6t7l",
            "cors_configuration": [
              {
                "allow_credentials": false,
                "allow_headers": [
                  "*"
                ],
                "allow_methods": [
                  "DELETE",
                  "GET",
                  "OPTIONS",
                  "POST",
                  "PUT"
                ],
                "allow_origins": [
                  "*",
                  "http://localhost:3000"
                ],
                "expose_headers": [],
                "max_age": 300
              }
            ],
            "description": "api-appma-dev API Gateway",
            "disable_execute_api_endpoint": false,
            "execution_arn": "arn:aws:execute-api:us-east-1:233925838033:m1hg0o6t7l",
            "id": "m1hg0o6t7l",
            "name": "api-appma-dev",
            "protocol_type": "HTTP",
            "route_selection_expression": "$request.method $request.path",
            "tags": {
              "iac": "terraform"
            },
            "version": ""
          },
          "sensitive_attributes": []
        }
      ]
    },
    {
      "module": "module.api_gateway_resources_users_create",
      "mode": "data",
      "type": "aws_caller_identity",
      "name": "current",
      "provider": "provider[\"registry.terraform.io/hashicorp/aws\"]",
      "instances": [
        {
          "schema_version": 0,
          "attributes": {
            "account_id": "233925838033",
            "arn": "arn:aws:iam::233925838033:root",
            "id": "233925838033",
            "user_id": "233925838033"
          },
          "sensitive_attributes": []
        }
      ]
    },
    {
      "module": "module.api_gateway_resources_users_create",
      "mode": "data",
      "type": "aws_iam_policy_document",
      "name": "lambda_policy_document",
      "provider": "provider[\"registry.terraform.io/hashicorp/aws\"]",
      "instances": [
        {
          "schema_version": 0,
          "attributes": {
            "id": "2587678147",
            "json": "{\n  \"Version\": \"2012-10-17\",\n  \"Statement\": [\n    {\n      \"Effect\": \"Allow\",\n      \"Action\": [\n        \"dynamodb:Scan\",\n        \"dynamodb:PutItem\"\n      ],\n      \"Resource\": \"arn:aws:dynamodb:us-east-1:233925838033:table/tbl-appma-users-dev\"\n    }\n  ]\n}",
            "minified_json": "{\"Version\":\"2012-10-17\",\"Statement\":[{\"Effect\":\"Allow\",\"Action\":[\"dynamodb:Scan\",\"dynamodb:PutItem\"],\"Resource\":\"arn:aws:dynamodb:us-east-1:233925838033:table/tbl-appma-users-dev\"}]}",
            "override_json": null,
            "override_policy_documents": null,
            "policy_id": null,
            "source_json": null,
            "source_policy_documents": null,
            "statement": [
              {
                "actions": [
                  "dynamodb:PutItem",
                  "dynamodb:Scan"
                ],
                "condition": [],
                "effect": "Allow",
                "not_actions": [],
                "not_principals": [],
                "not_resources": [],
                "principals": [],
                "resources": [
                  "arn:aws:dynamodb:us-east-1:233925838033:table/tbl-appma-users-dev"
                ],
                "sid": ""
              }
            ],
            "version": "2012-10-17"
          },
          "sensitive_attributes": []
        }
      ]
    },
    {
      "module": "module.api_gateway_resources_users_create",
      "mode": "data",
      "type": "aws_region",
      "name": "current",
      "provider": "provider[\"registry.terraform.io/hashicorp/aws\"]",
      "instances": [
        {
          "schema_version": 0,
          "attributes": {
            "description": "US East (N. Virginia)",
            "endpoint": "ec2.us-east-1.amazonaws.com",
            "id": "us-east-1",
            "name": "us-east-1"
          },
          "sensitive_attributes": []
        }
      ]
    },
    {
      "module": "module.api_gateway_resources_users_create",
      "mode": "managed",
      "type": "aws_apigatewayv2_integration",
      "name": "lambda_handler",
      "provider": "provider[\"registry.terraform.io/hashicorp/aws\"]",
      "instances": [
        {
          "schema_version": 0,
          "attributes": {
            "api_id": "m1hg0o6t7l",
            "connection_id": "",
            "connection_type": "INTERNET",
            "content_handling_strategy": "",
            "credentials_arn": "",
            "description": "",
            "id": "lvx5kft",
            "integration_method": "POST",
            "integration_response_selection_expression": "",
            "integration_subtype": "",
            "integration_type": "AWS_PROXY",
            "integration_uri": "arn:aws:apigateway:us-east-1:lambda:path/2015-03-31/functions/arn:aws:lambda:us-east-1:233925838033:function:lmb-appma-users-create-dev/invocations",
            "passthrough_behavior": "",
            "payload_format_version": "1.0",
            "request_parameters": {},
            "request_templates": {},
            "response_parameters": [],
            "template_selection_expression": "",
            "timeout_milliseconds": 30000,
            "tls_config": []
          },
          "sensitive_attributes": [],
          "private": "bnVsbA==",
          "dependencies": [
            "module.api_gateway.aws_apigatewayv2_api.main",
            "module.api_gateway.aws_apigatewayv2_stage.dev",
            "module.api_gateway.aws_cloudwatch_log_group.main_api_gw",
            "module.api_gateway_resources_users_create.aws_iam_role.lambda_role",
            "module.api_gateway_resources_users_create.aws_lambda_function.html_lambda",
            "module.api_gateway_resources_users_create.data.archive_file.lambda_package",
            "module.api_gateway_resources_users_create.data.aws_apigatewayv2_api.selected",
            "module.users_dynamodb.aws_dynamodb_table.users-dynamodb-table"
          ]
        }
      ]
    },
    {
      "module": "module.api_gateway_resources_users_create",
      "mode": "managed",
      "type": "aws_apigatewayv2_route",
      "name": "post_handler",
      "provider": "provider[\"registry.terraform.io/hashicorp/aws\"]",
      "instances": [
        {
          "schema_version": 0,
          "attributes": {
            "api_id": "m1hg0o6t7l",
            "api_key_required": false,
            "authorization_scopes": [],
            "authorization_type": "NONE",
            "authorizer_id": "",
            "id": "s08l7ni",
            "model_selection_expression": "",
            "operation_name": "",
            "request_models": {},
            "request_parameter": [],
            "route_key": "POST /api/v1/users",
            "route_response_selection_expression": "",
            "target": "integrations/lvx5kft"
          },
          "sensitive_attributes": [],
          "private": "bnVsbA==",
          "dependencies": [
            "module.api_gateway.aws_apigatewayv2_api.main",
            "module.api_gateway.aws_apigatewayv2_stage.dev",
            "module.api_gateway.aws_cloudwatch_log_group.main_api_gw",
            "module.api_gateway_resources_users_create.aws_apigatewayv2_integration.lambda_handler",
            "module.api_gateway_resources_users_create.aws_iam_role.lambda_role",
            "module.api_gateway_resources_users_create.aws_lambda_function.html_lambda",
            "module.api_gateway_resources_users_create.data.archive_file.lambda_package",
            "module.api_gateway_resources_users_create.data.aws_apigatewayv2_api.selected",
            "module.users_dynamodb.aws_dynamodb_table.users-dynamodb-table"
          ]
        }
      ]
    },
    {
      "module": "module.api_gateway_resources_users_create",
      "mode": "managed",
      "type": "aws_cloudwatch_log_group",
      "name": "html_loggroup_lambda",
      "provider": "provider[\"registry.terraform.io/hashicorp/aws\"]",
      "instances": [
        {
          "schema_version": 0,
          "attributes": {
            "arn": "arn:aws:logs:us-east-1:233925838033:log-group:/aws/lambda/lmb-appma-users-create-dev",
            "id": "/aws/lambda/lmb-appma-users-create-dev",
            "kms_key_id": "",
            "log_group_class": "STANDARD",
            "name": "/aws/lambda/lmb-appma-users-create-dev",
            "name_prefix": "",
            "retention_in_days": 0,
            "skip_destroy": false,
            "tags": {},
            "tags_all": {
              "iac": "terraform"
            }
          },
          "sensitive_attributes": [],
          "private": "bnVsbA==",
          "dependencies": [
            "module.api_gateway.aws_apigatewayv2_api.main",
            "module.api_gateway.aws_apigatewayv2_stage.dev",
            "module.api_gateway.aws_cloudwatch_log_group.main_api_gw",
            "module.api_gateway_resources_users_create.aws_iam_role.lambda_role",
            "module.api_gateway_resources_users_create.aws_lambda_function.html_lambda",
            "module.api_gateway_resources_users_create.data.archive_file.lambda_package",
            "module.users_dynamodb.aws_dynamodb_table.users-dynamodb-table"
          ]
        }
      ]
    },
    {
      "module": "module.api_gateway_resources_users_create",
      "mode": "managed",
      "type": "aws_iam_policy",
      "name": "dynamodb_lambda_policy",
      "provider": "provider[\"registry.terraform.io/hashicorp/aws\"]",
      "instances": [
        {
          "schema_version": 0,
          "attributes": {
            "arn": "arn:aws:iam::233925838033:policy/policy-appma-users-create-dev",
            "attachment_count": 1,
            "description": "This policy will be used by the lambda to write get data from DynamoDB",
            "id": "arn:aws:iam::233925838033:policy/policy-appma-users-create-dev",
            "name": "policy-appma-users-create-dev",
            "name_prefix": "",
            "path": "/",
            "policy": "{\"Statement\":[{\"Action\":[\"dynamodb:Scan\",\"dynamodb:PutItem\"],\"Effect\":\"Allow\",\"Resource\":\"arn:aws:dynamodb:us-east-1:233925838033:table/tbl-appma-users-dev\"}],\"Version\":\"2012-10-17\"}",
            "policy_id": "ANPATM5YRATI75RTIL6PU",
            "tags": {},
            "tags_all": {
              "iac": "terraform"
            }
          },
          "sensitive_attributes": [],
          "private": "bnVsbA==",
          "dependencies": [
            "module.api_gateway.aws_apigatewayv2_api.main",
            "module.api_gateway.aws_apigatewayv2_stage.dev",
            "module.api_gateway.aws_cloudwatch_log_group.main_api_gw",
            "module.api_gateway_resources_users_create.data.aws_caller_identity.current",
            "module.api_gateway_resources_users_create.data.aws_iam_policy_document.lambda_policy_document",
            "module.api_gateway_resources_users_create.data.aws_region.current",
            "module.users_dynamodb.aws_dynamodb_table.users-dynamodb-table"
          ]
        }
      ]
    },
    {
      "module": "module.api_gateway_resources_users_create",
      "mode": "managed",
      "type": "aws_iam_role",
      "name": "lambda_role",
      "provider": "provider[\"registry.terraform.io/hashicorp/aws\"]",
      "instances": [
        {
          "schema_version": 0,
          "attributes": {
            "arn": "arn:aws:iam::233925838033:role/role-appma-users-create-dev",
            "assume_role_policy": "{\"Statement\":[{\"Action\":\"sts:AssumeRole\",\"Effect\":\"Allow\",\"Principal\":{\"Service\":\"lambda.amazonaws.com\"}}],\"Version\":\"2012-10-17\"}",
            "create_date": "2024-11-13T16:55:42Z",
            "description": "",
            "force_detach_policies": false,
            "id": "role-appma-users-create-dev",
            "inline_policy": [],
            "managed_policy_arns": [
              "arn:aws:iam::233925838033:policy/policy-appma-users-create-dev",
              "arn:aws:iam::aws:policy/service-role/AWSLambdaBasicExecutionRole"
            ],
            "max_session_duration": 3600,
            "name": "role-appma-users-create-dev",
            "name_prefix": "",
            "path": "/",
            "permissions_boundary": "",
            "tags": {},
            "tags_all": {
              "iac": "terraform"
            },
            "unique_id": "AROATM5YRATIWS2M3MS7X"
          },
          "sensitive_attributes": [],
          "private": "bnVsbA==",
          "dependencies": [
            "module.api_gateway.aws_apigatewayv2_api.main",
            "module.api_gateway.aws_apigatewayv2_stage.dev",
            "module.api_gateway.aws_cloudwatch_log_group.main_api_gw",
            "module.users_dynamodb.aws_dynamodb_table.users-dynamodb-table"
          ]
        }
      ]
    },
    {
      "module": "module.api_gateway_resources_users_create",
      "mode": "managed",
      "type": "aws_iam_role_policy_attachment",
      "name": "lambda_attachements",
      "provider": "provider[\"registry.terraform.io/hashicorp/aws\"]",
      "instances": [
        {
          "schema_version": 0,
          "attributes": {
            "id": "role-appma-users-create-dev-20241113165542812600000001",
            "policy_arn": "arn:aws:iam::233925838033:policy/policy-appma-users-create-dev",
            "role": "role-appma-users-create-dev"
          },
          "sensitive_attributes": [],
          "private": "bnVsbA==",
          "dependencies": [
            "module.api_gateway.aws_apigatewayv2_api.main",
            "module.api_gateway.aws_apigatewayv2_stage.dev",
            "module.api_gateway.aws_cloudwatch_log_group.main_api_gw",
            "module.api_gateway_resources_users_create.aws_iam_policy.dynamodb_lambda_policy",
            "module.api_gateway_resources_users_create.aws_iam_role.lambda_role",
            "module.api_gateway_resources_users_create.data.aws_caller_identity.current",
            "module.api_gateway_resources_users_create.data.aws_iam_policy_document.lambda_policy_document",
            "module.api_gateway_resources_users_create.data.aws_region.current",
            "module.users_dynamodb.aws_dynamodb_table.users-dynamodb-table"
          ]
        }
      ]
    },
    {
      "module": "module.api_gateway_resources_users_create",
      "mode": "managed",
      "type": "aws_iam_role_policy_attachment",
      "name": "lambda_role_policy",
      "provider": "provider[\"registry.terraform.io/hashicorp/aws\"]",
      "instances": [
        {
          "schema_version": 0,
          "attributes": {
            "id": "role-appma-users-create-dev-20241113165542821000000002",
            "policy_arn": "arn:aws:iam::aws:policy/service-role/AWSLambdaBasicExecutionRole",
            "role": "role-appma-users-create-dev"
          },
          "sensitive_attributes": [],
          "private": "bnVsbA==",
          "dependencies": [
            "module.api_gateway.aws_apigatewayv2_api.main",
            "module.api_gateway.aws_apigatewayv2_stage.dev",
            "module.api_gateway.aws_cloudwatch_log_group.main_api_gw",
            "module.api_gateway_resources_users_create.aws_iam_role.lambda_role",
            "module.users_dynamodb.aws_dynamodb_table.users-dynamodb-table"
          ]
        }
      ]
    },
    {
      "module": "module.api_gateway_resources_users_create",
      "mode": "managed",
      "type": "aws_lambda_function",
      "name": "html_lambda",
      "provider": "provider[\"registry.terraform.io/hashicorp/aws\"]",
      "instances": [
        {
          "schema_version": 0,
          "attributes": {
            "architectures": [
              "arm64"
            ],
            "arn": "arn:aws:lambda:us-east-1:233925838033:function:lmb-appma-users-create-dev",
            "code_sha256": "vMIlUkaid306JfNYSO8l8J3gRZPY0EBf+zZtw5buRWE=",
            "code_signing_config_arn": "",
            "dead_letter_config": [],
            "description": "",
            "environment": [],
            "ephemeral_storage": [
              {
                "size": 512
              }
            ],
            "file_system_config": [],
            "filename": "./resources/core/users-create/index.zip",
            "function_name": "lmb-appma-users-create-dev",
            "handler": "index.handler",
            "id": "lmb-appma-users-create-dev",
            "image_config": [],
            "image_uri": "",
            "invoke_arn": "arn:aws:apigateway:us-east-1:lambda:path/2015-03-31/functions/arn:aws:lambda:us-east-1:233925838033:function:lmb-appma-users-create-dev/invocations",
            "kms_key_arn": "",
            "last_modified": "2024-11-14T14:28:53.000+0000",
            "layers": [],
            "logging_config": [
              {
                "application_log_level": "",
                "log_format": "Text",
                "log_group": "/aws/lambda/lmb-appma-users-create-dev",
                "system_log_level": ""
              }
            ],
            "memory_size": 128,
            "package_type": "Zip",
            "publish": false,
            "qualified_arn": "arn:aws:lambda:us-east-1:233925838033:function:lmb-appma-users-create-dev:$LATEST",
            "qualified_invoke_arn": "arn:aws:apigateway:us-east-1:lambda:path/2015-03-31/functions/arn:aws:lambda:us-east-1:233925838033:function:lmb-appma-users-create-dev:$LATEST/invocations",
            "replace_security_groups_on_destroy": null,
            "replacement_security_group_ids": null,
            "reserved_concurrent_executions": -1,
            "role": "arn:aws:iam::233925838033:role/role-appma-users-create-dev",
            "runtime": "nodejs20.x",
            "s3_bucket": null,
            "s3_key": null,
            "s3_object_version": null,
            "signing_job_arn": "",
            "signing_profile_version_arn": "",
            "skip_destroy": false,
            "snap_start": [],
            "source_code_hash": "vMIlUkaid306JfNYSO8l8J3gRZPY0EBf+zZtw5buRWE=",
            "source_code_size": 359925,
            "tags": {
              "component": "users-create",
              "domain": "core",
              "env": "dev"
            },
            "tags_all": {
              "component": "users-create",
              "domain": "core",
              "env": "dev",
              "iac": "terraform"
            },
            "timeout": 30,
            "timeouts": null,
            "tracing_config": [
              {
                "mode": "PassThrough"
              }
            ],
            "version": "$LATEST",
            "vpc_config": []
          },
          "sensitive_attributes": [],
          "private": "eyJlMmJmYjczMC1lY2FhLTExZTYtOGY4OC0zNDM2M2JjN2M0YzAiOnsiY3JlYXRlIjo2MDAwMDAwMDAwMDAsImRlbGV0ZSI6NjAwMDAwMDAwMDAwLCJ1cGRhdGUiOjYwMDAwMDAwMDAwMH19",
          "dependencies": [
            "module.api_gateway.aws_apigatewayv2_api.main",
            "module.api_gateway.aws_apigatewayv2_stage.dev",
            "module.api_gateway.aws_cloudwatch_log_group.main_api_gw",
            "module.api_gateway_resources_users_create.aws_iam_role.lambda_role",
            "module.api_gateway_resources_users_create.data.archive_file.lambda_package",
            "module.users_dynamodb.aws_dynamodb_table.users-dynamodb-table"
          ]
        }
      ]
    },
    {
      "module": "module.api_gateway_resources_users_create",
      "mode": "managed",
      "type": "aws_lambda_permission",
      "name": "api_gw",
      "provider": "provider[\"registry.terraform.io/hashicorp/aws\"]",
      "instances": [
        {
          "schema_version": 0,
          "attributes": {
            "action": "lambda:InvokeFunction",
            "event_source_token": null,
            "function_name": "lmb-appma-users-create-dev",
            "function_url_auth_type": null,
            "id": "AllowExecutionFromAPIGateway",
            "principal": "apigateway.amazonaws.com",
            "principal_org_id": null,
            "qualifier": "",
            "source_account": null,
            "source_arn": "arn:aws:execute-api:us-east-1:233925838033:m1hg0o6t7l/*/*",
            "statement_id": "AllowExecutionFromAPIGateway",
            "statement_id_prefix": ""
          },
          "sensitive_attributes": [],
          "private": "bnVsbA==",
          "dependencies": [
            "module.api_gateway.aws_apigatewayv2_api.main",
            "module.api_gateway.aws_apigatewayv2_stage.dev",
            "module.api_gateway.aws_cloudwatch_log_group.main_api_gw",
            "module.api_gateway_resources_users_create.aws_iam_role.lambda_role",
            "module.api_gateway_resources_users_create.aws_lambda_function.html_lambda",
            "module.api_gateway_resources_users_create.data.archive_file.lambda_package",
            "module.api_gateway_resources_users_create.data.aws_apigatewayv2_api.selected",
            "module.users_dynamodb.aws_dynamodb_table.users-dynamodb-table"
          ]
        }
      ]
    },
    {
      "module": "module.projects_dynamodb",
      "mode": "managed",
      "type": "aws_dynamodb_table",
      "name": "customers-dynamodb-table",
      "provider": "provider[\"registry.terraform.io/hashicorp/aws\"]",
      "instances": [
        {
          "schema_version": 1,
          "attributes": {
            "arn": "arn:aws:dynamodb:us-east-1:233925838033:table/tbl-appma-projects-dev",
            "attribute": [
              {
                "name": "id",
                "type": "S"
              },
              {
                "name": "userId",
                "type": "S"
              }
            ],
            "billing_mode": "PAY_PER_REQUEST",
            "deletion_protection_enabled": false,
            "global_secondary_index": [],
            "hash_key": "id",
            "id": "tbl-appma-projects-dev",
            "import_table": [],
            "local_secondary_index": [],
            "name": "tbl-appma-projects-dev",
            "on_demand_throughput": [],
            "point_in_time_recovery": [
              {
                "enabled": false
              }
            ],
            "range_key": "userId",
            "read_capacity": 0,
            "replica": [],
            "restore_date_time": null,
            "restore_source_name": null,
            "restore_source_table_arn": null,
            "restore_to_latest_time": null,
            "server_side_encryption": [],
            "stream_arn": "",
            "stream_enabled": false,
            "stream_label": "",
            "stream_view_type": "",
            "table_class": "STANDARD",
            "tags": {
              "APP_NAME": "appma",
              "ENVIRONMENT": "dev",
              "JTW_SECRET_VALUE": "secret",
              "JWT_TOKEN_LIFE": "1000",
              "LOGGER_LEVEL": "DEBUG",
              "REGION": "us-east-1"
            },
            "tags_all": {
              "APP_NAME": "appma",
              "ENVIRONMENT": "dev",
              "JTW_SECRET_VALUE": "secret",
              "JWT_TOKEN_LIFE": "1000",
              "LOGGER_LEVEL": "DEBUG",
              "REGION": "us-east-1",
              "iac": "terraform"
            },
            "timeouts": null,
            "ttl": [
              {
                "attribute_name": "",
                "enabled": false
              }
            ],
            "write_capacity": 0
          },
          "sensitive_attributes": [],
          "private": "eyJlMmJmYjczMC1lY2FhLTExZTYtOGY4OC0zNDM2M2JjN2M0YzAiOnsiY3JlYXRlIjoxODAwMDAwMDAwMDAwLCJkZWxldGUiOjYwMDAwMDAwMDAwMCwidXBkYXRlIjozNjAwMDAwMDAwMDAwfSwic2NoZW1hX3ZlcnNpb24iOiIxIn0="
        }
      ]
    },
    {
      "module": "module.token_dynamodb",
      "mode": "managed",
      "type": "aws_dynamodb_table",
      "name": "token-dynamodb-table",
      "provider": "provider[\"registry.terraform.io/hashicorp/aws\"]",
      "instances": [
        {
          "schema_version": 1,
          "attributes": {
            "arn": "arn:aws:dynamodb:us-east-1:233925838033:table/tbl-appma-token-dev",
            "attribute": [
              {
                "name": "id",
                "type": "S"
              }
            ],
            "billing_mode": "PAY_PER_REQUEST",
            "deletion_protection_enabled": false,
            "global_secondary_index": [],
            "hash_key": "id",
            "id": "tbl-appma-token-dev",
            "import_table": [],
            "local_secondary_index": [],
            "name": "tbl-appma-token-dev",
            "on_demand_throughput": [],
            "point_in_time_recovery": [
              {
                "enabled": false
              }
            ],
            "range_key": null,
            "read_capacity": 0,
            "replica": [],
            "restore_date_time": null,
            "restore_source_name": null,
            "restore_source_table_arn": null,
            "restore_to_latest_time": null,
            "server_side_encryption": [],
            "stream_arn": "",
            "stream_enabled": false,
            "stream_label": "",
            "stream_view_type": "",
            "table_class": "STANDARD",
            "tags": {
              "APP_NAME": "appma",
              "ENVIRONMENT": "dev",
              "JTW_SECRET_VALUE": "secret",
              "JWT_TOKEN_LIFE": "1000",
              "LOGGER_LEVEL": "DEBUG",
              "REGION": "us-east-1"
            },
            "tags_all": {
              "APP_NAME": "appma",
              "ENVIRONMENT": "dev",
              "JTW_SECRET_VALUE": "secret",
              "JWT_TOKEN_LIFE": "1000",
              "LOGGER_LEVEL": "DEBUG",
              "REGION": "us-east-1",
              "iac": "terraform"
            },
            "timeouts": null,
            "ttl": [
              {
                "attribute_name": "",
                "enabled": false
              }
            ],
            "write_capacity": 0
          },
          "sensitive_attributes": [],
          "private": "eyJlMmJmYjczMC1lY2FhLTExZTYtOGY4OC0zNDM2M2JjN2M0YzAiOnsiY3JlYXRlIjoxODAwMDAwMDAwMDAwLCJkZWxldGUiOjYwMDAwMDAwMDAwMCwidXBkYXRlIjozNjAwMDAwMDAwMDAwfSwic2NoZW1hX3ZlcnNpb24iOiIxIn0="
        }
      ]
    },
    {
      "module": "module.users_dynamodb",
      "mode": "managed",
      "type": "aws_dynamodb_table",
      "name": "users-dynamodb-table",
      "provider": "provider[\"registry.terraform.io/hashicorp/aws\"]",
      "instances": [
        {
          "schema_version": 1,
          "attributes": {
            "arn": "arn:aws:dynamodb:us-east-1:233925838033:table/tbl-appma-users-dev",
            "attribute": [
              {
                "name": "id",
                "type": "S"
              }
            ],
            "billing_mode": "PAY_PER_REQUEST",
            "deletion_protection_enabled": false,
            "global_secondary_index": [],
            "hash_key": "id",
            "id": "tbl-appma-users-dev",
            "import_table": [],
            "local_secondary_index": [],
            "name": "tbl-appma-users-dev",
            "on_demand_throughput": [],
            "point_in_time_recovery": [
              {
                "enabled": false
              }
            ],
            "range_key": null,
            "read_capacity": 0,
            "replica": [],
            "restore_date_time": null,
            "restore_source_name": null,
            "restore_source_table_arn": null,
            "restore_to_latest_time": null,
            "server_side_encryption": [],
            "stream_arn": "",
            "stream_enabled": false,
            "stream_label": "",
            "stream_view_type": "",
            "table_class": "STANDARD",
            "tags": {
              "APP_NAME": "appma",
              "ENVIRONMENT": "dev",
              "JTW_SECRET_VALUE": "secret",
              "JWT_TOKEN_LIFE": "1000",
              "LOGGER_LEVEL": "DEBUG",
              "REGION": "us-east-1"
            },
            "tags_all": {
              "APP_NAME": "appma",
              "ENVIRONMENT": "dev",
              "JTW_SECRET_VALUE": "secret",
              "JWT_TOKEN_LIFE": "1000",
              "LOGGER_LEVEL": "DEBUG",
              "REGION": "us-east-1",
              "iac": "terraform"
            },
            "timeouts": null,
            "ttl": [
              {
                "attribute_name": "",
                "enabled": false
              }
            ],
            "write_capacity": 0
          },
          "sensitive_attributes": [],
          "private": "eyJlMmJmYjczMC1lY2FhLTExZTYtOGY4OC0zNDM2M2JjN2M0YzAiOnsiY3JlYXRlIjoxODAwMDAwMDAwMDAwLCJkZWxldGUiOjYwMDAwMDAwMDAwMCwidXBkYXRlIjozNjAwMDAwMDAwMDAwfSwic2NoZW1hX3ZlcnNpb24iOiIxIn0="
        }
      ]
    }
  ],
  "check_results": [
    {
      "object_kind": "var",
      "config_addr": "module.api_gateway_resources_security_login.var.domain",
      "status": "pass",
      "objects": [
        {
          "object_addr": "module.api_gateway_resources_security_login.var.domain",
          "status": "pass"
        }
      ]
    },
    {
      "object_kind": "var",
      "config_addr": "module.projects_dynamodb.var.lambda_runtime",
      "status": "unknown",
      "objects": [
        {
          "object_addr": "module.projects_dynamodb.var.lambda_runtime",
          "status": "unknown"
        }
      ]
    },
    {
      "object_kind": "var",
      "config_addr": "module.api_gateway_resources_projects_update.var.env",
      "status": "pass",
      "objects": [
        {
          "object_addr": "module.api_gateway_resources_projects_update.var.env",
          "status": "pass"
        }
      ]
    },
    {
      "object_kind": "var",
      "config_addr": "module.api_gateway.var.domain",
      "status": "unknown",
      "objects": [
        {
          "object_addr": "module.api_gateway.var.domain",
          "status": "unknown"
        }
      ]
    },
    {
      "object_kind": "var",
      "config_addr": "module.api_gateway_resources_projects_create.var.lambda_runtime",
      "status": "pass",
      "objects": [
        {
          "object_addr": "module.api_gateway_resources_projects_create.var.lambda_runtime",
          "status": "pass"
        }
      ]
    },
    {
      "object_kind": "var",
      "config_addr": "module.api_gateway_resources_projects_find_all_or_filter.var.domain",
      "status": "pass",
      "objects": [
        {
          "object_addr": "module.api_gateway_resources_projects_find_all_or_filter.var.domain",
          "status": "pass"
        }
      ]
    },
    {
      "object_kind": "var",
      "config_addr": "module.api_gateway_resources_users_create.var.domain",
      "status": "pass",
      "objects": [
        {
          "object_addr": "module.api_gateway_resources_users_create.var.domain",
          "status": "pass"
        }
      ]
    },
    {
      "object_kind": "var",
      "config_addr": "module.api_gateway_resources_projects_find_by_id.var.env",
      "status": "pass",
      "objects": [
        {
          "object_addr": "module.api_gateway_resources_projects_find_by_id.var.env",
          "status": "pass"
        }
      ]
    },
    {
      "object_kind": "var",
      "config_addr": "module.api_gateway_resources_projects_delete.var.env",
      "status": "pass",
      "objects": [
        {
          "object_addr": "module.api_gateway_resources_projects_delete.var.env",
          "status": "pass"
        }
      ]
    },
    {
      "object_kind": "var",
      "config_addr": "module.projects_dynamodb.var.domain",
      "status": "unknown",
      "objects": [
        {
          "object_addr": "module.projects_dynamodb.var.domain",
          "status": "unknown"
        }
      ]
    },
    {
      "object_kind": "var",
      "config_addr": "module.api_gateway_resources_users_create.var.lambda_runtime",
      "status": "pass",
      "objects": [
        {
          "object_addr": "module.api_gateway_resources_users_create.var.lambda_runtime",
          "status": "pass"
        }
      ]
    },
    {
      "object_kind": "var",
      "config_addr": "module.api_gateway_resources_security_login.var.env",
      "status": "pass",
      "objects": [
        {
          "object_addr": "module.api_gateway_resources_security_login.var.env",
          "status": "pass"
        }
      ]
    },
    {
      "object_kind": "var",
      "config_addr": "module.api_gateway_resources_security_authorizer.var.domain",
      "status": "pass",
      "objects": [
        {
          "object_addr": "module.api_gateway_resources_security_authorizer.var.domain",
          "status": "pass"
        }
      ]
    },
    {
      "object_kind": "var",
      "config_addr": "module.users_dynamodb.var.lambda_runtime",
      "status": "unknown",
      "objects": [
        {
          "object_addr": "module.users_dynamodb.var.lambda_runtime",
          "status": "unknown"
        }
      ]
    },
    {
      "object_kind": "var",
      "config_addr": "module.api_gateway.var.lambda_runtime",
      "status": "unknown",
      "objects": [
        {
          "object_addr": "module.api_gateway.var.lambda_runtime",
          "status": "unknown"
        }
      ]
    },
    {
      "object_kind": "var",
      "config_addr": "module.api_gateway.var.env",
      "status": "pass",
      "objects": [
        {
          "object_addr": "module.api_gateway.var.env",
          "status": "pass"
        }
      ]
    },
    {
      "object_kind": "var",
      "config_addr": "module.api_gateway_resources_projects_create.var.domain",
      "status": "pass",
      "objects": [
        {
          "object_addr": "module.api_gateway_resources_projects_create.var.domain",
          "status": "pass"
        }
      ]
    },
    {
      "object_kind": "var",
      "config_addr": "module.api_gateway_resources_projects_update.var.domain",
      "status": "pass",
      "objects": [
        {
          "object_addr": "module.api_gateway_resources_projects_update.var.domain",
          "status": "pass"
        }
      ]
    },
    {
      "object_kind": "var",
      "config_addr": "module.api_gateway_resources_users_create.var.env",
      "status": "pass",
      "objects": [
        {
          "object_addr": "module.api_gateway_resources_users_create.var.env",
          "status": "pass"
        }
      ]
    },
    {
      "object_kind": "var",
      "config_addr": "module.projects_dynamodb.var.env",
      "status": "unknown",
      "objects": [
        {
          "object_addr": "module.projects_dynamodb.var.env",
          "status": "unknown"
        }
      ]
    },
    {
      "object_kind": "var",
      "config_addr": "module.api_gateway_resources_projects_delete.var.domain",
      "status": "pass",
      "objects": [
        {
          "object_addr": "module.api_gateway_resources_projects_delete.var.domain",
          "status": "pass"
        }
      ]
    },
    {
      "object_kind": "var",
      "config_addr": "module.api_gateway_resources_projects_find_all_or_filter.var.env",
      "status": "pass",
      "objects": [
        {
          "object_addr": "module.api_gateway_resources_projects_find_all_or_filter.var.env",
          "status": "pass"
        }
      ]
    },
    {
      "object_kind": "var",
      "config_addr": "module.api_gateway_resources_projects_update.var.lambda_runtime",
      "status": "pass",
      "objects": [
        {
          "object_addr": "module.api_gateway_resources_projects_update.var.lambda_runtime",
          "status": "pass"
        }
      ]
    },
    {
      "object_kind": "var",
      "config_addr": "module.api_gateway_resources_security_authorizer.var.lambda_runtime",
      "status": "pass",
      "objects": [
        {
          "object_addr": "module.api_gateway_resources_security_authorizer.var.lambda_runtime",
          "status": "pass"
        }
      ]
    },
    {
      "object_kind": "var",
      "config_addr": "module.token_dynamodb.var.env",
      "status": "unknown",
      "objects": [
        {
          "object_addr": "module.token_dynamodb.var.env",
          "status": "unknown"
        }
      ]
    },
    {
      "object_kind": "var",
      "config_addr": "module.api_gateway_resources_security_authorizer.var.env",
      "status": "pass",
      "objects": [
        {
          "object_addr": "module.api_gateway_resources_security_authorizer.var.env",
          "status": "pass"
        }
      ]
    },
    {
      "object_kind": "var",
      "config_addr": "module.api_gateway_resources_projects_find_all_or_filter.var.lambda_runtime",
      "status": "pass",
      "objects": [
        {
          "object_addr": "module.api_gateway_resources_projects_find_all_or_filter.var.lambda_runtime",
          "status": "pass"
        }
      ]
    },
    {
      "object_kind": "var",
      "config_addr": "module.api_gateway_resources_security_login.var.lambda_runtime",
      "status": "pass",
      "objects": [
        {
          "object_addr": "module.api_gateway_resources_security_login.var.lambda_runtime",
          "status": "pass"
        }
      ]
    },
    {
      "object_kind": "var",
      "config_addr": "module.users_dynamodb.var.env",
      "status": "unknown",
      "objects": [
        {
          "object_addr": "module.users_dynamodb.var.env",
          "status": "unknown"
        }
      ]
    },
    {
      "object_kind": "var",
      "config_addr": "module.api_gateway_resources_projects_delete.var.lambda_runtime",
      "status": "pass",
      "objects": [
        {
          "object_addr": "module.api_gateway_resources_projects_delete.var.lambda_runtime",
          "status": "pass"
        }
      ]
    },
    {
      "object_kind": "var",
      "config_addr": "module.api_gateway_resources_projects_find_by_id.var.lambda_runtime",
      "status": "pass",
      "objects": [
        {
          "object_addr": "module.api_gateway_resources_projects_find_by_id.var.lambda_runtime",
          "status": "pass"
        }
      ]
    },
    {
      "object_kind": "var",
      "config_addr": "module.api_gateway_resources_projects_create.var.env",
      "status": "pass",
      "objects": [
        {
          "object_addr": "module.api_gateway_resources_projects_create.var.env",
          "status": "pass"
        }
      ]
    },
    {
      "object_kind": "var",
      "config_addr": "module.token_dynamodb.var.lambda_runtime",
      "status": "unknown",
      "objects": [
        {
          "object_addr": "module.token_dynamodb.var.lambda_runtime",
          "status": "unknown"
        }
      ]
    },
    {
      "object_kind": "var",
      "config_addr": "module.api_gateway_resources_projects_find_by_id.var.domain",
      "status": "pass",
      "objects": [
        {
          "object_addr": "module.api_gateway_resources_projects_find_by_id.var.domain",
          "status": "pass"
        }
      ]
    },
    {
      "object_kind": "var",
      "config_addr": "module.token_dynamodb.var.domain",
      "status": "unknown",
      "objects": [
        {
          "object_addr": "module.token_dynamodb.var.domain",
          "status": "unknown"
        }
      ]
    },
    {
      "object_kind": "var",
      "config_addr": "module.users_dynamodb.var.domain",
      "status": "unknown",
      "objects": [
        {
          "object_addr": "module.users_dynamodb.var.domain",
          "status": "unknown"
        }
      ]
    }
  ]
}
