{
  "version": 4,
  "terraform_version": "1.9.8",
  "serial": 180,
  "lineage": "a4dc9f83-95b7-4cd7-a2f9-3635e0ab8965",
  "outputs": {},
  "resources": [
    {
      "module": "module.api_gateway",
      "mode": "managed",
      "type": "aws_apigatewayv2_api",
      "name": "main",
      "provider": "provider[\"registry.terraform.io/hashicorp/aws\"]",
      "instances": [
        {
          "schema_version": 0,
          "attributes": {
            "api_endpoint": "https://m1hg0o6t7l.execute-api.us-east-1.amazonaws.com",
            "api_key_selection_expression": "$request.header.x-api-key",
            "arn": "arn:aws:apigateway:us-east-1::/apis/m1hg0o6t7l",
            "body": null,
            "cors_configuration": [
              {
                "allow_credentials": false,
                "allow_headers": [
                  "*"
                ],
                "allow_methods": [
                  "DELETE",
                  "GET",
                  "OPTIONS",
                  "POST",
                  "PUT"
                ],
                "allow_origins": [
                  "*",
                  "http://localhost:3000"
                ],
                "expose_headers": [],
                "max_age": 300
              }
            ],
            "credentials_arn": null,
            "description": "api-appma-dev API Gateway",
            "disable_execute_api_endpoint": false,
            "execution_arn": "arn:aws:execute-api:us-east-1:233925838033:m1hg0o6t7l",
            "fail_on_warnings": null,
            "id": "m1hg0o6t7l",
            "name": "api-appma-dev",
            "protocol_type": "HTTP",
            "route_key": null,
            "route_selection_expression": "$request.method $request.path",
            "tags": {},
            "tags_all": {
              "iac": "terraform"
            },
            "target": null,
            "version": ""
          },
          "sensitive_attributes": [],
          "private": "bnVsbA=="
        }
      ]
    },
    {
      "module": "module.api_gateway",
      "mode": "managed",
      "type": "aws_apigatewayv2_stage",
      "name": "dev",
      "provider": "provider[\"registry.terraform.io/hashicorp/aws\"]",
      "instances": [
        {
          "schema_version": 0,
          "attributes": {
            "access_log_settings": [
              {
                "destination_arn": "arn:aws:logs:us-east-1:233925838033:log-group:/aws/api-gw/api-appma-dev",
                "format": "{\"apiGatewayError\":\"$context.error.message\",\"authorizationError\":\"$context.authorizer.error\",\"httpMethod\":\"$context.httpMethod\",\"integrationErrorMessage\":\"$context.integrationErrorMessage\",\"integrationRealError\":\"$context.integration.error\",\"protocol\":\"$context.protocol\",\"requestId\":\"$context.requestId\",\"requestTime\":\"$context.requestTime\",\"resourcePath\":\"$context.resourcePath\",\"responseLength\":\"$context.responseLength\",\"routeKey\":\"$context.routeKey\",\"sourceIp\":\"$context.identity.sourceIp\",\"status\":\"$context.status\"}"
              }
            ],
            "api_id": "m1hg0o6t7l",
            "arn": "arn:aws:apigateway:us-east-1::/apis/m1hg0o6t7l/stages/dev",
            "auto_deploy": true,
            "client_certificate_id": "",
            "default_route_settings": [
              {
                "data_trace_enabled": false,
                "detailed_metrics_enabled": false,
                "logging_level": "",
                "throttling_burst_limit": 50,
                "throttling_rate_limit": 100
              }
            ],
            "deployment_id": "lykp3b",
            "description": "",
            "execution_arn": "arn:aws:execute-api:us-east-1:233925838033:m1hg0o6t7l/dev",
            "id": "dev",
            "invoke_url": "https://m1hg0o6t7l.execute-api.us-east-1.amazonaws.com/dev",
            "name": "dev",
            "route_settings": [],
            "stage_variables": {},
            "tags": {},
            "tags_all": {
              "iac": "terraform"
            }
          },
          "sensitive_attributes": [],
          "private": "bnVsbA==",
          "dependencies": [
            "module.api_gateway.aws_apigatewayv2_api.main",
            "module.api_gateway.aws_cloudwatch_log_group.main_api_gw"
          ]
        }
      ]
    },
    {
      "module": "module.api_gateway",
      "mode": "managed",
      "type": "aws_cloudwatch_log_group",
      "name": "main_api_gw",
      "provider": "provider[\"registry.terraform.io/hashicorp/aws\"]",
      "instances": [
        {
          "schema_version": 0,
          "attributes": {
            "arn": "arn:aws:logs:us-east-1:233925838033:log-group:/aws/api-gw/api-appma-dev",
            "id": "/aws/api-gw/api-appma-dev",
            "kms_key_id": "",
            "log_group_class": "STANDARD",
            "name": "/aws/api-gw/api-appma-dev",
            "name_prefix": "",
            "retention_in_days": 7,
            "skip_destroy": false,
            "tags": {},
            "tags_all": {
              "iac": "terraform"
            }
          },
          "sensitive_attributes": [],
          "private": "bnVsbA==",
          "dependencies": [
            "module.api_gateway.aws_apigatewayv2_api.main"
          ]
        }
      ]
    },
    {
      "module": "module.api_gateway_resources_projects_create",
      "mode": "data",
      "type": "archive_file",
      "name": "lambda_package",
      "provider": "provider[\"registry.terraform.io/hashicorp/archive\"]",
      "instances": [
        {
          "schema_version": 0,
          "attributes": {
            "exclude_symlink_directories": null,
            "excludes": null,
            "id": "13214bf001d14d6f0386f83a965a947253ee927f",
            "output_base64sha256": "YATo9l6zO+Den0MYYOs6zO14fJRjKJIvpewkFZaogJI=",
            "output_base64sha512": "r9KKax/XuwdltyGdL6Tfod2B2G8h9Md4ta4UyCXe+0iXQedf6BOXsBxMp0oPd8LF9UYmcMUEQwMty1eq19DKEQ==",
            "output_file_mode": null,
            "output_md5": "afa7b65440d19655a6511135320d26b5",
            "output_path": "./resources/core/projects-create/index.zip",
            "output_sha": "13214bf001d14d6f0386f83a965a947253ee927f",
            "output_sha256": "6004e8f65eb33be0de9f431860eb3acced787c946328922fa5ec241596a88092",
            "output_sha512": "afd28a6b1fd7bb0765b7219d2fa4dfa1dd81d86f21f4c778b5ae14c825defb489741e75fe81397b01c4ca74a0f77c2c5f5462670c50443032dcb57aad7d0ca11",
            "output_size": 359678,
            "source": [],
            "source_content": null,
            "source_content_filename": null,
            "source_dir": "./lambdas/core/projects-create",
            "source_file": null,
            "type": "zip"
          },
          "sensitive_attributes": []
        }
      ]
    },
    {
      "module": "module.api_gateway_resources_projects_create",
      "mode": "data",
      "type": "aws_apigatewayv2_api",
      "name": "selected",
      "provider": "provider[\"registry.terraform.io/hashicorp/aws\"]",
      "instances": [
        {
          "schema_version": 0,
          "attributes": {
            "api_endpoint": "https://m1hg0o6t7l.execute-api.us-east-1.amazonaws.com",
            "api_id": "m1hg0o6t7l",
            "api_key_selection_expression": "$request.header.x-api-key",
            "arn": "arn:aws:apigateway:us-east-1::/apis/m1hg0o6t7l",
            "cors_configuration": [
              {
                "allow_credentials": false,
                "allow_headers": [
                  "*"
                ],
                "allow_methods": [
                  "DELETE",
                  "GET",
                  "OPTIONS",
                  "POST",
                  "PUT"
                ],
                "allow_origins": [
                  "*",
                  "http://localhost:3000"
                ],
                "expose_headers": [],
                "max_age": 300
              }
            ],
            "description": "api-appma-dev API Gateway",
            "disable_execute_api_endpoint": false,
            "execution_arn": "arn:aws:execute-api:us-east-1:233925838033:m1hg0o6t7l",
            "id": "m1hg0o6t7l",
            "name": "api-appma-dev",
            "protocol_type": "HTTP",
            "route_selection_expression": "$request.method $request.path",
            "tags": {
              "iac": "terraform"
            },
            "version": ""
          },
          "sensitive_attributes": []
        }
      ]
    },
    {
      "module": "module.api_gateway_resources_projects_create",
      "mode": "data",
      "type": "aws_caller_identity",
      "name": "current",
      "provider": "provider[\"registry.terraform.io/hashicorp/aws\"]",
      "instances": [
        {
          "schema_version": 0,
          "attributes": {
            "account_id": "233925838033",
            "arn": "arn:aws:iam::233925838033:root",
            "id": "233925838033",
            "user_id": "233925838033"
          },
          "sensitive_attributes": []
        }
      ]
    },
    {
      "module": "module.api_gateway_resources_projects_create",
      "mode": "data",
      "type": "aws_iam_policy_document",
      "name": "lambda_policy_document",
      "provider": "provider[\"registry.terraform.io/hashicorp/aws\"]",
      "instances": [
        {
          "schema_version": 0,
          "attributes": {
            "id": "3968213529",
            "json": "{\n  \"Version\": \"2012-10-17\",\n  \"Statement\": [\n    {\n      \"Effect\": \"Allow\",\n      \"Action\": [\n        \"dynamodb:Scan\",\n        \"dynamodb:PutItem\"\n      ],\n      \"Resource\": \"arn:aws:dynamodb:us-east-1:233925838033:table/tbl-appma-projects-dev\"\n    }\n  ]\n}",
            "minified_json": "{\"Version\":\"2012-10-17\",\"Statement\":[{\"Effect\":\"Allow\",\"Action\":[\"dynamodb:Scan\",\"dynamodb:PutItem\"],\"Resource\":\"arn:aws:dynamodb:us-east-1:233925838033:table/tbl-appma-projects-dev\"}]}",
            "override_json": null,
            "override_policy_documents": null,
            "policy_id": null,
            "source_json": null,
            "source_policy_documents": null,
            "statement": [
              {
                "actions": [
                  "dynamodb:PutItem",
                  "dynamodb:Scan"
                ],
                "condition": [],
                "effect": "Allow",
                "not_actions": [],
                "not_principals": [],
                "not_resources": [],
                "principals": [],
                "resources": [
                  "arn:aws:dynamodb:us-east-1:233925838033:table/tbl-appma-projects-dev"
                ],
                "sid": ""
              }
            ],
            "version": "2012-10-17"
          },
          "sensitive_attributes": []
        }
      ]
    },
    {
      "module": "module.api_gateway_resources_projects_create",
      "mode": "data",
      "type": "aws_region",
      "name": "current",
      "provider": "provider[\"registry.terraform.io/hashicorp/aws\"]",
      "instances": [
        {
          "schema_version": 0,
          "attributes": {
            "description": "US East (N. Virginia)",
            "endpoint": "ec2.us-east-1.amazonaws.com",
            "id": "us-east-1",
            "name": "us-east-1"
          },
          "sensitive_attributes": []
        }
      ]
    },
    {
      "module": "module.api_gateway_resources_projects_create",
      "mode": "managed",
      "type": "aws_apigatewayv2_integration",
      "name": "lambda_handler",
      "provider": "provider[\"registry.terraform.io/hashicorp/aws\"]",
      "instances": [
        {
          "schema_version": 0,
          "attributes": {
            "api_id": "m1hg0o6t7l",
            "connection_id": "",
            "connection_type": "INTERNET",
            "content_handling_strategy": "",
            "credentials_arn": "",
            "description": "",
            "id": "26t28u7",
            "integration_method": "POST",
            "integration_response_selection_expression": "",
            "integration_subtype": "",
            "integration_type": "AWS_PROXY",
            "integration_uri": "arn:aws:apigateway:us-east-1:lambda:path/2015-03-31/functions/arn:aws:lambda:us-east-1:233925838033:function:lmb-appma-projects-create-dev/invocations",
            "passthrough_behavior": "",
            "payload_format_version": "1.0",
            "request_parameters": {},
            "request_templates": {},
            "response_parameters": [],
            "template_selection_expression": "",
            "timeout_milliseconds": 30000,
            "tls_config": []
          },
          "sensitive_attributes": [],
          "private": "bnVsbA==",
          "dependencies": [
            "module.api_gateway.aws_apigatewayv2_api.main",
            "module.api_gateway.aws_apigatewayv2_stage.dev",
            "module.api_gateway.aws_cloudwatch_log_group.main_api_gw",
            "module.api_gateway_resources_projects_create.aws_iam_role.lambda_role",
            "module.api_gateway_resources_projects_create.aws_lambda_function.html_lambda",
            "module.api_gateway_resources_projects_create.data.archive_file.lambda_package",
            "module.api_gateway_resources_projects_create.data.aws_apigatewayv2_api.selected",
            "module.projects_dynamodb.aws_dynamodb_table.customers-dynamodb-table"
          ]
        }
      ]
    },
    {
      "module": "module.api_gateway_resources_projects_create",
      "mode": "managed",
      "type": "aws_apigatewayv2_route",
      "name": "post_handler",
      "provider": "provider[\"registry.terraform.io/hashicorp/aws\"]",
      "instances": [
        {
          "schema_version": 0,
          "attributes": {
            "api_id": "m1hg0o6t7l",
            "api_key_required": false,
            "authorization_scopes": [],
            "authorization_type": "CUSTOM",
            "authorizer_id": "0lfrxe",
            "id": "duvt8mg",
            "model_selection_expression": "",
            "operation_name": "",
            "request_models": {},
            "request_parameter": [],
            "route_key": "POST /api/v1/projects",
            "route_response_selection_expression": "",
            "target": "integrations/26t28u7"
          },
          "sensitive_attributes": [],
          "private": "bnVsbA==",
          "dependencies": [
            "module.api_gateway.aws_apigatewayv2_api.main",
            "module.api_gateway.aws_apigatewayv2_stage.dev",
            "module.api_gateway.aws_cloudwatch_log_group.main_api_gw",
            "module.api_gateway_resources_projects_create.aws_apigatewayv2_integration.lambda_handler",
            "module.api_gateway_resources_projects_create.aws_iam_role.lambda_role",
            "module.api_gateway_resources_projects_create.aws_lambda_function.html_lambda",
            "module.api_gateway_resources_projects_create.data.archive_file.lambda_package",
            "module.api_gateway_resources_projects_create.data.aws_apigatewayv2_api.selected",
            "module.api_gateway_resources_security_authorizer.aws_apigatewayv2_authorizer.header_based_authorizer",
            "module.api_gateway_resources_security_authorizer.aws_iam_role.lambda_role",
            "module.api_gateway_resources_security_authorizer.aws_lambda_function.html_lambda",
            "module.api_gateway_resources_security_authorizer.data.archive_file.lambda_package",
            "module.api_gateway_resources_security_authorizer.data.aws_apigatewayv2_api.selected",
            "module.projects_dynamodb.aws_dynamodb_table.customers-dynamodb-table"
          ]
        }
      ]
    },
    {
      "module": "module.api_gateway_resources_projects_create",
      "mode": "managed",
      "type": "aws_cloudwatch_log_group",
      "name": "html_loggroup_lambda",
      "provider": "provider[\"registry.terraform.io/hashicorp/aws\"]",
      "instances": [
        {
          "schema_version": 0,
          "attributes": {
            "arn": "arn:aws:logs:us-east-1:233925838033:log-group:/aws/lambda/lmb-appma-projects-create-dev",
            "id": "/aws/lambda/lmb-appma-projects-create-dev",
            "kms_key_id": "",
            "log_group_class": "STANDARD",
            "name": "/aws/lambda/lmb-appma-projects-create-dev",
            "name_prefix": "",
            "retention_in_days": 0,
            "skip_destroy": false,
            "tags": {},
            "tags_all": {
              "iac": "terraform"
            }
          },
          "sensitive_attributes": [],
          "private": "bnVsbA==",
          "dependencies": [
            "module.api_gateway.aws_apigatewayv2_api.main",
            "module.api_gateway.aws_apigatewayv2_stage.dev",
            "module.api_gateway.aws_cloudwatch_log_group.main_api_gw",
            "module.api_gateway_resources_projects_create.aws_iam_role.lambda_role",
            "module.api_gateway_resources_projects_create.aws_lambda_function.html_lambda",
            "module.api_gateway_resources_projects_create.data.archive_file.lambda_package",
            "module.projects_dynamodb.aws_dynamodb_table.customers-dynamodb-table"
          ]
        }
      ]
    },
    {
      "module": "module.api_gateway_resources_projects_create",
      "mode": "managed",
      "type": "aws_iam_policy",
      "name": "dynamodb_lambda_policy",
      "provider": "provider[\"registry.terraform.io/hashicorp/aws\"]",
      "instances": [
        {
          "schema_version": 0,
          "attributes": {
            "arn": "arn:aws:iam::233925838033:policy/policy-appma-projects-create-dev",
            "attachment_count": 1,
            "description": "This policy will be used by the lambda to write get data from DynamoDB",
            "id": "arn:aws:iam::233925838033:policy/policy-appma-projects-create-dev",
            "name": "policy-appma-projects-create-dev",
            "name_prefix": "",
            "path": "/",
            "policy": "{\"Statement\":[{\"Action\":[\"dynamodb:Scan\",\"dynamodb:PutItem\"],\"Effect\":\"Allow\",\"Resource\":\"arn:aws:dynamodb:us-east-1:233925838033:table/tbl-appma-projects-dev\"}],\"Version\":\"2012-10-17\"}",
            "policy_id": "ANPATM5YRATISA3GNJZEE",
            "tags": {},
            "tags_all": {
              "iac": "terraform"
            }
          },
          "sensitive_attributes": [],
          "private": "bnVsbA==",
          "dependencies": [
            "module.api_gateway.aws_apigatewayv2_api.main",
            "module.api_gateway.aws_apigatewayv2_stage.dev",
            "module.api_gateway.aws_cloudwatch_log_group.main_api_gw",
            "module.api_gateway_resources_projects_create.data.aws_caller_identity.current",
            "module.api_gateway_resources_projects_create.data.aws_iam_policy_document.lambda_policy_document",
            "module.api_gateway_resources_projects_create.data.aws_region.current",
            "module.projects_dynamodb.aws_dynamodb_table.customers-dynamodb-table"
          ]
        }
      ]
    },
    {
      "module": "module.api_gateway_resources_projects_create",
      "mode": "managed",
      "type": "aws_iam_role",
      "name": "lambda_role",
      "provider": "provider[\"registry.terraform.io/hashicorp/aws\"]",
      "instances": [
        {
          "schema_version": 0,
          "attributes": {
            "arn": "arn:aws:iam::233925838033:role/role-appma-projects-create-dev",
            "assume_role_policy": "{\"Statement\":[{\"Action\":\"sts:AssumeRole\",\"Effect\":\"Allow\",\"Principal\":{\"Service\":\"lambda.amazonaws.com\"}}],\"Version\":\"2012-10-17\"}",
            "create_date": "2024-11-12T21:10:45Z",
            "description": "",
            "force_detach_policies": false,
            "id": "role-appma-projects-create-dev",
            "inline_policy": [],
            "managed_policy_arns": [
              "arn:aws:iam::233925838033:policy/policy-appma-projects-create-dev",
              "arn:aws:iam::aws:policy/service-role/AWSLambdaBasicExecutionRole"
            ],
            "max_session_duration": 3600,
            "name": "role-appma-projects-create-dev",
            "name_prefix": "",
            "path": "/",
            "permissions_boundary": "",
            "tags": {},
            "tags_all": {
              "iac": "terraform"
            },
            "unique_id": "AROATM5YRATI4GB2BZI4H"
          },
          "sensitive_attributes": [],
          "private": "bnVsbA==",
          "dependencies": [
            "module.api_gateway.aws_apigatewayv2_api.main",
            "module.api_gateway.aws_apigatewayv2_stage.dev",
            "module.api_gateway.aws_cloudwatch_log_group.main_api_gw",
            "module.projects_dynamodb.aws_dynamodb_table.customers-dynamodb-table"
          ]
        }
      ]
    },
    {
      "module": "module.api_gateway_resources_projects_create",
      "mode": "managed",
      "type": "aws_iam_role_policy_attachment",
      "name": "lambda_attachements",
      "provider": "provider[\"registry.terraform.io/hashicorp/aws\"]",
      "instances": [
        {
          "schema_version": 0,
          "attributes": {
            "id": "role-appma-projects-create-dev-2024111221104643010000000e",
            "policy_arn": "arn:aws:iam::233925838033:policy/policy-appma-projects-create-dev",
            "role": "role-appma-projects-create-dev"
          },
          "sensitive_attributes": [],
          "private": "bnVsbA==",
          "dependencies": [
            "module.api_gateway.aws_apigatewayv2_api.main",
            "module.api_gateway.aws_apigatewayv2_stage.dev",
            "module.api_gateway.aws_cloudwatch_log_group.main_api_gw",
            "module.api_gateway_resources_projects_create.aws_iam_policy.dynamodb_lambda_policy",
            "module.api_gateway_resources_projects_create.aws_iam_role.lambda_role",
            "module.api_gateway_resources_projects_create.data.aws_caller_identity.current",
            "module.api_gateway_resources_projects_create.data.aws_iam_policy_document.lambda_policy_document",
            "module.api_gateway_resources_projects_create.data.aws_region.current",
            "module.projects_dynamodb.aws_dynamodb_table.customers-dynamodb-table"
          ]
        }
      ]
    },
    {
      "module": "module.api_gateway_resources_projects_create",
      "mode": "managed",
      "type": "aws_iam_role_policy_attachment",
      "name": "lambda_role_policy",
      "provider": "provider[\"registry.terraform.io/hashicorp/aws\"]",
      "instances": [
        {
          "schema_version": 0,
          "attributes": {
            "id": "role-appma-projects-create-dev-2024111221104618770000000b",
            "policy_arn": "arn:aws:iam::aws:policy/service-role/AWSLambdaBasicExecutionRole",
            "role": "role-appma-projects-create-dev"
          },
          "sensitive_attributes": [],
          "private": "bnVsbA==",
          "dependencies": [
            "module.api_gateway.aws_apigatewayv2_api.main",
            "module.api_gateway.aws_apigatewayv2_stage.dev",
            "module.api_gateway.aws_cloudwatch_log_group.main_api_gw",
            "module.api_gateway_resources_projects_create.aws_iam_role.lambda_role",
            "module.projects_dynamodb.aws_dynamodb_table.customers-dynamodb-table"
          ]
        }
      ]
    },
    {
      "module": "module.api_gateway_resources_projects_create",
      "mode": "managed",
      "type": "aws_lambda_function",
      "name": "html_lambda",
      "provider": "provider[\"registry.terraform.io/hashicorp/aws\"]",
      "instances": [
        {
          "schema_version": 0,
          "attributes": {
            "architectures": [
              "arm64"
            ],
            "arn": "arn:aws:lambda:us-east-1:233925838033:function:lmb-appma-projects-create-dev",
            "code_sha256": "YATo9l6zO+Den0MYYOs6zO14fJRjKJIvpewkFZaogJI=",
            "code_signing_config_arn": "",
            "dead_letter_config": [],
            "description": "",
            "environment": [],
            "ephemeral_storage": [
              {
                "size": 512
              }
            ],
            "file_system_config": [],
            "filename": "./resources/core/projects-create/index.zip",
            "function_name": "lmb-appma-projects-create-dev",
            "handler": "index.handler",
            "id": "lmb-appma-projects-create-dev",
            "image_config": [],
            "image_uri": "",
            "invoke_arn": "arn:aws:apigateway:us-east-1:lambda:path/2015-03-31/functions/arn:aws:lambda:us-east-1:233925838033:function:lmb-appma-projects-create-dev/invocations",
            "kms_key_arn": "",
            "last_modified": "2024-11-13T19:01:05.000+0000",
            "layers": [],
            "logging_config": [
              {
                "application_log_level": "",
                "log_format": "Text",
                "log_group": "/aws/lambda/lmb-appma-projects-create-dev",
                "system_log_level": ""
              }
            ],
            "memory_size": 128,
            "package_type": "Zip",
            "publish": false,
            "qualified_arn": "arn:aws:lambda:us-east-1:233925838033:function:lmb-appma-projects-create-dev:$LATEST",
            "qualified_invoke_arn": "arn:aws:apigateway:us-east-1:lambda:path/2015-03-31/functions/arn:aws:lambda:us-east-1:233925838033:function:lmb-appma-projects-create-dev:$LATEST/invocations",
            "replace_security_groups_on_destroy": null,
            "replacement_security_group_ids": null,
            "reserved_concurrent_executions": -1,
            "role": "arn:aws:iam::233925838033:role/role-appma-projects-create-dev",
            "runtime": "nodejs20.x",
            "s3_bucket": null,
            "s3_key": null,
            "s3_object_version": null,
            "signing_job_arn": "",
            "signing_profile_version_arn": "",
            "skip_destroy": false,
            "snap_start": [],
            "source_code_hash": "YATo9l6zO+Den0MYYOs6zO14fJRjKJIvpewkFZaogJI=",
            "source_code_size": 359678,
            "tags": {
              "component": "projects-create",
              "domain": "core",
              "env": "dev"
            },
            "tags_all": {
              "component": "projects-create",
              "domain": "core",
              "env": "dev",
              "iac": "terraform"
            },
            "timeout": 30,
            "timeouts": null,
            "tracing_config": [
              {
                "mode": "PassThrough"
              }
            ],
            "version": "$LATEST",
            "vpc_config": []
          },
          "sensitive_attributes": [],
          "private": "eyJlMmJmYjczMC1lY2FhLTExZTYtOGY4OC0zNDM2M2JjN2M0YzAiOnsiY3JlYXRlIjo2MDAwMDAwMDAwMDAsImRlbGV0ZSI6NjAwMDAwMDAwMDAwLCJ1cGRhdGUiOjYwMDAwMDAwMDAwMH19",
          "dependencies": [
            "module.api_gateway.aws_apigatewayv2_api.main",
            "module.api_gateway.aws_apigatewayv2_stage.dev",
            "module.api_gateway.aws_cloudwatch_log_group.main_api_gw",
            "module.api_gateway_resources_projects_create.aws_iam_role.lambda_role",
            "module.api_gateway_resources_projects_create.data.archive_file.lambda_package",
            "module.projects_dynamodb.aws_dynamodb_table.customers-dynamodb-table"
          ]
        }
      ]
    },
    {
      "module": "module.api_gateway_resources_projects_create",
      "mode": "managed",
      "type": "aws_lambda_permission",
      "name": "api_gw",
      "provider": "provider[\"registry.terraform.io/hashicorp/aws\"]",
      "instances": [
        {
          "schema_version": 0,
          "attributes": {
            "action": "lambda:InvokeFunction",
            "event_source_token": null,
            "function_name": "lmb-appma-projects-create-dev",
            "function_url_auth_type": null,
            "id": "AllowExecutionFromAPIGateway",
            "principal": "apigateway.amazonaws.com",
            "principal_org_id": null,
            "qualifier": "",
            "source_account": null,
            "source_arn": "arn:aws:execute-api:us-east-1:233925838033:m1hg0o6t7l/*/*",
            "statement_id": "AllowExecutionFromAPIGateway",
            "statement_id_prefix": ""
          },
          "sensitive_attributes": [],
          "private": "bnVsbA==",
          "dependencies": [
            "module.api_gateway.aws_apigatewayv2_api.main",
            "module.api_gateway.aws_apigatewayv2_stage.dev",
            "module.api_gateway.aws_cloudwatch_log_group.main_api_gw",
            "module.api_gateway_resources_projects_create.aws_iam_role.lambda_role",
            "module.api_gateway_resources_projects_create.aws_lambda_function.html_lambda",
            "module.api_gateway_resources_projects_create.data.archive_file.lambda_package",
            "module.api_gateway_resources_projects_create.data.aws_apigatewayv2_api.selected",
            "module.projects_dynamodb.aws_dynamodb_table.customers-dynamodb-table"
          ]
        }
      ]
    },
    {
      "module": "module.api_gateway_resources_projects_delete",
      "mode": "data",
      "type": "archive_file",
      "name": "lambda_package",
      "provider": "provider[\"registry.terraform.io/hashicorp/archive\"]",
      "instances": [
        {
          "schema_version": 0,
          "attributes": {
            "exclude_symlink_directories": null,
            "excludes": null,
            "id": "9a53ca758204cad25cc71c7c4f0ea558c11d7143",
            "output_base64sha256": "iB128OMxAlM2A3ksAMSGeuHFkqxKc/+UqHeOsXPGemY=",
            "output_base64sha512": "ePJJHiDPWxTiJaqmVGKCIVwgVIoKmTn9bz5l/u/BnEQEYAPLxdzywhvZFpKcxMEC8JOQkXrCDS4jrBWt9xVVRw==",
            "output_file_mode": null,
            "output_md5": "f0e353e0e8e84e5c060a9c9f8721bad1",
            "output_path": "./resources/core/projects-delete-by-id/index.zip",
            "output_sha": "9a53ca758204cad25cc71c7c4f0ea558c11d7143",
            "output_sha256": "881d76f0e33102533603792c00c4867ae1c592ac4a73ff94a8778eb173c67a66",
            "output_sha512": "78f2491e20cf5b14e225aaa6546282215c20548a0a9939fd6f3e65feefc19c44046003cbc5dcf2c21bd916929cc4c102f09390917ac20d2e23ac15adf7155547",
            "output_size": 358912,
            "source": [],
            "source_content": null,
            "source_content_filename": null,
            "source_dir": "./lambdas/core/projects-delete-by-id",
            "source_file": null,
            "type": "zip"
          },
          "sensitive_attributes": []
        }
      ]
    },
    {
      "module": "module.api_gateway_resources_projects_delete",
      "mode": "data",
      "type": "aws_apigatewayv2_api",
      "name": "selected",
      "provider": "provider[\"registry.terraform.io/hashicorp/aws\"]",
      "instances": [
        {
          "schema_version": 0,
          "attributes": {
            "api_endpoint": "https://m1hg0o6t7l.execute-api.us-east-1.amazonaws.com",
            "api_id": "m1hg0o6t7l",
            "api_key_selection_expression": "$request.header.x-api-key",
            "arn": "arn:aws:apigateway:us-east-1::/apis/m1hg0o6t7l",
            "cors_configuration": [
              {
                "allow_credentials": false,
                "allow_headers": [
                  "*"
                ],
                "allow_methods": [
                  "DELETE",
                  "GET",
                  "OPTIONS",
                  "POST",
                  "PUT"
                ],
                "allow_origins": [
                  "*",
                  "http://localhost:3000"
                ],
                "expose_headers": [],
                "max_age": 300
              }
            ],
            "description": "api-appma-dev API Gateway",
            "disable_execute_api_endpoint": false,
            "execution_arn": "arn:aws:execute-api:us-east-1:233925838033:m1hg0o6t7l",
            "id": "m1hg0o6t7l",
            "name": "api-appma-dev",
            "protocol_type": "HTTP",
            "route_selection_expression": "$request.method $request.path",
            "tags": {
              "iac": "terraform"
            },
            "version": ""
          },
          "sensitive_attributes": []
        }
      ]
    },
    {
      "module": "module.api_gateway_resources_projects_delete",
      "mode": "data",
      "type": "aws_caller_identity",
      "name": "current",
      "provider": "provider[\"registry.terraform.io/hashicorp/aws\"]",
      "instances": [
        {
          "schema_version": 0,
          "attributes": {
            "account_id": "233925838033",
            "arn": "arn:aws:iam::233925838033:root",
            "id": "233925838033",
            "user_id": "233925838033"
          },
          "sensitive_attributes": []
        }
      ]
    },
    {
      "module": "module.api_gateway_resources_projects_delete",
      "mode": "data",
      "type": "aws_iam_policy_document",
      "name": "lambda_policy_document",
      "provider": "provider[\"registry.terraform.io/hashicorp/aws\"]",
      "instances": [
        {
          "schema_version": 0,
          "attributes": {
            "id": "1146052676",
            "json": "{\n  \"Version\": \"2012-10-17\",\n  \"Statement\": [\n    {\n      \"Effect\": \"Allow\",\n      \"Action\": [\n        \"dynamodb:UpdateItem\",\n        \"dynamodb:DeleteItem\"\n      ],\n      \"Resource\": \"arn:aws:dynamodb:us-east-1:233925838033:table/tbl-appma-projects-dev\"\n    }\n  ]\n}",
            "minified_json": "{\"Version\":\"2012-10-17\",\"Statement\":[{\"Effect\":\"Allow\",\"Action\":[\"dynamodb:UpdateItem\",\"dynamodb:DeleteItem\"],\"Resource\":\"arn:aws:dynamodb:us-east-1:233925838033:table/tbl-appma-projects-dev\"}]}",
            "override_json": null,
            "override_policy_documents": null,
            "policy_id": null,
            "source_json": null,
            "source_policy_documents": null,
            "statement": [
              {
                "actions": [
                  "dynamodb:DeleteItem",
                  "dynamodb:UpdateItem"
                ],
                "condition": [],
                "effect": "Allow",
                "not_actions": [],
                "not_principals": [],
                "not_resources": [],
                "principals": [],
                "resources": [
                  "arn:aws:dynamodb:us-east-1:233925838033:table/tbl-appma-projects-dev"
                ],
                "sid": ""
              }
            ],
            "version": "2012-10-17"
          },
          "sensitive_attributes": []
        }
      ]
    },
    {
      "module": "module.api_gateway_resources_projects_delete",
      "mode": "data",
      "type": "aws_region",
      "name": "current",
      "provider": "provider[\"registry.terraform.io/hashicorp/aws\"]",
      "instances": [
        {
          "schema_version": 0,
          "attributes": {
            "description": "US East (N. Virginia)",
            "endpoint": "ec2.us-east-1.amazonaws.com",
            "id": "us-east-1",
            "name": "us-east-1"
          },
          "sensitive_attributes": []
        }
      ]
    },
    {
      "module": "module.api_gateway_resources_projects_delete",
      "mode": "managed",
      "type": "aws_apigatewayv2_integration",
      "name": "lambda_handler",
      "provider": "provider[\"registry.terraform.io/hashicorp/aws\"]",
      "instances": [
        {
          "schema_version": 0,
          "attributes": {
            "api_id": "m1hg0o6t7l",
            "connection_id": "",
            "connection_type": "INTERNET",
            "content_handling_strategy": "",
            "credentials_arn": "",
            "description": "",
            "id": "jm63h4b",
            "integration_method": "POST",
            "integration_response_selection_expression": "",
            "integration_subtype": "",
            "integration_type": "AWS_PROXY",
            "integration_uri": "arn:aws:apigateway:us-east-1:lambda:path/2015-03-31/functions/arn:aws:lambda:us-east-1:233925838033:function:lmb-appma-projects-delete-by-id-dev/invocations",
            "passthrough_behavior": "",
            "payload_format_version": "1.0",
            "request_parameters": {},
            "request_templates": {},
            "response_parameters": [],
            "template_selection_expression": "",
            "timeout_milliseconds": 30000,
            "tls_config": []
          },
          "sensitive_attributes": [],
          "private": "bnVsbA==",
          "dependencies": [
            "module.api_gateway.aws_apigatewayv2_api.main",
            "module.api_gateway.aws_apigatewayv2_stage.dev",
            "module.api_gateway.aws_cloudwatch_log_group.main_api_gw",
            "module.api_gateway_resources_projects_delete.aws_iam_role.lambda_role",
            "module.api_gateway_resources_projects_delete.aws_lambda_function.html_lambda",
            "module.api_gateway_resources_projects_delete.data.archive_file.lambda_package",
            "module.api_gateway_resources_projects_delete.data.aws_apigatewayv2_api.selected",
            "module.projects_dynamodb.aws_dynamodb_table.customers-dynamodb-table"
          ]
        }
      ]
    },
    {
      "module": "module.api_gateway_resources_projects_delete",
      "mode": "managed",
      "type": "aws_apigatewayv2_route",
      "name": "post_handler",
      "provider": "provider[\"registry.terraform.io/hashicorp/aws\"]",
      "instances": [
        {
          "schema_version": 0,
          "attributes": {
            "api_id": "m1hg0o6t7l",
            "api_key_required": false,
            "authorization_scopes": [],
            "authorization_type": "CUSTOM",
            "authorizer_id": "0lfrxe",
            "id": "2wa4zwc",
            "model_selection_expression": "",
            "operation_name": "",
            "request_models": {},
            "request_parameter": [],
            "route_key": "DELETE /api/v1/projects/{id}",
            "route_response_selection_expression": "",
            "target": "integrations/jm63h4b"
          },
          "sensitive_attributes": [],
          "private": "bnVsbA==",
          "dependencies": [
            "module.api_gateway.aws_apigatewayv2_api.main",
            "module.api_gateway.aws_apigatewayv2_stage.dev",
            "module.api_gateway.aws_cloudwatch_log_group.main_api_gw",
            "module.api_gateway_resources_projects_delete.aws_apigatewayv2_integration.lambda_handler",
            "module.api_gateway_resources_projects_delete.aws_iam_role.lambda_role",
            "module.api_gateway_resources_projects_delete.aws_lambda_function.html_lambda",
            "module.api_gateway_resources_projects_delete.data.archive_file.lambda_package",
            "module.api_gateway_resources_projects_delete.data.aws_apigatewayv2_api.selected",
            "module.api_gateway_resources_security_authorizer.aws_apigatewayv2_authorizer.header_based_authorizer",
            "module.api_gateway_resources_security_authorizer.aws_iam_role.lambda_role",
            "module.api_gateway_resources_security_authorizer.aws_lambda_function.html_lambda",
            "module.api_gateway_resources_security_authorizer.data.archive_file.lambda_package",
            "module.api_gateway_resources_security_authorizer.data.aws_apigatewayv2_api.selected",
            "module.projects_dynamodb.aws_dynamodb_table.customers-dynamodb-table"
          ]
        }
      ]
    },
    {
      "module": "module.api_gateway_resources_projects_delete",
      "mode": "managed",
      "type": "aws_cloudwatch_log_group",
      "name": "html_loggroup_lambda",
      "provider": "provider[\"registry.terraform.io/hashicorp/aws\"]",
      "instances": [
        {
          "schema_version": 0,
          "attributes": {
            "arn": "arn:aws:logs:us-east-1:233925838033:log-group:/aws/lambda/lmb-appma-projects-delete-by-id-dev",
            "id": "/aws/lambda/lmb-appma-projects-delete-by-id-dev",
            "kms_key_id": "",
            "log_group_class": "STANDARD",
            "name": "/aws/lambda/lmb-appma-projects-delete-by-id-dev",
            "name_prefix": "",
            "retention_in_days": 0,
            "skip_destroy": false,
            "tags": {},
            "tags_all": {
              "iac": "terraform"
            }
          },
          "sensitive_attributes": [],
          "private": "bnVsbA==",
          "dependencies": [
            "module.api_gateway.aws_apigatewayv2_api.main",
            "module.api_gateway.aws_apigatewayv2_stage.dev",
            "module.api_gateway.aws_cloudwatch_log_group.main_api_gw",
            "module.api_gateway_resources_projects_delete.aws_iam_role.lambda_role",
            "module.api_gateway_resources_projects_delete.aws_lambda_function.html_lambda",
            "module.api_gateway_resources_projects_delete.data.archive_file.lambda_package",
            "module.projects_dynamodb.aws_dynamodb_table.customers-dynamodb-table"
          ]
        }
      ]
    },
    {
      "module": "module.api_gateway_resources_projects_delete",
      "mode": "managed",
      "type": "aws_iam_policy",
      "name": "dynamodb_lambda_policy",
      "provider": "provider[\"registry.terraform.io/hashicorp/aws\"]",
      "instances": [
        {
          "schema_version": 0,
          "attributes": {
            "arn": "arn:aws:iam::233925838033:policy/policy-appma-projects-delete-by-id-dev",
            "attachment_count": 1,
            "description": "This policy will be used by the lambda to write get data from DynamoDB",
            "id": "arn:aws:iam::233925838033:policy/policy-appma-projects-delete-by-id-dev",
            "name": "policy-appma-projects-delete-by-id-dev",
            "name_prefix": "",
            "path": "/",
            "policy": "{\"Statement\":[{\"Action\":[\"dynamodb:UpdateItem\",\"dynamodb:DeleteItem\"],\"Effect\":\"Allow\",\"Resource\":\"arn:aws:dynamodb:us-east-1:233925838033:table/tbl-appma-projects-dev\"}],\"Version\":\"2012-10-17\"}",
            "policy_id": "ANPATM5YRATI3NVAE747U",
            "tags": {},
            "tags_all": {
              "iac": "terraform"
            }
          },
          "sensitive_attributes": [],
          "private": "bnVsbA==",
          "dependencies": [
            "module.api_gateway.aws_apigatewayv2_api.main",
            "module.api_gateway.aws_apigatewayv2_stage.dev",
            "module.api_gateway.aws_cloudwatch_log_group.main_api_gw",
            "module.api_gateway_resources_projects_delete.data.aws_caller_identity.current",
            "module.api_gateway_resources_projects_delete.data.aws_iam_policy_document.lambda_policy_document",
            "module.api_gateway_resources_projects_delete.data.aws_region.current",
            "module.projects_dynamodb.aws_dynamodb_table.customers-dynamodb-table"
          ]
        }
      ]
    },
    {
      "module": "module.api_gateway_resources_projects_delete",
      "mode": "managed",
      "type": "aws_iam_role",
      "name": "lambda_role",
      "provider": "provider[\"registry.terraform.io/hashicorp/aws\"]",
      "instances": [
        {
          "schema_version": 0,
          "attributes": {
            "arn": "arn:aws:iam::233925838033:role/role-appma-projects-delete-by-id-dev",
            "assume_role_policy": "{\"Statement\":[{\"Action\":\"sts:AssumeRole\",\"Effect\":\"Allow\",\"Principal\":{\"Service\":\"lambda.amazonaws.com\"}}],\"Version\":\"2012-10-17\"}",
            "create_date": "2024-11-12T21:10:45Z",
            "description": "",
            "force_detach_policies": false,
            "id": "role-appma-projects-delete-by-id-dev",
            "inline_policy": [],
            "managed_policy_arns": [
              "arn:aws:iam::233925838033:policy/policy-appma-projects-delete-by-id-dev",
              "arn:aws:iam::aws:policy/service-role/AWSLambdaBasicExecutionRole"
            ],
            "max_session_duration": 3600,
            "name": "role-appma-projects-delete-by-id-dev",
            "name_prefix": "",
            "path": "/",
            "permissions_boundary": "",
            "tags": {},
            "tags_all": {
              "iac": "terraform"
            },
            "unique_id": "AROATM5YRATIZH7JV5VRS"
          },
          "sensitive_attributes": [],
          "private": "bnVsbA==",
          "dependencies": [
            "module.api_gateway.aws_apigatewayv2_api.main",
            "module.api_gateway.aws_apigatewayv2_stage.dev",
            "module.api_gateway.aws_cloudwatch_log_group.main_api_gw",
            "module.projects_dynamodb.aws_dynamodb_table.customers-dynamodb-table"
          ]
        }
      ]
    },
    {
      "module": "module.api_gateway_resources_projects_delete",
      "mode": "managed",
      "type": "aws_iam_role_policy_attachment",
      "name": "lambda_attachements",
      "provider": "provider[\"registry.terraform.io/hashicorp/aws\"]",
      "instances": [
        {
          "schema_version": 0,
          "attributes": {
            "id": "role-appma-projects-delete-by-id-dev-2024111221104631440000000d",
            "policy_arn": "arn:aws:iam::233925838033:policy/policy-appma-projects-delete-by-id-dev",
            "role": "role-appma-projects-delete-by-id-dev"
          },
          "sensitive_attributes": [],
          "private": "bnVsbA==",
          "dependencies": [
            "module.api_gateway.aws_apigatewayv2_api.main",
            "module.api_gateway.aws_apigatewayv2_stage.dev",
            "module.api_gateway.aws_cloudwatch_log_group.main_api_gw",
            "module.api_gateway_resources_projects_delete.aws_iam_policy.dynamodb_lambda_policy",
            "module.api_gateway_resources_projects_delete.aws_iam_role.lambda_role",
            "module.api_gateway_resources_projects_delete.data.aws_caller_identity.current",
            "module.api_gateway_resources_projects_delete.data.aws_iam_policy_document.lambda_policy_document",
            "module.api_gateway_resources_projects_delete.data.aws_region.current",
            "module.projects_dynamodb.aws_dynamodb_table.customers-dynamodb-table"
          ]
        }
      ]
    },
    {
      "module": "module.api_gateway_resources_projects_delete",
      "mode": "managed",
      "type": "aws_iam_role_policy_attachment",
      "name": "lambda_role_policy",
      "provider": "provider[\"registry.terraform.io/hashicorp/aws\"]",
      "instances": [
        {
          "schema_version": 0,
          "attributes": {
            "id": "role-appma-projects-delete-by-id-dev-20241112211045925500000009",
            "policy_arn": "arn:aws:iam::aws:policy/service-role/AWSLambdaBasicExecutionRole",
            "role": "role-appma-projects-delete-by-id-dev"
          },
          "sensitive_attributes": [],
          "private": "bnVsbA==",
          "dependencies": [
            "module.api_gateway.aws_apigatewayv2_api.main",
            "module.api_gateway.aws_apigatewayv2_stage.dev",
            "module.api_gateway.aws_cloudwatch_log_group.main_api_gw",
            "module.api_gateway_resources_projects_delete.aws_iam_role.lambda_role",
            "module.projects_dynamodb.aws_dynamodb_table.customers-dynamodb-table"
          ]
        }
      ]
    },
    {
      "module": "module.api_gateway_resources_projects_delete",
      "mode": "managed",
      "type": "aws_lambda_function",
      "name": "html_lambda",
      "provider": "provider[\"registry.terraform.io/hashicorp/aws\"]",
      "instances": [
        {
          "schema_version": 0,
          "attributes": {
            "architectures": [
              "arm64"
            ],
            "arn": "arn:aws:lambda:us-east-1:233925838033:function:lmb-appma-projects-delete-by-id-dev",
            "code_sha256": "iB128OMxAlM2A3ksAMSGeuHFkqxKc/+UqHeOsXPGemY=",
            "code_signing_config_arn": "",
            "dead_letter_config": [],
            "description": "",
            "environment": [],
            "ephemeral_storage": [
              {
                "size": 512
              }
            ],
            "file_system_config": [],
            "filename": "./resources/core/projects-delete-by-id/index.zip",
            "function_name": "lmb-appma-projects-delete-by-id-dev",
            "handler": "index.handler",
            "id": "lmb-appma-projects-delete-by-id-dev",
            "image_config": [],
            "image_uri": "",
            "invoke_arn": "arn:aws:apigateway:us-east-1:lambda:path/2015-03-31/functions/arn:aws:lambda:us-east-1:233925838033:function:lmb-appma-projects-delete-by-id-dev/invocations",
            "kms_key_arn": "",
            "last_modified": "2024-11-13T19:01:18.000+0000",
            "layers": [],
            "logging_config": [
              {
                "application_log_level": "",
                "log_format": "Text",
                "log_group": "/aws/lambda/lmb-appma-projects-delete-by-id-dev",
                "system_log_level": ""
              }
            ],
            "memory_size": 128,
            "package_type": "Zip",
            "publish": false,
            "qualified_arn": "arn:aws:lambda:us-east-1:233925838033:function:lmb-appma-projects-delete-by-id-dev:$LATEST",
            "qualified_invoke_arn": "arn:aws:apigateway:us-east-1:lambda:path/2015-03-31/functions/arn:aws:lambda:us-east-1:233925838033:function:lmb-appma-projects-delete-by-id-dev:$LATEST/invocations",
            "replace_security_groups_on_destroy": null,
            "replacement_security_group_ids": null,
            "reserved_concurrent_executions": -1,
            "role": "arn:aws:iam::233925838033:role/role-appma-projects-delete-by-id-dev",
            "runtime": "nodejs20.x",
            "s3_bucket": null,
            "s3_key": null,
            "s3_object_version": null,
            "signing_job_arn": "",
            "signing_profile_version_arn": "",
            "skip_destroy": false,
            "snap_start": [],
            "source_code_hash": "iB128OMxAlM2A3ksAMSGeuHFkqxKc/+UqHeOsXPGemY=",
            "source_code_size": 358912,
            "tags": {
              "component": "projects-delete-by-id",
              "domain": "core",
              "env": "dev"
            },
            "tags_all": {
              "component": "projects-delete-by-id",
              "domain": "core",
              "env": "dev",
              "iac": "terraform"
            },
            "timeout": 30,
            "timeouts": null,
            "tracing_config": [
              {
                "mode": "PassThrough"
              }
            ],
            "version": "$LATEST",
            "vpc_config": []
          },
          "sensitive_attributes": [],
          "private": "eyJlMmJmYjczMC1lY2FhLTExZTYtOGY4OC0zNDM2M2JjN2M0YzAiOnsiY3JlYXRlIjo2MDAwMDAwMDAwMDAsImRlbGV0ZSI6NjAwMDAwMDAwMDAwLCJ1cGRhdGUiOjYwMDAwMDAwMDAwMH19",
          "dependencies": [
            "module.api_gateway.aws_apigatewayv2_api.main",
            "module.api_gateway.aws_apigatewayv2_stage.dev",
            "module.api_gateway.aws_cloudwatch_log_group.main_api_gw",
            "module.api_gateway_resources_projects_delete.aws_iam_role.lambda_role",
            "module.api_gateway_resources_projects_delete.data.archive_file.lambda_package",
            "module.projects_dynamodb.aws_dynamodb_table.customers-dynamodb-table"
          ]
        }
      ]
    },
    {
      "module": "module.api_gateway_resources_projects_delete",
      "mode": "managed",
      "type": "aws_lambda_permission",
      "name": "api_gw",
      "provider": "provider[\"registry.terraform.io/hashicorp/aws\"]",
      "instances": [
        {
          "schema_version": 0,
          "attributes": {
            "action": "lambda:InvokeFunction",
            "event_source_token": null,
            "function_name": "lmb-appma-projects-delete-by-id-dev",
            "function_url_auth_type": null,
            "id": "AllowExecutionFromAPIGateway",
            "principal": "apigateway.amazonaws.com",
            "principal_org_id": null,
            "qualifier": "",
            "source_account": null,
            "source_arn": "arn:aws:execute-api:us-east-1:233925838033:m1hg0o6t7l/*/*",
            "statement_id": "AllowExecutionFromAPIGateway",
            "statement_id_prefix": ""
          },
          "sensitive_attributes": [],
          "private": "bnVsbA==",
          "dependencies": [
            "module.api_gateway.aws_apigatewayv2_api.main",
            "module.api_gateway.aws_apigatewayv2_stage.dev",
            "module.api_gateway.aws_cloudwatch_log_group.main_api_gw",
            "module.api_gateway_resources_projects_delete.aws_iam_role.lambda_role",
            "module.api_gateway_resources_projects_delete.aws_lambda_function.html_lambda",
            "module.api_gateway_resources_projects_delete.data.archive_file.lambda_package",
            "module.api_gateway_resources_projects_delete.data.aws_apigatewayv2_api.selected",
            "module.projects_dynamodb.aws_dynamodb_table.customers-dynamodb-table"
          ]
        }
      ]
    },
    {
      "module": "module.api_gateway_resources_projects_find_all_or_filter",
      "mode": "data",
      "type": "archive_file",
      "name": "lambda_package",
      "provider": "provider[\"registry.terraform.io/hashicorp/archive\"]",
      "instances": [
        {
          "schema_version": 0,
          "attributes": {
            "exclude_symlink_directories": null,
            "excludes": null,
            "id": "8b4bd3282ed8b9227138f3b53414cdcd0de675be",
            "output_base64sha256": "qvSkzPht65efubsmzLi9mnDwKM8Wxccu4bvKpydim/k=",
            "output_base64sha512": "bMIw0IyqaIBMJvvYC1U3ber2SF6zq5HyZT3fg0XXQvBim9EryUz8y0EpnWQPKAw8f0AabH2e5Gv4thpZTNAnug==",
            "output_file_mode": null,
            "output_md5": "f69c15e049e34445a15ede794b090a10",
            "output_path": "./resources/core/projects-find-all-or-filter/index.zip",
            "output_sha": "8b4bd3282ed8b9227138f3b53414cdcd0de675be",
            "output_sha256": "aaf4a4ccf86deb979fb9bb26ccb8bd9a70f028cf16c5c72ee1bbcaa727629bf9",
            "output_sha512": "6cc230d08caa68804c26fbd80b55376deaf6485eb3ab91f2653ddf8345d742f0629bd12bc94cfccb41299d640f280c3c7f401a6c7d9ee46bf8b61a594cd027ba",
            "output_size": 368639,
            "source": [],
            "source_content": null,
            "source_content_filename": null,
            "source_dir": "./lambdas/core/projects-find-all-or-filter",
            "source_file": null,
            "type": "zip"
          },
          "sensitive_attributes": []
        }
      ]
    },
    {
      "module": "module.api_gateway_resources_projects_find_all_or_filter",
      "mode": "data",
      "type": "aws_apigatewayv2_api",
      "name": "selected",
      "provider": "provider[\"registry.terraform.io/hashicorp/aws\"]",
      "instances": [
        {
          "schema_version": 0,
          "attributes": {
            "api_endpoint": "https://m1hg0o6t7l.execute-api.us-east-1.amazonaws.com",
            "api_id": "m1hg0o6t7l",
            "api_key_selection_expression": "$request.header.x-api-key",
            "arn": "arn:aws:apigateway:us-east-1::/apis/m1hg0o6t7l",
            "cors_configuration": [
              {
                "allow_credentials": false,
                "allow_headers": [
                  "*"
                ],
                "allow_methods": [
                  "DELETE",
                  "GET",
                  "OPTIONS",
                  "POST",
                  "PUT"
                ],
                "allow_origins": [
                  "*",
                  "http://localhost:3000"
                ],
                "expose_headers": [],
                "max_age": 300
              }
            ],
            "description": "api-appma-dev API Gateway",
            "disable_execute_api_endpoint": false,
            "execution_arn": "arn:aws:execute-api:us-east-1:233925838033:m1hg0o6t7l",
            "id": "m1hg0o6t7l",
            "name": "api-appma-dev",
            "protocol_type": "HTTP",
            "route_selection_expression": "$request.method $request.path",
            "tags": {
              "iac": "terraform"
            },
            "version": ""
          },
          "sensitive_attributes": []
        }
      ]
    },
    {
      "module": "module.api_gateway_resources_projects_find_all_or_filter",
      "mode": "data",
      "type": "aws_caller_identity",
      "name": "current",
      "provider": "provider[\"registry.terraform.io/hashicorp/aws\"]",
      "instances": [
        {
          "schema_version": 0,
          "attributes": {
            "account_id": "233925838033",
            "arn": "arn:aws:iam::233925838033:root",
            "id": "233925838033",
            "user_id": "233925838033"
          },
          "sensitive_attributes": []
        }
      ]
    },
    {
      "module": "module.api_gateway_resources_projects_find_all_or_filter",
      "mode": "data",
      "type": "aws_iam_policy_document",
      "name": "lambda_policy_document",
      "provider": "provider[\"registry.terraform.io/hashicorp/aws\"]",
      "instances": [
        {
          "schema_version": 0,
          "attributes": {
            "id": "4210082825",
            "json": "{\n  \"Version\": \"2012-10-17\",\n  \"Statement\": [\n    {\n      \"Effect\": \"Allow\",\n      \"Action\": \"dynamodb:Scan\",\n      \"Resource\": \"arn:aws:dynamodb:us-east-1:233925838033:table/tbl-appma-projects-dev\"\n    }\n  ]\n}",
            "minified_json": "{\"Version\":\"2012-10-17\",\"Statement\":[{\"Effect\":\"Allow\",\"Action\":\"dynamodb:Scan\",\"Resource\":\"arn:aws:dynamodb:us-east-1:233925838033:table/tbl-appma-projects-dev\"}]}",
            "override_json": null,
            "override_policy_documents": null,
            "policy_id": null,
            "source_json": null,
            "source_policy_documents": null,
            "statement": [
              {
                "actions": [
                  "dynamodb:Scan"
                ],
                "condition": [],
                "effect": "Allow",
                "not_actions": [],
                "not_principals": [],
                "not_resources": [],
                "principals": [],
                "resources": [
                  "arn:aws:dynamodb:us-east-1:233925838033:table/tbl-appma-projects-dev"
                ],
                "sid": ""
              }
            ],
            "version": "2012-10-17"
          },
          "sensitive_attributes": []
        }
      ]
    },
    {
      "module": "module.api_gateway_resources_projects_find_all_or_filter",
      "mode": "data",
      "type": "aws_region",
      "name": "current",
      "provider": "provider[\"registry.terraform.io/hashicorp/aws\"]",
      "instances": [
        {
          "schema_version": 0,
          "attributes": {
            "description": "US East (N. Virginia)",
            "endpoint": "ec2.us-east-1.amazonaws.com",
            "id": "us-east-1",
            "name": "us-east-1"
          },
          "sensitive_attributes": []
        }
      ]
    },
    {
      "module": "module.api_gateway_resources_projects_find_all_or_filter",
      "mode": "managed",
      "type": "aws_apigatewayv2_integration",
      "name": "lambda_handler",
      "provider": "provider[\"registry.terraform.io/hashicorp/aws\"]",
      "instances": [
        {
          "schema_version": 0,
          "attributes": {
            "api_id": "m1hg0o6t7l",
            "connection_id": "",
            "connection_type": "INTERNET",
            "content_handling_strategy": "",
            "credentials_arn": "",
            "description": "",
            "id": "v09noi8",
            "integration_method": "POST",
            "integration_response_selection_expression": "",
            "integration_subtype": "",
            "integration_type": "AWS_PROXY",
            "integration_uri": "arn:aws:apigateway:us-east-1:lambda:path/2015-03-31/functions/arn:aws:lambda:us-east-1:233925838033:function:lmb-appma-projects-find-all-or-filter-dev/invocations",
            "passthrough_behavior": "",
            "payload_format_version": "1.0",
            "request_parameters": {},
            "request_templates": {},
            "response_parameters": [],
            "template_selection_expression": "",
            "timeout_milliseconds": 30000,
            "tls_config": []
          },
          "sensitive_attributes": [],
          "private": "bnVsbA==",
          "dependencies": [
            "module.api_gateway.aws_apigatewayv2_api.main",
            "module.api_gateway.aws_apigatewayv2_stage.dev",
            "module.api_gateway.aws_cloudwatch_log_group.main_api_gw",
            "module.api_gateway_resources_projects_find_all_or_filter.aws_iam_role.lambda_role",
            "module.api_gateway_resources_projects_find_all_or_filter.aws_lambda_function.html_lambda",
            "module.api_gateway_resources_projects_find_all_or_filter.data.archive_file.lambda_package",
            "module.api_gateway_resources_projects_find_all_or_filter.data.aws_apigatewayv2_api.selected",
            "module.projects_dynamodb.aws_dynamodb_table.customers-dynamodb-table"
          ]
        }
      ]
    },
    {
      "module": "module.api_gateway_resources_projects_find_all_or_filter",
      "mode": "managed",
      "type": "aws_apigatewayv2_route",
      "name": "post_handler",
      "provider": "provider[\"registry.terraform.io/hashicorp/aws\"]",
      "instances": [
        {
          "schema_version": 0,
          "attributes": {
            "api_id": "m1hg0o6t7l",
            "api_key_required": false,
            "authorization_scopes": [],
            "authorization_type": "CUSTOM",
            "authorizer_id": "0lfrxe",
            "id": "ef8y3ni",
            "model_selection_expression": "",
            "operation_name": "",
            "request_models": {},
            "request_parameter": [],
            "route_key": "GET /api/v1/projects",
            "route_response_selection_expression": "",
            "target": "integrations/v09noi8"
          },
          "sensitive_attributes": [],
          "private": "bnVsbA==",
          "dependencies": [
            "module.api_gateway.aws_apigatewayv2_api.main",
            "module.api_gateway.aws_apigatewayv2_stage.dev",
            "module.api_gateway.aws_cloudwatch_log_group.main_api_gw",
            "module.api_gateway_resources_projects_find_all_or_filter.aws_apigatewayv2_integration.lambda_handler",
            "module.api_gateway_resources_projects_find_all_or_filter.aws_iam_role.lambda_role",
            "module.api_gateway_resources_projects_find_all_or_filter.aws_lambda_function.html_lambda",
            "module.api_gateway_resources_projects_find_all_or_filter.data.archive_file.lambda_package",
            "module.api_gateway_resources_projects_find_all_or_filter.data.aws_apigatewayv2_api.selected",
            "module.api_gateway_resources_security_authorizer.aws_apigatewayv2_authorizer.header_based_authorizer",
            "module.api_gateway_resources_security_authorizer.aws_iam_role.lambda_role",
            "module.api_gateway_resources_security_authorizer.aws_lambda_function.html_lambda",
            "module.api_gateway_resources_security_authorizer.data.archive_file.lambda_package",
            "module.api_gateway_resources_security_authorizer.data.aws_apigatewayv2_api.selected",
            "module.projects_dynamodb.aws_dynamodb_table.customers-dynamodb-table"
          ]
        }
      ]
    },
    {
      "module": "module.api_gateway_resources_projects_find_all_or_filter",
      "mode": "managed",
      "type": "aws_cloudwatch_log_group",
      "name": "html_loggroup_lambda",
      "provider": "provider[\"registry.terraform.io/hashicorp/aws\"]",
      "instances": [
        {
          "schema_version": 0,
          "attributes": {
            "arn": "arn:aws:logs:us-east-1:233925838033:log-group:/aws/lambda/lmb-appma-projects-find-all-or-filter-dev",
            "id": "/aws/lambda/lmb-appma-projects-find-all-or-filter-dev",
            "kms_key_id": "",
            "log_group_class": "STANDARD",
            "name": "/aws/lambda/lmb-appma-projects-find-all-or-filter-dev",
            "name_prefix": "",
            "retention_in_days": 0,
            "skip_destroy": false,
            "tags": {},
            "tags_all": {
              "iac": "terraform"
            }
          },
          "sensitive_attributes": [],
          "private": "bnVsbA==",
          "dependencies": [
            "module.api_gateway.aws_apigatewayv2_api.main",
            "module.api_gateway.aws_apigatewayv2_stage.dev",
            "module.api_gateway.aws_cloudwatch_log_group.main_api_gw",
            "module.api_gateway_resources_projects_find_all_or_filter.aws_iam_role.lambda_role",
            "module.api_gateway_resources_projects_find_all_or_filter.aws_lambda_function.html_lambda",
            "module.api_gateway_resources_projects_find_all_or_filter.data.archive_file.lambda_package",
            "module.projects_dynamodb.aws_dynamodb_table.customers-dynamodb-table"
          ]
        }
      ]
    },
    {
      "module": "module.api_gateway_resources_projects_find_all_or_filter",
      "mode": "managed",
      "type": "aws_iam_policy",
      "name": "dynamodb_lambda_policy",
      "provider": "provider[\"registry.terraform.io/hashicorp/aws\"]",
      "instances": [
        {
          "schema_version": 0,
          "attributes": {
            "arn": "arn:aws:iam::233925838033:policy/policy-appma-projects-find-all-or-filter-dev",
            "attachment_count": 1,
            "description": "This policy will be used by the lambda to write get data from DynamoDB",
            "id": "arn:aws:iam::233925838033:policy/policy-appma-projects-find-all-or-filter-dev",
            "name": "policy-appma-projects-find-all-or-filter-dev",
            "name_prefix": "",
            "path": "/",
            "policy": "{\"Statement\":[{\"Action\":\"dynamodb:Scan\",\"Effect\":\"Allow\",\"Resource\":\"arn:aws:dynamodb:us-east-1:233925838033:table/tbl-appma-projects-dev\"}],\"Version\":\"2012-10-17\"}",
            "policy_id": "ANPATM5YRATISZ7MGPJHQ",
            "tags": {},
            "tags_all": {
              "iac": "terraform"
            }
          },
          "sensitive_attributes": [],
          "private": "bnVsbA==",
          "dependencies": [
            "module.api_gateway.aws_apigatewayv2_api.main",
            "module.api_gateway.aws_apigatewayv2_stage.dev",
            "module.api_gateway.aws_cloudwatch_log_group.main_api_gw",
            "module.api_gateway_resources_projects_find_all_or_filter.data.aws_caller_identity.current",
            "module.api_gateway_resources_projects_find_all_or_filter.data.aws_iam_policy_document.lambda_policy_document",
            "module.api_gateway_resources_projects_find_all_or_filter.data.aws_region.current",
            "module.projects_dynamodb.aws_dynamodb_table.customers-dynamodb-table"
          ]
        }
      ]
    },
    {
      "module": "module.api_gateway_resources_projects_find_all_or_filter",
      "mode": "managed",
      "type": "aws_iam_role",
      "name": "lambda_role",
      "provider": "provider[\"registry.terraform.io/hashicorp/aws\"]",
      "instances": [
        {
          "schema_version": 0,
          "attributes": {
            "arn": "arn:aws:iam::233925838033:role/role-appma-projects-find-all-or-filter-dev",
            "assume_role_policy": "{\"Statement\":[{\"Action\":\"sts:AssumeRole\",\"Effect\":\"Allow\",\"Principal\":{\"Service\":\"lambda.amazonaws.com\"}}],\"Version\":\"2012-10-17\"}",
            "create_date": "2024-11-12T21:10:44Z",
            "description": "",
            "force_detach_policies": false,
            "id": "role-appma-projects-find-all-or-filter-dev",
            "inline_policy": [],
            "managed_policy_arns": [
              "arn:aws:iam::233925838033:policy/policy-appma-projects-find-all-or-filter-dev",
              "arn:aws:iam::aws:policy/service-role/AWSLambdaBasicExecutionRole"
            ],
            "max_session_duration": 3600,
            "name": "role-appma-projects-find-all-or-filter-dev",
            "name_prefix": "",
            "path": "/",
            "permissions_boundary": "",
            "tags": {},
            "tags_all": {
              "iac": "terraform"
            },
            "unique_id": "AROATM5YRATIVLRYZB27N"
          },
          "sensitive_attributes": [],
          "private": "bnVsbA==",
          "dependencies": [
            "module.api_gateway.aws_apigatewayv2_api.main",
            "module.api_gateway.aws_apigatewayv2_stage.dev",
            "module.api_gateway.aws_cloudwatch_log_group.main_api_gw",
            "module.projects_dynamodb.aws_dynamodb_table.customers-dynamodb-table"
          ]
        }
      ]
    },
    {
      "module": "module.api_gateway_resources_projects_find_all_or_filter",
      "mode": "managed",
      "type": "aws_iam_role_policy_attachment",
      "name": "lambda_attachements",
      "provider": "provider[\"registry.terraform.io/hashicorp/aws\"]",
      "instances": [
        {
          "schema_version": 0,
          "attributes": {
            "id": "role-appma-projects-find-all-or-filter-dev-2024111221104619430000000c",
            "policy_arn": "arn:aws:iam::233925838033:policy/policy-appma-projects-find-all-or-filter-dev",
            "role": "role-appma-projects-find-all-or-filter-dev"
          },
          "sensitive_attributes": [],
          "private": "bnVsbA==",
          "dependencies": [
            "module.api_gateway.aws_apigatewayv2_api.main",
            "module.api_gateway.aws_apigatewayv2_stage.dev",
            "module.api_gateway.aws_cloudwatch_log_group.main_api_gw",
            "module.api_gateway_resources_projects_find_all_or_filter.aws_iam_policy.dynamodb_lambda_policy",
            "module.api_gateway_resources_projects_find_all_or_filter.aws_iam_role.lambda_role",
            "module.api_gateway_resources_projects_find_all_or_filter.data.aws_caller_identity.current",
            "module.api_gateway_resources_projects_find_all_or_filter.data.aws_iam_policy_document.lambda_policy_document",
            "module.api_gateway_resources_projects_find_all_or_filter.data.aws_region.current",
            "module.projects_dynamodb.aws_dynamodb_table.customers-dynamodb-table"
          ]
        }
      ]
    },
    {
      "module": "module.api_gateway_resources_projects_find_all_or_filter",
      "mode": "managed",
      "type": "aws_iam_role_policy_attachment",
      "name": "lambda_role_policy",
      "provider": "provider[\"registry.terraform.io/hashicorp/aws\"]",
      "instances": [
        {
          "schema_version": 0,
          "attributes": {
            "id": "role-appma-projects-find-all-or-filter-dev-20241112211045610300000004",
            "policy_arn": "arn:aws:iam::aws:policy/service-role/AWSLambdaBasicExecutionRole",
            "role": "role-appma-projects-find-all-or-filter-dev"
          },
          "sensitive_attributes": [],
          "private": "bnVsbA==",
          "dependencies": [
            "module.api_gateway.aws_apigatewayv2_api.main",
            "module.api_gateway.aws_apigatewayv2_stage.dev",
            "module.api_gateway.aws_cloudwatch_log_group.main_api_gw",
            "module.api_gateway_resources_projects_find_all_or_filter.aws_iam_role.lambda_role",
            "module.projects_dynamodb.aws_dynamodb_table.customers-dynamodb-table"
          ]
        }
      ]
    },
    {
      "module": "module.api_gateway_resources_projects_find_all_or_filter",
      "mode": "managed",
      "type": "aws_lambda_function",
      "name": "html_lambda",
      "provider": "provider[\"registry.terraform.io/hashicorp/aws\"]",
      "instances": [
        {
          "schema_version": 0,
          "attributes": {
            "architectures": [
              "arm64"
            ],
            "arn": "arn:aws:lambda:us-east-1:233925838033:function:lmb-appma-projects-find-all-or-filter-dev",
            "code_sha256": "qvSkzPht65efubsmzLi9mnDwKM8Wxccu4bvKpydim/k=",
            "code_signing_config_arn": "",
            "dead_letter_config": [],
            "description": "",
            "environment": [],
            "ephemeral_storage": [
              {
                "size": 512
              }
            ],
            "file_system_config": [],
            "filename": "./resources/core/projects-find-all-or-filter/index.zip",
            "function_name": "lmb-appma-projects-find-all-or-filter-dev",
            "handler": "index.handler",
            "id": "lmb-appma-projects-find-all-or-filter-dev",
            "image_config": [],
            "image_uri": "",
            "invoke_arn": "arn:aws:apigateway:us-east-1:lambda:path/2015-03-31/functions/arn:aws:lambda:us-east-1:233925838033:function:lmb-appma-projects-find-all-or-filter-dev/invocations",
            "kms_key_arn": "",
            "last_modified": "2024-11-13T19:00:58.000+0000",
            "layers": [],
            "logging_config": [
              {
                "application_log_level": "",
                "log_format": "Text",
                "log_group": "/aws/lambda/lmb-appma-projects-find-all-or-filter-dev",
                "system_log_level": ""
              }
            ],
            "memory_size": 128,
            "package_type": "Zip",
            "publish": false,
            "qualified_arn": "arn:aws:lambda:us-east-1:233925838033:function:lmb-appma-projects-find-all-or-filter-dev:$LATEST",
            "qualified_invoke_arn": "arn:aws:apigateway:us-east-1:lambda:path/2015-03-31/functions/arn:aws:lambda:us-east-1:233925838033:function:lmb-appma-projects-find-all-or-filter-dev:$LATEST/invocations",
            "replace_security_groups_on_destroy": null,
            "replacement_security_group_ids": null,
            "reserved_concurrent_executions": -1,
            "role": "arn:aws:iam::233925838033:role/role-appma-projects-find-all-or-filter-dev",
            "runtime": "nodejs20.x",
            "s3_bucket": null,
            "s3_key": null,
            "s3_object_version": null,
            "signing_job_arn": "",
            "signing_profile_version_arn": "",
            "skip_destroy": false,
            "snap_start": [],
            "source_code_hash": "qvSkzPht65efubsmzLi9mnDwKM8Wxccu4bvKpydim/k=",
            "source_code_size": 368639,
            "tags": {
              "component": "projects-find-all-or-filter",
              "domain": "core",
              "env": "dev"
            },
            "tags_all": {
              "component": "projects-find-all-or-filter",
              "domain": "core",
              "env": "dev",
              "iac": "terraform"
            },
            "timeout": 30,
            "timeouts": null,
            "tracing_config": [
              {
                "mode": "PassThrough"
              }
            ],
            "version": "$LATEST",
            "vpc_config": []
          },
          "sensitive_attributes": [],
          "private": "eyJlMmJmYjczMC1lY2FhLTExZTYtOGY4OC0zNDM2M2JjN2M0YzAiOnsiY3JlYXRlIjo2MDAwMDAwMDAwMDAsImRlbGV0ZSI6NjAwMDAwMDAwMDAwLCJ1cGRhdGUiOjYwMDAwMDAwMDAwMH19",
          "dependencies": [
            "module.api_gateway.aws_apigatewayv2_api.main",
            "module.api_gateway.aws_apigatewayv2_stage.dev",
            "module.api_gateway.aws_cloudwatch_log_group.main_api_gw",
            "module.api_gateway_resources_projects_find_all_or_filter.aws_iam_role.lambda_role",
            "module.api_gateway_resources_projects_find_all_or_filter.data.archive_file.lambda_package",
            "module.projects_dynamodb.aws_dynamodb_table.customers-dynamodb-table"
          ]
        }
      ]
    },
    {
      "module": "module.api_gateway_resources_projects_find_all_or_filter",
      "mode": "managed",
      "type": "aws_lambda_permission",
      "name": "api_gw",
      "provider": "provider[\"registry.terraform.io/hashicorp/aws\"]",
      "instances": [
        {
          "schema_version": 0,
          "attributes": {
            "action": "lambda:InvokeFunction",
            "event_source_token": null,
            "function_name": "lmb-appma-projects-find-all-or-filter-dev",
            "function_url_auth_type": null,
            "id": "AllowExecutionFromAPIGateway",
            "principal": "apigateway.amazonaws.com",
            "principal_org_id": null,
            "qualifier": "",
            "source_account": null,
            "source_arn": "arn:aws:execute-api:us-east-1:233925838033:m1hg0o6t7l/*/*",
            "statement_id": "AllowExecutionFromAPIGateway",
            "statement_id_prefix": ""
          },
          "sensitive_attributes": [],
          "private": "bnVsbA==",
          "dependencies": [
            "module.api_gateway.aws_apigatewayv2_api.main",
            "module.api_gateway.aws_apigatewayv2_stage.dev",
            "module.api_gateway.aws_cloudwatch_log_group.main_api_gw",
            "module.api_gateway_resources_projects_find_all_or_filter.aws_iam_role.lambda_role",
            "module.api_gateway_resources_projects_find_all_or_filter.aws_lambda_function.html_lambda",
            "module.api_gateway_resources_projects_find_all_or_filter.data.archive_file.lambda_package",
            "module.api_gateway_resources_projects_find_all_or_filter.data.aws_apigatewayv2_api.selected",
            "module.projects_dynamodb.aws_dynamodb_table.customers-dynamodb-table"
          ]
        }
      ]
    },
    {
      "module": "module.api_gateway_resources_projects_find_by_id",
      "mode": "data",
      "type": "archive_file",
      "name": "lambda_package",
      "provider": "provider[\"registry.terraform.io/hashicorp/archive\"]",
      "instances": [
        {
          "schema_version": 0,
          "attributes": {
            "exclude_symlink_directories": null,
            "excludes": null,
            "id": "285078005a2bcae8e7720f6dd317f9406294a881",
            "output_base64sha256": "8cDF6J5czG5kk5Sg5p4HYfi1M3zJ2dZ0o82TefVRvs8=",
            "output_base64sha512": "Nr6zKS4FnkWqXs9b2cCurXwtj43Z4CBroVYJoRCvEzQFdY5JjBY9Kj6V6DXaUnpmDyyCdl6FwaDy40ml1o7u5A==",
            "output_file_mode": null,
            "output_md5": "2a0dbccac604e082e88a5ce294e478b6",
            "output_path": "./resources/core/projects-find-by-id/index.zip",
            "output_sha": "285078005a2bcae8e7720f6dd317f9406294a881",
            "output_sha256": "f1c0c5e89e5ccc6e649394a0e69e0761f8b5337cc9d9d674a3cd9379f551becf",
            "output_sha512": "36beb3292e059e45aa5ecf5bd9c0aead7c2d8f8dd9e0206ba15609a110af133405758e498c163d2a3e95e835da527a660f2c82765e85c1a0f2e349a5d68eeee4",
            "output_size": 359290,
            "source": [],
            "source_content": null,
            "source_content_filename": null,
            "source_dir": "./lambdas/core/projects-find-by-id",
            "source_file": null,
            "type": "zip"
          },
          "sensitive_attributes": []
        }
      ]
    },
    {
      "module": "module.api_gateway_resources_projects_find_by_id",
      "mode": "data",
      "type": "aws_apigatewayv2_api",
      "name": "selected",
      "provider": "provider[\"registry.terraform.io/hashicorp/aws\"]",
      "instances": [
        {
          "schema_version": 0,
          "attributes": {
            "api_endpoint": "https://m1hg0o6t7l.execute-api.us-east-1.amazonaws.com",
            "api_id": "m1hg0o6t7l",
            "api_key_selection_expression": "$request.header.x-api-key",
            "arn": "arn:aws:apigateway:us-east-1::/apis/m1hg0o6t7l",
            "cors_configuration": [
              {
                "allow_credentials": false,
                "allow_headers": [
                  "*"
                ],
                "allow_methods": [
                  "DELETE",
                  "GET",
                  "OPTIONS",
                  "POST",
                  "PUT"
                ],
                "allow_origins": [
                  "*",
                  "http://localhost:3000"
                ],
                "expose_headers": [],
                "max_age": 300
              }
            ],
            "description": "api-appma-dev API Gateway",
            "disable_execute_api_endpoint": false,
            "execution_arn": "arn:aws:execute-api:us-east-1:233925838033:m1hg0o6t7l",
            "id": "m1hg0o6t7l",
            "name": "api-appma-dev",
            "protocol_type": "HTTP",
            "route_selection_expression": "$request.method $request.path",
            "tags": {
              "iac": "terraform"
            },
            "version": ""
          },
          "sensitive_attributes": []
        }
      ]
    },
    {
      "module": "module.api_gateway_resources_projects_find_by_id",
      "mode": "data",
      "type": "aws_caller_identity",
      "name": "current",
      "provider": "provider[\"registry.terraform.io/hashicorp/aws\"]",
      "instances": [
        {
          "schema_version": 0,
          "attributes": {
            "account_id": "233925838033",
            "arn": "arn:aws:iam::233925838033:root",
            "id": "233925838033",
            "user_id": "233925838033"
          },
          "sensitive_attributes": []
        }
      ]
    },
    {
      "module": "module.api_gateway_resources_projects_find_by_id",
      "mode": "data",
      "type": "aws_iam_policy_document",
      "name": "lambda_policy_document",
      "provider": "provider[\"registry.terraform.io/hashicorp/aws\"]",
      "instances": [
        {
          "schema_version": 0,
          "attributes": {
            "id": "2473579723",
            "json": "{\n  \"Version\": \"2012-10-17\",\n  \"Statement\": [\n    {\n      \"Effect\": \"Allow\",\n      \"Action\": \"dynamodb:GetItem\",\n      \"Resource\": \"arn:aws:dynamodb:us-east-1:233925838033:table/tbl-appma-projects-dev\"\n    }\n  ]\n}",
            "minified_json": "{\"Version\":\"2012-10-17\",\"Statement\":[{\"Effect\":\"Allow\",\"Action\":\"dynamodb:GetItem\",\"Resource\":\"arn:aws:dynamodb:us-east-1:233925838033:table/tbl-appma-projects-dev\"}]}",
            "override_json": null,
            "override_policy_documents": null,
            "policy_id": null,
            "source_json": null,
            "source_policy_documents": null,
            "statement": [
              {
                "actions": [
                  "dynamodb:GetItem"
                ],
                "condition": [],
                "effect": "Allow",
                "not_actions": [],
                "not_principals": [],
                "not_resources": [],
                "principals": [],
                "resources": [
                  "arn:aws:dynamodb:us-east-1:233925838033:table/tbl-appma-projects-dev"
                ],
                "sid": ""
              }
            ],
            "version": "2012-10-17"
          },
          "sensitive_attributes": []
        }
      ]
    },
    {
      "module": "module.api_gateway_resources_projects_find_by_id",
      "mode": "data",
      "type": "aws_region",
      "name": "current",
      "provider": "provider[\"registry.terraform.io/hashicorp/aws\"]",
      "instances": [
        {
          "schema_version": 0,
          "attributes": {
            "description": "US East (N. Virginia)",
            "endpoint": "ec2.us-east-1.amazonaws.com",
            "id": "us-east-1",
            "name": "us-east-1"
          },
          "sensitive_attributes": []
        }
      ]
    },
    {
      "module": "module.api_gateway_resources_projects_find_by_id",
      "mode": "managed",
      "type": "aws_apigatewayv2_integration",
      "name": "lambda_handler",
      "provider": "provider[\"registry.terraform.io/hashicorp/aws\"]",
      "instances": [
        {
          "schema_version": 0,
          "attributes": {
            "api_id": "m1hg0o6t7l",
            "connection_id": "",
            "connection_type": "INTERNET",
            "content_handling_strategy": "",
            "credentials_arn": "",
            "description": "",
            "id": "x5umerm",
            "integration_method": "POST",
            "integration_response_selection_expression": "",
            "integration_subtype": "",
            "integration_type": "AWS_PROXY",
            "integration_uri": "arn:aws:apigateway:us-east-1:lambda:path/2015-03-31/functions/arn:aws:lambda:us-east-1:233925838033:function:lmb-appma-projects-find-by-id-dev/invocations",
            "passthrough_behavior": "",
            "payload_format_version": "1.0",
            "request_parameters": {},
            "request_templates": {},
            "response_parameters": [],
            "template_selection_expression": "",
            "timeout_milliseconds": 30000,
            "tls_config": []
          },
          "sensitive_attributes": [],
          "private": "bnVsbA==",
          "dependencies": [
            "module.api_gateway.aws_apigatewayv2_api.main",
            "module.api_gateway.aws_apigatewayv2_stage.dev",
            "module.api_gateway.aws_cloudwatch_log_group.main_api_gw",
            "module.api_gateway_resources_projects_find_by_id.aws_iam_role.lambda_role",
            "module.api_gateway_resources_projects_find_by_id.aws_lambda_function.html_lambda",
            "module.api_gateway_resources_projects_find_by_id.data.archive_file.lambda_package",
            "module.api_gateway_resources_projects_find_by_id.data.aws_apigatewayv2_api.selected",
            "module.projects_dynamodb.aws_dynamodb_table.customers-dynamodb-table"
          ]
        }
      ]
    },
    {
      "module": "module.api_gateway_resources_projects_find_by_id",
      "mode": "managed",
      "type": "aws_apigatewayv2_route",
      "name": "post_handler",
      "provider": "provider[\"registry.terraform.io/hashicorp/aws\"]",
      "instances": [
        {
          "schema_version": 0,
          "attributes": {
            "api_id": "m1hg0o6t7l",
            "api_key_required": false,
            "authorization_scopes": [],
            "authorization_type": "CUSTOM",
            "authorizer_id": "0lfrxe",
            "id": "az4wxei",
            "model_selection_expression": "",
            "operation_name": "",
            "request_models": {},
            "request_parameter": [],
            "route_key": "GET /api/v1/projects/{id}",
            "route_response_selection_expression": "",
            "target": "integrations/x5umerm"
          },
          "sensitive_attributes": [],
          "private": "bnVsbA==",
          "dependencies": [
            "module.api_gateway.aws_apigatewayv2_api.main",
            "module.api_gateway.aws_apigatewayv2_stage.dev",
            "module.api_gateway.aws_cloudwatch_log_group.main_api_gw",
            "module.api_gateway_resources_projects_find_by_id.aws_apigatewayv2_integration.lambda_handler",
            "module.api_gateway_resources_projects_find_by_id.aws_iam_role.lambda_role",
            "module.api_gateway_resources_projects_find_by_id.aws_lambda_function.html_lambda",
            "module.api_gateway_resources_projects_find_by_id.data.archive_file.lambda_package",
            "module.api_gateway_resources_projects_find_by_id.data.aws_apigatewayv2_api.selected",
            "module.api_gateway_resources_security_authorizer.aws_apigatewayv2_authorizer.header_based_authorizer",
            "module.api_gateway_resources_security_authorizer.aws_iam_role.lambda_role",
            "module.api_gateway_resources_security_authorizer.aws_lambda_function.html_lambda",
            "module.api_gateway_resources_security_authorizer.data.archive_file.lambda_package",
            "module.api_gateway_resources_security_authorizer.data.aws_apigatewayv2_api.selected",
            "module.projects_dynamodb.aws_dynamodb_table.customers-dynamodb-table"
          ]
        }
      ]
    },
    {
      "module": "module.api_gateway_resources_projects_find_by_id",
      "mode": "managed",
      "type": "aws_cloudwatch_log_group",
      "name": "html_loggroup_lambda",
      "provider": "provider[\"registry.terraform.io/hashicorp/aws\"]",
      "instances": [
        {
          "schema_version": 0,
          "attributes": {
            "arn": "arn:aws:logs:us-east-1:233925838033:log-group:/aws/lambda/lmb-appma-projects-find-by-id-dev",
            "id": "/aws/lambda/lmb-appma-projects-find-by-id-dev",
            "kms_key_id": "",
            "log_group_class": "STANDARD",
            "name": "/aws/lambda/lmb-appma-projects-find-by-id-dev",
            "name_prefix": "",
            "retention_in_days": 0,
            "skip_destroy": false,
            "tags": {},
            "tags_all": {
              "iac": "terraform"
            }
          },
          "sensitive_attributes": [],
          "private": "bnVsbA==",
          "dependencies": [
            "module.api_gateway.aws_apigatewayv2_api.main",
            "module.api_gateway.aws_apigatewayv2_stage.dev",
            "module.api_gateway.aws_cloudwatch_log_group.main_api_gw",
            "module.api_gateway_resources_projects_find_by_id.aws_iam_role.lambda_role",
            "module.api_gateway_resources_projects_find_by_id.aws_lambda_function.html_lambda",
            "module.api_gateway_resources_projects_find_by_id.data.archive_file.lambda_package",
            "module.projects_dynamodb.aws_dynamodb_table.customers-dynamodb-table"
          ]
        }
      ]
    },
    {
      "module": "module.api_gateway_resources_projects_find_by_id",
      "mode": "managed",
      "type": "aws_iam_policy",
      "name": "dynamodb_lambda_policy",
      "provider": "provider[\"registry.terraform.io/hashicorp/aws\"]",
      "instances": [
        {
          "schema_version": 0,
          "attributes": {
            "arn": "arn:aws:iam::233925838033:policy/policy-appma-projects-find-by-id-dev",
            "attachment_count": 1,
            "description": "This policy will be used by the lambda to write get data from DynamoDB",
            "id": "arn:aws:iam::233925838033:policy/policy-appma-projects-find-by-id-dev",
            "name": "policy-appma-projects-find-by-id-dev",
            "name_prefix": "",
            "path": "/",
            "policy": "{\"Statement\":[{\"Action\":\"dynamodb:GetItem\",\"Effect\":\"Allow\",\"Resource\":\"arn:aws:dynamodb:us-east-1:233925838033:table/tbl-appma-projects-dev\"}],\"Version\":\"2012-10-17\"}",
            "policy_id": "ANPATM5YRATI7DOJXT6CA",
            "tags": {},
            "tags_all": {
              "iac": "terraform"
            }
          },
          "sensitive_attributes": [],
          "private": "bnVsbA==",
          "dependencies": [
            "module.api_gateway.aws_apigatewayv2_api.main",
            "module.api_gateway.aws_apigatewayv2_stage.dev",
            "module.api_gateway.aws_cloudwatch_log_group.main_api_gw",
            "module.api_gateway_resources_projects_find_by_id.data.aws_caller_identity.current",
            "module.api_gateway_resources_projects_find_by_id.data.aws_iam_policy_document.lambda_policy_document",
            "module.api_gateway_resources_projects_find_by_id.data.aws_region.current",
            "module.projects_dynamodb.aws_dynamodb_table.customers-dynamodb-table"
          ]
        }
      ]
    },
    {
      "module": "module.api_gateway_resources_projects_find_by_id",
      "mode": "managed",
      "type": "aws_iam_role",
      "name": "lambda_role",
      "provider": "provider[\"registry.terraform.io/hashicorp/aws\"]",
      "instances": [
        {
          "schema_version": 0,
          "attributes": {
            "arn": "arn:aws:iam::233925838033:role/role-appma-projects-find-by-id-dev",
            "assume_role_policy": "{\"Statement\":[{\"Action\":\"sts:AssumeRole\",\"Effect\":\"Allow\",\"Principal\":{\"Service\":\"lambda.amazonaws.com\"}}],\"Version\":\"2012-10-17\"}",
            "create_date": "2024-11-12T21:10:45Z",
            "description": "",
            "force_detach_policies": false,
            "id": "role-appma-projects-find-by-id-dev",
            "inline_policy": [],
            "managed_policy_arns": [
              "arn:aws:iam::233925838033:policy/policy-appma-projects-find-by-id-dev",
              "arn:aws:iam::aws:policy/service-role/AWSLambdaBasicExecutionRole"
            ],
            "max_session_duration": 3600,
            "name": "role-appma-projects-find-by-id-dev",
            "name_prefix": "",
            "path": "/",
            "permissions_boundary": "",
            "tags": {},
            "tags_all": {
              "iac": "terraform"
            },
            "unique_id": "AROATM5YRATI2GIOPU3XF"
          },
          "sensitive_attributes": [],
          "private": "bnVsbA==",
          "dependencies": [
            "module.api_gateway.aws_apigatewayv2_api.main",
            "module.api_gateway.aws_apigatewayv2_stage.dev",
            "module.api_gateway.aws_cloudwatch_log_group.main_api_gw",
            "module.projects_dynamodb.aws_dynamodb_table.customers-dynamodb-table"
          ]
        }
      ]
    },
    {
      "module": "module.api_gateway_resources_projects_find_by_id",
      "mode": "managed",
      "type": "aws_iam_role_policy_attachment",
      "name": "lambda_attachements",
      "provider": "provider[\"registry.terraform.io/hashicorp/aws\"]",
      "instances": [
        {
          "schema_version": 0,
          "attributes": {
            "id": "role-appma-projects-find-by-id-dev-2024111221104614940000000a",
            "policy_arn": "arn:aws:iam::233925838033:policy/policy-appma-projects-find-by-id-dev",
            "role": "role-appma-projects-find-by-id-dev"
          },
          "sensitive_attributes": [],
          "private": "bnVsbA==",
          "dependencies": [
            "module.api_gateway.aws_apigatewayv2_api.main",
            "module.api_gateway.aws_apigatewayv2_stage.dev",
            "module.api_gateway.aws_cloudwatch_log_group.main_api_gw",
            "module.api_gateway_resources_projects_find_by_id.aws_iam_policy.dynamodb_lambda_policy",
            "module.api_gateway_resources_projects_find_by_id.aws_iam_role.lambda_role",
            "module.api_gateway_resources_projects_find_by_id.data.aws_caller_identity.current",
            "module.api_gateway_resources_projects_find_by_id.data.aws_iam_policy_document.lambda_policy_document",
            "module.api_gateway_resources_projects_find_by_id.data.aws_region.current",
            "module.projects_dynamodb.aws_dynamodb_table.customers-dynamodb-table"
          ]
        }
      ]
    },
    {
      "module": "module.api_gateway_resources_projects_find_by_id",
      "mode": "managed",
      "type": "aws_iam_role_policy_attachment",
      "name": "lambda_role_policy",
      "provider": "provider[\"registry.terraform.io/hashicorp/aws\"]",
      "instances": [
        {
          "schema_version": 0,
          "attributes": {
            "id": "role-appma-projects-find-by-id-dev-20241112211045907800000007",
            "policy_arn": "arn:aws:iam::aws:policy/service-role/AWSLambdaBasicExecutionRole",
            "role": "role-appma-projects-find-by-id-dev"
          },
          "sensitive_attributes": [],
          "private": "bnVsbA==",
          "dependencies": [
            "module.api_gateway.aws_apigatewayv2_api.main",
            "module.api_gateway.aws_apigatewayv2_stage.dev",
            "module.api_gateway.aws_cloudwatch_log_group.main_api_gw",
            "module.api_gateway_resources_projects_find_by_id.aws_iam_role.lambda_role",
            "module.projects_dynamodb.aws_dynamodb_table.customers-dynamodb-table"
          ]
        }
      ]
    },
    {
      "module": "module.api_gateway_resources_projects_find_by_id",
      "mode": "managed",
      "type": "aws_lambda_function",
      "name": "html_lambda",
      "provider": "provider[\"registry.terraform.io/hashicorp/aws\"]",
      "instances": [
        {
          "schema_version": 0,
          "attributes": {
            "architectures": [
              "arm64"
            ],
            "arn": "arn:aws:lambda:us-east-1:233925838033:function:lmb-appma-projects-find-by-id-dev",
            "code_sha256": "8cDF6J5czG5kk5Sg5p4HYfi1M3zJ2dZ0o82TefVRvs8=",
            "code_signing_config_arn": "",
            "dead_letter_config": [],
            "description": "",
            "environment": [],
            "ephemeral_storage": [
              {
                "size": 512
              }
            ],
            "file_system_config": [],
            "filename": "./resources/core/projects-find-by-id/index.zip",
            "function_name": "lmb-appma-projects-find-by-id-dev",
            "handler": "index.handler",
            "id": "lmb-appma-projects-find-by-id-dev",
            "image_config": [],
            "image_uri": "",
            "invoke_arn": "arn:aws:apigateway:us-east-1:lambda:path/2015-03-31/functions/arn:aws:lambda:us-east-1:233925838033:function:lmb-appma-projects-find-by-id-dev/invocations",
            "kms_key_arn": "",
            "last_modified": "2024-11-13T19:01:43.000+0000",
            "layers": [],
            "logging_config": [
              {
                "application_log_level": "",
                "log_format": "Text",
                "log_group": "/aws/lambda/lmb-appma-projects-find-by-id-dev",
                "system_log_level": ""
              }
            ],
            "memory_size": 128,
            "package_type": "Zip",
            "publish": false,
            "qualified_arn": "arn:aws:lambda:us-east-1:233925838033:function:lmb-appma-projects-find-by-id-dev:$LATEST",
            "qualified_invoke_arn": "arn:aws:apigateway:us-east-1:lambda:path/2015-03-31/functions/arn:aws:lambda:us-east-1:233925838033:function:lmb-appma-projects-find-by-id-dev:$LATEST/invocations",
            "replace_security_groups_on_destroy": null,
            "replacement_security_group_ids": null,
            "reserved_concurrent_executions": -1,
            "role": "arn:aws:iam::233925838033:role/role-appma-projects-find-by-id-dev",
            "runtime": "nodejs20.x",
            "s3_bucket": null,
            "s3_key": null,
            "s3_object_version": null,
            "signing_job_arn": "",
            "signing_profile_version_arn": "",
            "skip_destroy": false,
            "snap_start": [],
            "source_code_hash": "8cDF6J5czG5kk5Sg5p4HYfi1M3zJ2dZ0o82TefVRvs8=",
            "source_code_size": 359290,
            "tags": {
              "component": "customer-find-by-id",
              "domain": "core",
              "env": "dev"
            },
            "tags_all": {
              "component": "customer-find-by-id",
              "domain": "core",
              "env": "dev",
              "iac": "terraform"
            },
            "timeout": 30,
            "timeouts": null,
            "tracing_config": [
              {
                "mode": "PassThrough"
              }
            ],
            "version": "$LATEST",
            "vpc_config": []
          },
          "sensitive_attributes": [],
          "private": "eyJlMmJmYjczMC1lY2FhLTExZTYtOGY4OC0zNDM2M2JjN2M0YzAiOnsiY3JlYXRlIjo2MDAwMDAwMDAwMDAsImRlbGV0ZSI6NjAwMDAwMDAwMDAwLCJ1cGRhdGUiOjYwMDAwMDAwMDAwMH19",
          "dependencies": [
            "module.api_gateway.aws_apigatewayv2_api.main",
            "module.api_gateway.aws_apigatewayv2_stage.dev",
            "module.api_gateway.aws_cloudwatch_log_group.main_api_gw",
            "module.api_gateway_resources_projects_find_by_id.aws_iam_role.lambda_role",
            "module.api_gateway_resources_projects_find_by_id.data.archive_file.lambda_package",
            "module.projects_dynamodb.aws_dynamodb_table.customers-dynamodb-table"
          ]
        }
      ]
    },
    {
      "module": "module.api_gateway_resources_projects_find_by_id",
      "mode": "managed",
      "type": "aws_lambda_permission",
      "name": "api_gw",
      "provider": "provider[\"registry.terraform.io/hashicorp/aws\"]",
      "instances": [
        {
          "schema_version": 0,
          "attributes": {
            "action": "lambda:InvokeFunction",
            "event_source_token": null,
            "function_name": "lmb-appma-projects-find-by-id-dev",
            "function_url_auth_type": null,
            "id": "AllowExecutionFromAPIGateway",
            "principal": "apigateway.amazonaws.com",
            "principal_org_id": null,
            "qualifier": "",
            "source_account": null,
            "source_arn": "arn:aws:execute-api:us-east-1:233925838033:m1hg0o6t7l/*/*",
            "statement_id": "AllowExecutionFromAPIGateway",
            "statement_id_prefix": ""
          },
          "sensitive_attributes": [],
          "private": "bnVsbA==",
          "dependencies": [
            "module.api_gateway.aws_apigatewayv2_api.main",
            "module.api_gateway.aws_apigatewayv2_stage.dev",
            "module.api_gateway.aws_cloudwatch_log_group.main_api_gw",
            "module.api_gateway_resources_projects_find_by_id.aws_iam_role.lambda_role",
            "module.api_gateway_resources_projects_find_by_id.aws_lambda_function.html_lambda",
            "module.api_gateway_resources_projects_find_by_id.data.archive_file.lambda_package",
            "module.api_gateway_resources_projects_find_by_id.data.aws_apigatewayv2_api.selected",
            "module.projects_dynamodb.aws_dynamodb_table.customers-dynamodb-table"
          ]
        }
      ]
    },
    {
      "module": "module.api_gateway_resources_projects_update",
      "mode": "data",
      "type": "archive_file",
      "name": "lambda_package",
      "provider": "provider[\"registry.terraform.io/hashicorp/archive\"]",
      "instances": [
        {
          "schema_version": 0,
          "attributes": {
            "exclude_symlink_directories": null,
            "excludes": null,
            "id": "00ecb7def02c8fd5d9d29a244a67e9d4fa07b517",
            "output_base64sha256": "KMIUHAIO2DD1y7JoiZTJgPHQ3q6WK9e5YihMEs/e+4Q=",
            "output_base64sha512": "Db7JXT5mBSVmceZeLaOoXPdtJuRyEKse2sq7iPrH5e7zMri8/wrnYa35Gy2+XKg+xLfgLOXt663jemzK3CRENQ==",
            "output_file_mode": null,
            "output_md5": "e03c9b1f488b2f951280325500c014e2",
            "output_path": "./resources/core/projects-update-by-id/index.zip",
            "output_sha": "00ecb7def02c8fd5d9d29a244a67e9d4fa07b517",
            "output_sha256": "28c2141c020ed830f5cbb2688994c980f1d0deae962bd7b962284c12cfdefb84",
            "output_sha512": "0dbec95d3e6605256671e65e2da3a85cf76d26e47210ab1edacabb88fac7e5eef332b8bcff0ae761adf91b2dbe5ca83ec4b7e02ce5edebade37a6ccadc244435",
            "output_size": 562213,
            "source": [],
            "source_content": null,
            "source_content_filename": null,
            "source_dir": "./lambdas/core/projects-update-by-id",
            "source_file": null,
            "type": "zip"
          },
          "sensitive_attributes": []
        }
      ]
    },
    {
      "module": "module.api_gateway_resources_projects_update",
      "mode": "data",
      "type": "aws_apigatewayv2_api",
      "name": "selected",
      "provider": "provider[\"registry.terraform.io/hashicorp/aws\"]",
      "instances": [
        {
          "schema_version": 0,
          "attributes": {
            "api_endpoint": "https://m1hg0o6t7l.execute-api.us-east-1.amazonaws.com",
            "api_id": "m1hg0o6t7l",
            "api_key_selection_expression": "$request.header.x-api-key",
            "arn": "arn:aws:apigateway:us-east-1::/apis/m1hg0o6t7l",
            "cors_configuration": [
              {
                "allow_credentials": false,
                "allow_headers": [
                  "*"
                ],
                "allow_methods": [
                  "DELETE",
                  "GET",
                  "OPTIONS",
                  "POST",
                  "PUT"
                ],
                "allow_origins": [
                  "*",
                  "http://localhost:3000"
                ],
                "expose_headers": [],
                "max_age": 300
              }
            ],
            "description": "api-appma-dev API Gateway",
            "disable_execute_api_endpoint": false,
            "execution_arn": "arn:aws:execute-api:us-east-1:233925838033:m1hg0o6t7l",
            "id": "m1hg0o6t7l",
            "name": "api-appma-dev",
            "protocol_type": "HTTP",
            "route_selection_expression": "$request.method $request.path",
            "tags": {
              "iac": "terraform"
            },
            "version": ""
          },
          "sensitive_attributes": []
        }
      ]
    },
    {
      "module": "module.api_gateway_resources_projects_update",
      "mode": "data",
      "type": "aws_caller_identity",
      "name": "current",
      "provider": "provider[\"registry.terraform.io/hashicorp/aws\"]",
      "instances": [
        {
          "schema_version": 0,
          "attributes": {
            "account_id": "233925838033",
            "arn": "arn:aws:iam::233925838033:root",
            "id": "233925838033",
            "user_id": "233925838033"
          },
          "sensitive_attributes": []
        }
      ]
    },
    {
      "module": "module.api_gateway_resources_projects_update",
      "mode": "data",
      "type": "aws_iam_policy_document",
      "name": "lambda_policy_document",
      "provider": "provider[\"registry.terraform.io/hashicorp/aws\"]",
      "instances": [
        {
          "schema_version": 0,
          "attributes": {
            "id": "124007557",
            "json": "{\n  \"Version\": \"2012-10-17\",\n  \"Statement\": [\n    {\n      \"Effect\": \"Allow\",\n      \"Action\": \"dynamodb:UpdateItem\",\n      \"Resource\": \"arn:aws:dynamodb:us-east-1:233925838033:table/tbl-appma-projects-dev\"\n    }\n  ]\n}",
            "minified_json": "{\"Version\":\"2012-10-17\",\"Statement\":[{\"Effect\":\"Allow\",\"Action\":\"dynamodb:UpdateItem\",\"Resource\":\"arn:aws:dynamodb:us-east-1:233925838033:table/tbl-appma-projects-dev\"}]}",
            "override_json": null,
            "override_policy_documents": null,
            "policy_id": null,
            "source_json": null,
            "source_policy_documents": null,
            "statement": [
              {
                "actions": [
                  "dynamodb:UpdateItem"
                ],
                "condition": [],
                "effect": "Allow",
                "not_actions": [],
                "not_principals": [],
                "not_resources": [],
                "principals": [],
                "resources": [
                  "arn:aws:dynamodb:us-east-1:233925838033:table/tbl-appma-projects-dev"
                ],
                "sid": ""
              }
            ],
            "version": "2012-10-17"
          },
          "sensitive_attributes": []
        }
      ]
    },
    {
      "module": "module.api_gateway_resources_projects_update",
      "mode": "data",
      "type": "aws_region",
      "name": "current",
      "provider": "provider[\"registry.terraform.io/hashicorp/aws\"]",
      "instances": [
        {
          "schema_version": 0,
          "attributes": {
            "description": "US East (N. Virginia)",
            "endpoint": "ec2.us-east-1.amazonaws.com",
            "id": "us-east-1",
            "name": "us-east-1"
          },
          "sensitive_attributes": []
        }
      ]
    },
    {
      "module": "module.api_gateway_resources_projects_update",
      "mode": "managed",
      "type": "aws_apigatewayv2_integration",
      "name": "lambda_handler",
      "provider": "provider[\"registry.terraform.io/hashicorp/aws\"]",
      "instances": [
        {
          "schema_version": 0,
          "attributes": {
            "api_id": "m1hg0o6t7l",
            "connection_id": "",
            "connection_type": "INTERNET",
            "content_handling_strategy": "",
            "credentials_arn": "",
            "description": "",
            "id": "n96q0hu",
            "integration_method": "POST",
            "integration_response_selection_expression": "",
            "integration_subtype": "",
            "integration_type": "AWS_PROXY",
            "integration_uri": "arn:aws:apigateway:us-east-1:lambda:path/2015-03-31/functions/arn:aws:lambda:us-east-1:233925838033:function:lmb-appma-projects-update-by-id-dev/invocations",
            "passthrough_behavior": "",
            "payload_format_version": "1.0",
            "request_parameters": {},
            "request_templates": {},
            "response_parameters": [],
            "template_selection_expression": "",
            "timeout_milliseconds": 30000,
            "tls_config": []
          },
          "sensitive_attributes": [],
          "private": "bnVsbA==",
          "dependencies": [
            "module.api_gateway.aws_apigatewayv2_api.main",
            "module.api_gateway.aws_apigatewayv2_stage.dev",
            "module.api_gateway.aws_cloudwatch_log_group.main_api_gw",
            "module.api_gateway_resources_projects_update.aws_iam_role.lambda_role",
            "module.api_gateway_resources_projects_update.aws_lambda_function.html_lambda",
            "module.api_gateway_resources_projects_update.data.archive_file.lambda_package",
            "module.api_gateway_resources_projects_update.data.aws_apigatewayv2_api.selected",
            "module.projects_dynamodb.aws_dynamodb_table.customers-dynamodb-table"
          ]
        }
      ]
    },
    {
      "module": "module.api_gateway_resources_projects_update",
      "mode": "managed",
      "type": "aws_apigatewayv2_route",
      "name": "post_handler",
      "provider": "provider[\"registry.terraform.io/hashicorp/aws\"]",
      "instances": [
        {
          "schema_version": 0,
          "attributes": {
            "api_id": "m1hg0o6t7l",
            "api_key_required": false,
            "authorization_scopes": [],
            "authorization_type": "CUSTOM",
            "authorizer_id": "0lfrxe",
            "id": "t242eb6",
            "model_selection_expression": "",
            "operation_name": "",
            "request_models": {},
            "request_parameter": [],
            "route_key": "PUT /api/v1/projects/{id}",
            "route_response_selection_expression": "",
            "target": "integrations/n96q0hu"
          },
          "sensitive_attributes": [],
          "private": "bnVsbA==",
          "dependencies": [
            "module.api_gateway.aws_apigatewayv2_api.main",
            "module.api_gateway.aws_apigatewayv2_stage.dev",
            "module.api_gateway.aws_cloudwatch_log_group.main_api_gw",
            "module.api_gateway_resources_projects_update.aws_apigatewayv2_integration.lambda_handler",
            "module.api_gateway_resources_projects_update.aws_iam_role.lambda_role",
            "module.api_gateway_resources_projects_update.aws_lambda_function.html_lambda",
            "module.api_gateway_resources_projects_update.data.archive_file.lambda_package",
            "module.api_gateway_resources_projects_update.data.aws_apigatewayv2_api.selected",
            "module.api_gateway_resources_security_authorizer.aws_apigatewayv2_authorizer.header_based_authorizer",
            "module.api_gateway_resources_security_authorizer.aws_iam_role.lambda_role",
            "module.api_gateway_resources_security_authorizer.aws_lambda_function.html_lambda",
            "module.api_gateway_resources_security_authorizer.data.archive_file.lambda_package",
            "module.api_gateway_resources_security_authorizer.data.aws_apigatewayv2_api.selected",
            "module.projects_dynamodb.aws_dynamodb_table.customers-dynamodb-table"
          ]
        }
      ]
    },
    {
      "module": "module.api_gateway_resources_projects_update",
      "mode": "managed",
      "type": "aws_cloudwatch_log_group",
      "name": "html_loggroup_lambda",
      "provider": "provider[\"registry.terraform.io/hashicorp/aws\"]",
      "instances": [
        {
          "schema_version": 0,
          "attributes": {
            "arn": "arn:aws:logs:us-east-1:233925838033:log-group:/aws/lambda/lmb-appma-projects-update-by-id-dev",
            "id": "/aws/lambda/lmb-appma-projects-update-by-id-dev",
            "kms_key_id": "",
            "log_group_class": "STANDARD",
            "name": "/aws/lambda/lmb-appma-projects-update-by-id-dev",
            "name_prefix": "",
            "retention_in_days": 0,
            "skip_destroy": false,
            "tags": {},
            "tags_all": {
              "iac": "terraform"
            }
          },
          "sensitive_attributes": [],
          "private": "bnVsbA==",
          "dependencies": [
            "module.api_gateway.aws_apigatewayv2_api.main",
            "module.api_gateway.aws_apigatewayv2_stage.dev",
            "module.api_gateway.aws_cloudwatch_log_group.main_api_gw",
            "module.api_gateway_resources_projects_update.aws_iam_role.lambda_role",
            "module.api_gateway_resources_projects_update.aws_lambda_function.html_lambda",
            "module.api_gateway_resources_projects_update.data.archive_file.lambda_package",
            "module.projects_dynamodb.aws_dynamodb_table.customers-dynamodb-table"
          ]
        }
      ]
    },
    {
      "module": "module.api_gateway_resources_projects_update",
      "mode": "managed",
      "type": "aws_iam_policy",
      "name": "dynamodb_lambda_policy",
      "provider": "provider[\"registry.terraform.io/hashicorp/aws\"]",
      "instances": [
        {
          "schema_version": 0,
          "attributes": {
            "arn": "arn:aws:iam::233925838033:policy/policy-appma-projects-update-by-id-dev",
            "attachment_count": 1,
            "description": "This policy will be used by the lambda to write get data from DynamoDB",
            "id": "arn:aws:iam::233925838033:policy/policy-appma-projects-update-by-id-dev",
            "name": "policy-appma-projects-update-by-id-dev",
            "name_prefix": "",
            "path": "/",
            "policy": "{\"Statement\":[{\"Action\":\"dynamodb:UpdateItem\",\"Effect\":\"Allow\",\"Resource\":\"arn:aws:dynamodb:us-east-1:233925838033:table/tbl-appma-projects-dev\"}],\"Version\":\"2012-10-17\"}",
            "policy_id": "ANPATM5YRATI44D4MHVDS",
            "tags": {},
            "tags_all": {
              "iac": "terraform"
            }
          },
          "sensitive_attributes": [],
          "private": "bnVsbA==",
          "dependencies": [
            "module.api_gateway.aws_apigatewayv2_api.main",
            "module.api_gateway.aws_apigatewayv2_stage.dev",
            "module.api_gateway.aws_cloudwatch_log_group.main_api_gw",
            "module.api_gateway_resources_projects_update.data.aws_caller_identity.current",
            "module.api_gateway_resources_projects_update.data.aws_iam_policy_document.lambda_policy_document",
            "module.api_gateway_resources_projects_update.data.aws_region.current",
            "module.projects_dynamodb.aws_dynamodb_table.customers-dynamodb-table"
          ]
        }
      ]
    },
    {
      "module": "module.api_gateway_resources_projects_update",
      "mode": "managed",
      "type": "aws_iam_role",
      "name": "lambda_role",
      "provider": "provider[\"registry.terraform.io/hashicorp/aws\"]",
      "instances": [
        {
          "schema_version": 0,
          "attributes": {
            "arn": "arn:aws:iam::233925838033:role/role-appma-projects-update-by-id-dev",
            "assume_role_policy": "{\"Statement\":[{\"Action\":\"sts:AssumeRole\",\"Effect\":\"Allow\",\"Principal\":{\"Service\":\"lambda.amazonaws.com\"}}],\"Version\":\"2012-10-17\"}",
            "create_date": "2024-11-12T21:10:44Z",
            "description": "",
            "force_detach_policies": false,
            "id": "role-appma-projects-update-by-id-dev",
            "inline_policy": [],
            "managed_policy_arns": [
              "arn:aws:iam::233925838033:policy/policy-appma-projects-update-by-id-dev",
              "arn:aws:iam::aws:policy/service-role/AWSLambdaBasicExecutionRole"
            ],
            "max_session_duration": 3600,
            "name": "role-appma-projects-update-by-id-dev",
            "name_prefix": "",
            "path": "/",
            "permissions_boundary": "",
            "tags": {},
            "tags_all": {
              "iac": "terraform"
            },
            "unique_id": "AROATM5YRATIS42TS3OST"
          },
          "sensitive_attributes": [],
          "private": "bnVsbA==",
          "dependencies": [
            "module.api_gateway.aws_apigatewayv2_api.main",
            "module.api_gateway.aws_apigatewayv2_stage.dev",
            "module.api_gateway.aws_cloudwatch_log_group.main_api_gw",
            "module.projects_dynamodb.aws_dynamodb_table.customers-dynamodb-table"
          ]
        }
      ]
    },
    {
      "module": "module.api_gateway_resources_projects_update",
      "mode": "managed",
      "type": "aws_iam_role_policy_attachment",
      "name": "lambda_attachements",
      "provider": "provider[\"registry.terraform.io/hashicorp/aws\"]",
      "instances": [
        {
          "schema_version": 0,
          "attributes": {
            "id": "role-appma-projects-update-by-id-dev-20241112211045916900000008",
            "policy_arn": "arn:aws:iam::233925838033:policy/policy-appma-projects-update-by-id-dev",
            "role": "role-appma-projects-update-by-id-dev"
          },
          "sensitive_attributes": [],
          "private": "bnVsbA==",
          "dependencies": [
            "module.api_gateway.aws_apigatewayv2_api.main",
            "module.api_gateway.aws_apigatewayv2_stage.dev",
            "module.api_gateway.aws_cloudwatch_log_group.main_api_gw",
            "module.api_gateway_resources_projects_update.aws_iam_policy.dynamodb_lambda_policy",
            "module.api_gateway_resources_projects_update.aws_iam_role.lambda_role",
            "module.api_gateway_resources_projects_update.data.aws_caller_identity.current",
            "module.api_gateway_resources_projects_update.data.aws_iam_policy_document.lambda_policy_document",
            "module.api_gateway_resources_projects_update.data.aws_region.current",
            "module.projects_dynamodb.aws_dynamodb_table.customers-dynamodb-table"
          ]
        }
      ]
    },
    {
      "module": "module.api_gateway_resources_projects_update",
      "mode": "managed",
      "type": "aws_iam_role_policy_attachment",
      "name": "lambda_role_policy",
      "provider": "provider[\"registry.terraform.io/hashicorp/aws\"]",
      "instances": [
        {
          "schema_version": 0,
          "attributes": {
            "id": "role-appma-projects-update-by-id-dev-20241112211045648200000005",
            "policy_arn": "arn:aws:iam::aws:policy/service-role/AWSLambdaBasicExecutionRole",
            "role": "role-appma-projects-update-by-id-dev"
          },
          "sensitive_attributes": [],
          "private": "bnVsbA==",
          "dependencies": [
            "module.api_gateway.aws_apigatewayv2_api.main",
            "module.api_gateway.aws_apigatewayv2_stage.dev",
            "module.api_gateway.aws_cloudwatch_log_group.main_api_gw",
            "module.api_gateway_resources_projects_update.aws_iam_role.lambda_role",
            "module.projects_dynamodb.aws_dynamodb_table.customers-dynamodb-table"
          ]
        }
      ]
    },
    {
      "module": "module.api_gateway_resources_projects_update",
      "mode": "managed",
      "type": "aws_lambda_function",
      "name": "html_lambda",
      "provider": "provider[\"registry.terraform.io/hashicorp/aws\"]",
      "instances": [
        {
          "schema_version": 0,
          "attributes": {
            "architectures": [
              "arm64"
            ],
            "arn": "arn:aws:lambda:us-east-1:233925838033:function:lmb-appma-projects-update-by-id-dev",
            "code_sha256": "KMIUHAIO2DD1y7JoiZTJgPHQ3q6WK9e5YihMEs/e+4Q=",
            "code_signing_config_arn": "",
            "dead_letter_config": [],
            "description": "",
            "environment": [],
            "ephemeral_storage": [
              {
                "size": 512
              }
            ],
            "file_system_config": [],
            "filename": "./resources/core/projects-update-by-id/index.zip",
            "function_name": "lmb-appma-projects-update-by-id-dev",
            "handler": "index.handler",
            "id": "lmb-appma-projects-update-by-id-dev",
            "image_config": [],
            "image_uri": "",
            "invoke_arn": "arn:aws:apigateway:us-east-1:lambda:path/2015-03-31/functions/arn:aws:lambda:us-east-1:233925838033:function:lmb-appma-projects-update-by-id-dev/invocations",
            "kms_key_arn": "",
            "last_modified": "2024-11-13T19:01:11.000+0000",
            "layers": [],
            "logging_config": [
              {
                "application_log_level": "",
                "log_format": "Text",
                "log_group": "/aws/lambda/lmb-appma-projects-update-by-id-dev",
                "system_log_level": ""
              }
            ],
            "memory_size": 128,
            "package_type": "Zip",
            "publish": false,
            "qualified_arn": "arn:aws:lambda:us-east-1:233925838033:function:lmb-appma-projects-update-by-id-dev:$LATEST",
            "qualified_invoke_arn": "arn:aws:apigateway:us-east-1:lambda:path/2015-03-31/functions/arn:aws:lambda:us-east-1:233925838033:function:lmb-appma-projects-update-by-id-dev:$LATEST/invocations",
            "replace_security_groups_on_destroy": null,
            "replacement_security_group_ids": null,
            "reserved_concurrent_executions": -1,
            "role": "arn:aws:iam::233925838033:role/role-appma-projects-update-by-id-dev",
            "runtime": "nodejs20.x",
            "s3_bucket": null,
            "s3_key": null,
            "s3_object_version": null,
            "signing_job_arn": "",
            "signing_profile_version_arn": "",
            "skip_destroy": false,
            "snap_start": [],
            "source_code_hash": "KMIUHAIO2DD1y7JoiZTJgPHQ3q6WK9e5YihMEs/e+4Q=",
            "source_code_size": 562213,
            "tags": {
              "component": "customer-update-by-id",
              "domain": "core",
              "env": "dev"
            },
            "tags_all": {
              "component": "customer-update-by-id",
              "domain": "core",
              "env": "dev",
              "iac": "terraform"
            },
            "timeout": 30,
            "timeouts": null,
            "tracing_config": [
              {
                "mode": "PassThrough"
              }
            ],
            "version": "$LATEST",
            "vpc_config": []
          },
          "sensitive_attributes": [],
          "private": "eyJlMmJmYjczMC1lY2FhLTExZTYtOGY4OC0zNDM2M2JjN2M0YzAiOnsiY3JlYXRlIjo2MDAwMDAwMDAwMDAsImRlbGV0ZSI6NjAwMDAwMDAwMDAwLCJ1cGRhdGUiOjYwMDAwMDAwMDAwMH19",
          "dependencies": [
            "module.api_gateway.aws_apigatewayv2_api.main",
            "module.api_gateway.aws_apigatewayv2_stage.dev",
            "module.api_gateway.aws_cloudwatch_log_group.main_api_gw",
            "module.api_gateway_resources_projects_update.aws_iam_role.lambda_role",
            "module.api_gateway_resources_projects_update.data.archive_file.lambda_package",
            "module.projects_dynamodb.aws_dynamodb_table.customers-dynamodb-table"
          ]
        }
      ]
    },
    {
      "module": "module.api_gateway_resources_projects_update",
      "mode": "managed",
      "type": "aws_lambda_permission",
      "name": "api_gw",
      "provider": "provider[\"registry.terraform.io/hashicorp/aws\"]",
      "instances": [
        {
          "schema_version": 0,
          "attributes": {
            "action": "lambda:InvokeFunction",
            "event_source_token": null,
            "function_name": "lmb-appma-projects-update-by-id-dev",
            "function_url_auth_type": null,
            "id": "AllowExecutionFromAPIGateway",
            "principal": "apigateway.amazonaws.com",
            "principal_org_id": null,
            "qualifier": "",
            "source_account": null,
            "source_arn": "arn:aws:execute-api:us-east-1:233925838033:m1hg0o6t7l/*/*",
            "statement_id": "AllowExecutionFromAPIGateway",
            "statement_id_prefix": ""
          },
          "sensitive_attributes": [],
          "private": "bnVsbA==",
          "dependencies": [
            "module.api_gateway.aws_apigatewayv2_api.main",
            "module.api_gateway.aws_apigatewayv2_stage.dev",
            "module.api_gateway.aws_cloudwatch_log_group.main_api_gw",
            "module.api_gateway_resources_projects_update.aws_iam_role.lambda_role",
            "module.api_gateway_resources_projects_update.aws_lambda_function.html_lambda",
            "module.api_gateway_resources_projects_update.data.archive_file.lambda_package",
            "module.api_gateway_resources_projects_update.data.aws_apigatewayv2_api.selected",
            "module.projects_dynamodb.aws_dynamodb_table.customers-dynamodb-table"
          ]
        }
      ]
    },
    {
      "module": "module.api_gateway_resources_security_authorizer",
      "mode": "data",
      "type": "archive_file",
      "name": "lambda_package",
      "provider": "provider[\"registry.terraform.io/hashicorp/archive\"]",
      "instances": [
        {
          "schema_version": 0,
          "attributes": {
            "exclude_symlink_directories": null,
            "excludes": null,
            "id": "b836b11a5335594831851d10b2676245ac47fedc",
            "output_base64sha256": "eG3bmO2+5DOb/TJrCSbWrz0pozcMtD5cFJgn0O4KQes=",
            "output_base64sha512": "vgJaOHloMBxLu1Fu831RbjK1MEWEaZJJfH86MMRR4QmFJCBOh4WSk1WJGX3s7VTp7aZCc7mBfe7LaGqJGcGRMQ==",
            "output_file_mode": null,
            "output_md5": "a217867bbf35ddc78cc8412653e57996",
            "output_path": "./resources/auth/authorizer/index.zip",
            "output_sha": "b836b11a5335594831851d10b2676245ac47fedc",
            "output_sha256": "786ddb98edbee4339bfd326b0926d6af3d29a3370cb43e5c149827d0ee0a41eb",
            "output_sha512": "be025a387968301c4bbb516ef37d516e32b53045846992497c7f3a30c451e1098524204e878592935589197deced54e9eda64273b9817deecb686a8919c19131",
            "output_size": 359536,
            "source": [],
            "source_content": null,
            "source_content_filename": null,
            "source_dir": "./lambdas/auth/authorizer",
            "source_file": null,
            "type": "zip"
          },
          "sensitive_attributes": []
        }
      ]
    },
    {
      "module": "module.api_gateway_resources_security_authorizer",
      "mode": "data",
      "type": "aws_apigatewayv2_api",
      "name": "selected",
      "provider": "provider[\"registry.terraform.io/hashicorp/aws\"]",
      "instances": [
        {
          "schema_version": 0,
          "attributes": {
            "api_endpoint": "https://m1hg0o6t7l.execute-api.us-east-1.amazonaws.com",
            "api_id": "m1hg0o6t7l",
            "api_key_selection_expression": "$request.header.x-api-key",
            "arn": "arn:aws:apigateway:us-east-1::/apis/m1hg0o6t7l",
            "cors_configuration": [
              {
                "allow_credentials": false,
                "allow_headers": [
                  "*"
                ],
                "allow_methods": [
                  "DELETE",
                  "GET",
                  "OPTIONS",
                  "POST",
                  "PUT"
                ],
                "allow_origins": [
                  "*",
                  "http://localhost:3000"
                ],
                "expose_headers": [],
                "max_age": 300
              }
            ],
            "description": "api-appma-dev API Gateway",
            "disable_execute_api_endpoint": false,
            "execution_arn": "arn:aws:execute-api:us-east-1:233925838033:m1hg0o6t7l",
            "id": "m1hg0o6t7l",
            "name": "api-appma-dev",
            "protocol_type": "HTTP",
            "route_selection_expression": "$request.method $request.path",
            "tags": {
              "iac": "terraform"
            },
            "version": ""
          },
          "sensitive_attributes": []
        }
      ]
    },
    {
      "module": "module.api_gateway_resources_security_authorizer",
      "mode": "data",
      "type": "aws_caller_identity",
      "name": "current",
      "provider": "provider[\"registry.terraform.io/hashicorp/aws\"]",
      "instances": [
        {
          "schema_version": 0,
          "attributes": {
            "account_id": "233925838033",
            "arn": "arn:aws:iam::233925838033:root",
            "id": "233925838033",
            "user_id": "233925838033"
          },
          "sensitive_attributes": []
        }
      ]
    },
    {
      "module": "module.api_gateway_resources_security_authorizer",
      "mode": "data",
      "type": "aws_iam_policy_document",
      "name": "lambda_policy_document",
      "provider": "provider[\"registry.terraform.io/hashicorp/aws\"]",
      "instances": [
        {
          "schema_version": 0,
          "attributes": {
            "id": "1807035367",
            "json": "{\n  \"Version\": \"2012-10-17\",\n  \"Statement\": [\n    {\n      \"Effect\": \"Allow\",\n      \"Action\": [\n        \"dynamodb:Scan\",\n        \"dynamodb:PutItem\",\n        \"dynamodb:GetItem\",\n        \"dynamodb:DeleteItem\"\n      ],\n      \"Resource\": \"arn:aws:dynamodb:us-east-1:233925838033:table/tbl-appma-token-dev\"\n    }\n  ]\n}",
            "minified_json": "{\"Version\":\"2012-10-17\",\"Statement\":[{\"Effect\":\"Allow\",\"Action\":[\"dynamodb:Scan\",\"dynamodb:PutItem\",\"dynamodb:GetItem\",\"dynamodb:DeleteItem\"],\"Resource\":\"arn:aws:dynamodb:us-east-1:233925838033:table/tbl-appma-token-dev\"}]}",
            "override_json": null,
            "override_policy_documents": null,
            "policy_id": null,
            "source_json": null,
            "source_policy_documents": null,
            "statement": [
              {
                "actions": [
                  "dynamodb:DeleteItem",
                  "dynamodb:GetItem",
                  "dynamodb:PutItem",
                  "dynamodb:Scan"
                ],
                "condition": [],
                "effect": "Allow",
                "not_actions": [],
                "not_principals": [],
                "not_resources": [],
                "principals": [],
                "resources": [
                  "arn:aws:dynamodb:us-east-1:233925838033:table/tbl-appma-token-dev"
                ],
                "sid": ""
              }
            ],
            "version": "2012-10-17"
          },
          "sensitive_attributes": []
        }
      ]
    },
    {
      "module": "module.api_gateway_resources_security_authorizer",
      "mode": "data",
      "type": "aws_region",
      "name": "current",
      "provider": "provider[\"registry.terraform.io/hashicorp/aws\"]",
      "instances": [
        {
          "schema_version": 0,
          "attributes": {
            "description": "US East (N. Virginia)",
            "endpoint": "ec2.us-east-1.amazonaws.com",
            "id": "us-east-1",
            "name": "us-east-1"
          },
          "sensitive_attributes": []
        }
      ]
    },
    {
      "module": "module.api_gateway_resources_security_authorizer",
      "mode": "managed",
      "type": "aws_apigatewayv2_authorizer",
      "name": "header_based_authorizer",
      "provider": "provider[\"registry.terraform.io/hashicorp/aws\"]",
      "instances": [
        {
          "schema_version": 0,
          "attributes": {
            "api_id": "m1hg0o6t7l",
            "authorizer_credentials_arn": "",
            "authorizer_payload_format_version": "2.0",
            "authorizer_result_ttl_in_seconds": 0,
            "authorizer_type": "REQUEST",
            "authorizer_uri": "arn:aws:apigateway:us-east-1:lambda:path/2015-03-31/functions/arn:aws:lambda:us-east-1:233925838033:function:lmb-appma-security-authorizer-dev/invocations",
            "enable_simple_responses": true,
            "id": "0lfrxe",
            "identity_sources": [
              "$request.header.authorization"
            ],
            "jwt_configuration": [],
            "name": "lmb-appma-security-authorizer-dev",
            "timeouts": null
          },
          "sensitive_attributes": [],
          "private": "eyJlMmJmYjczMC1lY2FhLTExZTYtOGY4OC0zNDM2M2JjN2M0YzAiOnsiZGVsZXRlIjoxODAwMDAwMDAwMDAwfX0=",
          "dependencies": [
            "module.api_gateway.aws_apigatewayv2_api.main",
            "module.api_gateway_resources_security_authorizer.aws_iam_role.lambda_role",
            "module.api_gateway_resources_security_authorizer.aws_lambda_function.html_lambda",
            "module.api_gateway_resources_security_authorizer.data.archive_file.lambda_package",
            "module.api_gateway_resources_security_authorizer.data.aws_apigatewayv2_api.selected"
          ]
        }
      ]
    },
    {
      "module": "module.api_gateway_resources_security_authorizer",
      "mode": "managed",
      "type": "aws_cloudwatch_log_group",
      "name": "html_loggroup_lambda",
      "provider": "provider[\"registry.terraform.io/hashicorp/aws\"]",
      "instances": [
        {
          "schema_version": 0,
          "attributes": {
            "arn": "arn:aws:logs:us-east-1:233925838033:log-group:/aws/lambda/lmb-appma-security-authorizer-dev",
            "id": "/aws/lambda/lmb-appma-security-authorizer-dev",
            "kms_key_id": "",
            "log_group_class": "STANDARD",
            "name": "/aws/lambda/lmb-appma-security-authorizer-dev",
            "name_prefix": "",
            "retention_in_days": 7,
            "skip_destroy": false,
            "tags": {},
            "tags_all": {
              "iac": "terraform"
            }
          },
          "sensitive_attributes": [],
          "private": "bnVsbA==",
          "dependencies": [
            "module.api_gateway_resources_security_authorizer.aws_iam_role.lambda_role",
            "module.api_gateway_resources_security_authorizer.aws_lambda_function.html_lambda",
            "module.api_gateway_resources_security_authorizer.data.archive_file.lambda_package"
          ]
        }
      ]
    },
    {
      "module": "module.api_gateway_resources_security_authorizer",
      "mode": "managed",
      "type": "aws_iam_policy",
      "name": "dynamodb_lambda_policy",
      "provider": "provider[\"registry.terraform.io/hashicorp/aws\"]",
      "instances": [
        {
          "schema_version": 0,
          "attributes": {
            "arn": "arn:aws:iam::233925838033:policy/policy-appma-security-authorizer-dev",
            "attachment_count": 1,
            "description": "This policy will be used by the lambda to write get data from DynamoDB",
            "id": "arn:aws:iam::233925838033:policy/policy-appma-security-authorizer-dev",
            "name": "policy-appma-security-authorizer-dev",
            "name_prefix": "",
            "path": "/",
            "policy": "{\"Statement\":[{\"Action\":[\"dynamodb:Scan\",\"dynamodb:PutItem\",\"dynamodb:GetItem\",\"dynamodb:DeleteItem\"],\"Effect\":\"Allow\",\"Resource\":\"arn:aws:dynamodb:us-east-1:233925838033:table/tbl-appma-token-dev\"}],\"Version\":\"2012-10-17\"}",
            "policy_id": "ANPATM5YRATIW5SIMUBLQ",
            "tags": {},
            "tags_all": {
              "iac": "terraform"
            }
          },
          "sensitive_attributes": [],
          "private": "bnVsbA==",
          "dependencies": [
            "module.api_gateway_resources_security_authorizer.data.aws_caller_identity.current",
            "module.api_gateway_resources_security_authorizer.data.aws_iam_policy_document.lambda_policy_document",
            "module.api_gateway_resources_security_authorizer.data.aws_region.current"
          ]
        }
      ]
    },
    {
      "module": "module.api_gateway_resources_security_authorizer",
      "mode": "managed",
      "type": "aws_iam_role",
      "name": "lambda_role",
      "provider": "provider[\"registry.terraform.io/hashicorp/aws\"]",
      "instances": [
        {
          "schema_version": 0,
          "attributes": {
            "arn": "arn:aws:iam::233925838033:role/role-appma-security-authorizer-dev",
            "assume_role_policy": "{\"Statement\":[{\"Action\":\"sts:AssumeRole\",\"Effect\":\"Allow\",\"Principal\":{\"Service\":\"lambda.amazonaws.com\"}}],\"Version\":\"2012-10-17\"}",
            "create_date": "2024-11-12T21:10:30Z",
            "description": "",
            "force_detach_policies": false,
            "id": "role-appma-security-authorizer-dev",
            "inline_policy": [],
            "managed_policy_arns": [
              "arn:aws:iam::233925838033:policy/policy-appma-security-authorizer-dev",
              "arn:aws:iam::aws:policy/service-role/AWSLambdaBasicExecutionRole"
            ],
            "max_session_duration": 3600,
            "name": "role-appma-security-authorizer-dev",
            "name_prefix": "",
            "path": "/",
            "permissions_boundary": "",
            "tags": {},
            "tags_all": {
              "iac": "terraform"
            },
            "unique_id": "AROATM5YRATI2OTNVL6M5"
          },
          "sensitive_attributes": [],
          "private": "bnVsbA=="
        }
      ]
    },
    {
      "module": "module.api_gateway_resources_security_authorizer",
      "mode": "managed",
      "type": "aws_iam_role_policy_attachment",
      "name": "lambda_attachements",
      "provider": "provider[\"registry.terraform.io/hashicorp/aws\"]",
      "instances": [
        {
          "schema_version": 0,
          "attributes": {
            "id": "role-appma-security-authorizer-dev-20241112211031051700000002",
            "policy_arn": "arn:aws:iam::233925838033:policy/policy-appma-security-authorizer-dev",
            "role": "role-appma-security-authorizer-dev"
          },
          "sensitive_attributes": [],
          "private": "bnVsbA==",
          "dependencies": [
            "module.api_gateway_resources_security_authorizer.aws_iam_policy.dynamodb_lambda_policy",
            "module.api_gateway_resources_security_authorizer.aws_iam_role.lambda_role",
            "module.api_gateway_resources_security_authorizer.data.aws_caller_identity.current",
            "module.api_gateway_resources_security_authorizer.data.aws_iam_policy_document.lambda_policy_document",
            "module.api_gateway_resources_security_authorizer.data.aws_region.current"
          ]
        }
      ]
    },
    {
      "module": "module.api_gateway_resources_security_authorizer",
      "mode": "managed",
      "type": "aws_iam_role_policy_attachment",
      "name": "lambda_role_policy",
      "provider": "provider[\"registry.terraform.io/hashicorp/aws\"]",
      "instances": [
        {
          "schema_version": 0,
          "attributes": {
            "id": "role-appma-security-authorizer-dev-20241112211031048800000001",
            "policy_arn": "arn:aws:iam::aws:policy/service-role/AWSLambdaBasicExecutionRole",
            "role": "role-appma-security-authorizer-dev"
          },
          "sensitive_attributes": [],
          "private": "bnVsbA==",
          "dependencies": [
            "module.api_gateway_resources_security_authorizer.aws_iam_role.lambda_role"
          ]
        }
      ]
    },
    {
      "module": "module.api_gateway_resources_security_authorizer",
      "mode": "managed",
      "type": "aws_lambda_function",
      "name": "html_lambda",
      "provider": "provider[\"registry.terraform.io/hashicorp/aws\"]",
      "instances": [
        {
          "schema_version": 0,
          "attributes": {
            "architectures": [
              "arm64"
            ],
            "arn": "arn:aws:lambda:us-east-1:233925838033:function:lmb-appma-security-authorizer-dev",
            "code_sha256": "eG3bmO2+5DOb/TJrCSbWrz0pozcMtD5cFJgn0O4KQes=",
            "code_signing_config_arn": "",
            "dead_letter_config": [],
            "description": "",
            "environment": [],
            "ephemeral_storage": [
              {
                "size": 512
              }
            ],
            "file_system_config": [],
            "filename": "./resources/auth/authorizer/index.zip",
            "function_name": "lmb-appma-security-authorizer-dev",
            "handler": "index.handler",
            "id": "lmb-appma-security-authorizer-dev",
            "image_config": [],
            "image_uri": "",
            "invoke_arn": "arn:aws:apigateway:us-east-1:lambda:path/2015-03-31/functions/arn:aws:lambda:us-east-1:233925838033:function:lmb-appma-security-authorizer-dev/invocations",
            "kms_key_arn": "",
            "last_modified": "2024-11-13T19:01:37.000+0000",
            "layers": [],
            "logging_config": [
              {
                "application_log_level": "",
                "log_format": "Text",
                "log_group": "/aws/lambda/lmb-appma-security-authorizer-dev",
                "system_log_level": ""
              }
            ],
            "memory_size": 128,
            "package_type": "Zip",
            "publish": false,
            "qualified_arn": "arn:aws:lambda:us-east-1:233925838033:function:lmb-appma-security-authorizer-dev:$LATEST",
            "qualified_invoke_arn": "arn:aws:apigateway:us-east-1:lambda:path/2015-03-31/functions/arn:aws:lambda:us-east-1:233925838033:function:lmb-appma-security-authorizer-dev:$LATEST/invocations",
            "replace_security_groups_on_destroy": null,
            "replacement_security_group_ids": null,
            "reserved_concurrent_executions": -1,
            "role": "arn:aws:iam::233925838033:role/role-appma-security-authorizer-dev",
            "runtime": "nodejs20.x",
            "s3_bucket": null,
            "s3_key": null,
            "s3_object_version": null,
            "signing_job_arn": "",
            "signing_profile_version_arn": "",
            "skip_destroy": false,
            "snap_start": [],
            "source_code_hash": "eG3bmO2+5DOb/TJrCSbWrz0pozcMtD5cFJgn0O4KQes=",
            "source_code_size": 359536,
            "tags": {
              "component": "authorizer",
              "domain": "security",
              "env": "dev"
            },
            "tags_all": {
              "component": "authorizer",
              "domain": "security",
              "env": "dev",
              "iac": "terraform"
            },
            "timeout": 30,
            "timeouts": null,
            "tracing_config": [
              {
                "mode": "PassThrough"
              }
            ],
            "version": "$LATEST",
            "vpc_config": []
          },
          "sensitive_attributes": [],
          "private": "eyJlMmJmYjczMC1lY2FhLTExZTYtOGY4OC0zNDM2M2JjN2M0YzAiOnsiY3JlYXRlIjo2MDAwMDAwMDAwMDAsImRlbGV0ZSI6NjAwMDAwMDAwMDAwLCJ1cGRhdGUiOjYwMDAwMDAwMDAwMH19",
          "dependencies": [
            "module.api_gateway_resources_security_authorizer.aws_iam_role.lambda_role",
            "module.api_gateway_resources_security_authorizer.data.archive_file.lambda_package"
          ]
        }
      ]
    },
    {
      "module": "module.api_gateway_resources_security_authorizer",
      "mode": "managed",
      "type": "aws_lambda_permission",
      "name": "allow_api_gw_invoke_authorizer",
      "provider": "provider[\"registry.terraform.io/hashicorp/aws\"]",
      "instances": [
        {
          "schema_version": 0,
          "attributes": {
            "action": "lambda:InvokeFunction",
            "event_source_token": null,
            "function_name": "lmb-appma-security-authorizer-dev",
            "function_url_auth_type": null,
            "id": "allowInvokeFromAPIGatewayAuthorizer",
            "principal": "apigateway.amazonaws.com",
            "principal_org_id": null,
            "qualifier": "",
            "source_account": null,
            "source_arn": "arn:aws:execute-api:us-east-1:233925838033:m1hg0o6t7l/authorizers/0lfrxe",
            "statement_id": "allowInvokeFromAPIGatewayAuthorizer",
            "statement_id_prefix": ""
          },
          "sensitive_attributes": [],
          "private": "bnVsbA==",
          "dependencies": [
            "module.api_gateway.aws_apigatewayv2_api.main",
            "module.api_gateway_resources_security_authorizer.aws_apigatewayv2_authorizer.header_based_authorizer",
            "module.api_gateway_resources_security_authorizer.aws_iam_role.lambda_role",
            "module.api_gateway_resources_security_authorizer.aws_lambda_function.html_lambda",
            "module.api_gateway_resources_security_authorizer.data.archive_file.lambda_package",
            "module.api_gateway_resources_security_authorizer.data.aws_apigatewayv2_api.selected"
          ]
        }
      ]
    },
    {
      "module": "module.api_gateway_resources_security_login",
      "mode": "data",
      "type": "archive_file",
      "name": "lambda_package",
      "provider": "provider[\"registry.terraform.io/hashicorp/archive\"]",
      "instances": [
        {
          "schema_version": 0,
          "attributes": {
            "exclude_symlink_directories": null,
            "excludes": null,
            "id": "461351171db3b349b7e7bf66a1a511254108349f",
            "output_base64sha256": "VY1CBuvuIFzgUw1pBjiLX74OdWBRYkllvIcczH2qqrk=",
            "output_base64sha512": "QWqGqzaQJ0s3KFKaD5MWCVYbuI1ZV3Bu9ox4yM4VThaJh29ZBFGbCBq6npUgGGhqhmldphnNFNXLPzG2UnSbTw==",
            "output_file_mode": null,
            "output_md5": "07231e1853d01fc8f9b999d12c37ff55",
            "output_path": "./resources/auth/login/index.zip",
            "output_sha": "461351171db3b349b7e7bf66a1a511254108349f",
            "output_sha256": "558d4206ebee205ce0530d6906388b5fbe0e756051624965bc871ccc7daaaab9",
            "output_sha512": "416a86ab3690274b3728529a0f931609561bb88d5957706ef68c78c8ce154e1689876f5904519b081aba9e952018686a86695da619cd14d5cb3f31b652749b4f",
            "output_size": 359374,
            "source": [],
            "source_content": null,
            "source_content_filename": null,
            "source_dir": "./lambdas/auth/login",
            "source_file": null,
            "type": "zip"
          },
          "sensitive_attributes": []
        }
      ]
    },
    {
      "module": "module.api_gateway_resources_security_login",
      "mode": "data",
      "type": "aws_apigatewayv2_api",
      "name": "selected",
      "provider": "provider[\"registry.terraform.io/hashicorp/aws\"]",
      "instances": [
        {
          "schema_version": 0,
          "attributes": {
            "api_endpoint": "https://m1hg0o6t7l.execute-api.us-east-1.amazonaws.com",
            "api_id": "m1hg0o6t7l",
            "api_key_selection_expression": "$request.header.x-api-key",
            "arn": "arn:aws:apigateway:us-east-1::/apis/m1hg0o6t7l",
            "cors_configuration": [
              {
                "allow_credentials": false,
                "allow_headers": [
                  "*"
                ],
                "allow_methods": [
                  "DELETE",
                  "GET",
                  "OPTIONS",
                  "POST",
                  "PUT"
                ],
                "allow_origins": [
                  "*",
                  "http://localhost:3000"
                ],
                "expose_headers": [],
                "max_age": 300
              }
            ],
            "description": "api-appma-dev API Gateway",
            "disable_execute_api_endpoint": false,
            "execution_arn": "arn:aws:execute-api:us-east-1:233925838033:m1hg0o6t7l",
            "id": "m1hg0o6t7l",
            "name": "api-appma-dev",
            "protocol_type": "HTTP",
            "route_selection_expression": "$request.method $request.path",
            "tags": {
              "iac": "terraform"
            },
            "version": ""
          },
          "sensitive_attributes": []
        }
      ]
    },
    {
      "module": "module.api_gateway_resources_security_login",
      "mode": "data",
      "type": "aws_caller_identity",
      "name": "current",
      "provider": "provider[\"registry.terraform.io/hashicorp/aws\"]",
      "instances": [
        {
          "schema_version": 0,
          "attributes": {
            "account_id": "233925838033",
            "arn": "arn:aws:iam::233925838033:root",
            "id": "233925838033",
            "user_id": "233925838033"
          },
          "sensitive_attributes": []
        }
      ]
    },
    {
      "module": "module.api_gateway_resources_security_login",
      "mode": "data",
      "type": "aws_iam_policy_document",
      "name": "lambda_policy_document",
      "provider": "provider[\"registry.terraform.io/hashicorp/aws\"]",
      "instances": [
        {
          "schema_version": 0,
          "attributes": {
            "id": "4154882719",
            "json": "{\n  \"Version\": \"2012-10-17\",\n  \"Statement\": [\n    {\n      \"Effect\": \"Allow\",\n      \"Action\": [\n        \"dynamodb:Scan\",\n        \"dynamodb:PutItem\",\n        \"dynamodb:DeleteItem\"\n      ],\n      \"Resource\": [\n        \"arn:aws:dynamodb:us-east-1:233925838033:table/tbl-appma-users-dev\",\n        \"arn:aws:dynamodb:us-east-1:233925838033:table/tbl-appma-token-dev\"\n      ]\n    }\n  ]\n}",
            "minified_json": "{\"Version\":\"2012-10-17\",\"Statement\":[{\"Effect\":\"Allow\",\"Action\":[\"dynamodb:Scan\",\"dynamodb:PutItem\",\"dynamodb:DeleteItem\"],\"Resource\":[\"arn:aws:dynamodb:us-east-1:233925838033:table/tbl-appma-users-dev\",\"arn:aws:dynamodb:us-east-1:233925838033:table/tbl-appma-token-dev\"]}]}",
            "override_json": null,
            "override_policy_documents": null,
            "policy_id": null,
            "source_json": null,
            "source_policy_documents": null,
            "statement": [
              {
                "actions": [
                  "dynamodb:DeleteItem",
                  "dynamodb:PutItem",
                  "dynamodb:Scan"
                ],
                "condition": [],
                "effect": "Allow",
                "not_actions": [],
                "not_principals": [],
                "not_resources": [],
                "principals": [],
                "resources": [
                  "arn:aws:dynamodb:us-east-1:233925838033:table/tbl-appma-token-dev",
                  "arn:aws:dynamodb:us-east-1:233925838033:table/tbl-appma-users-dev"
                ],
                "sid": ""
              }
            ],
            "version": "2012-10-17"
          },
          "sensitive_attributes": []
        }
      ]
    },
    {
      "module": "module.api_gateway_resources_security_login",
      "mode": "data",
      "type": "aws_region",
      "name": "current",
      "provider": "provider[\"registry.terraform.io/hashicorp/aws\"]",
      "instances": [
        {
          "schema_version": 0,
          "attributes": {
            "description": "US East (N. Virginia)",
            "endpoint": "ec2.us-east-1.amazonaws.com",
            "id": "us-east-1",
            "name": "us-east-1"
          },
          "sensitive_attributes": []
        }
      ]
    },
    {
      "module": "module.api_gateway_resources_security_login",
      "mode": "managed",
      "type": "aws_apigatewayv2_integration",
      "name": "lambda_handler",
      "provider": "provider[\"registry.terraform.io/hashicorp/aws\"]",
      "instances": [
        {
          "schema_version": 0,
          "attributes": {
            "api_id": "m1hg0o6t7l",
            "connection_id": "",
            "connection_type": "INTERNET",
            "content_handling_strategy": "",
            "credentials_arn": "",
            "description": "",
            "id": "a0z771f",
            "integration_method": "POST",
            "integration_response_selection_expression": "",
            "integration_subtype": "",
            "integration_type": "AWS_PROXY",
            "integration_uri": "arn:aws:apigateway:us-east-1:lambda:path/2015-03-31/functions/arn:aws:lambda:us-east-1:233925838033:function:lmb-appma-security-login-dev/invocations",
            "passthrough_behavior": "",
            "payload_format_version": "1.0",
            "request_parameters": {},
            "request_templates": {},
            "response_parameters": [],
            "template_selection_expression": "",
            "timeout_milliseconds": 30000,
            "tls_config": []
          },
          "sensitive_attributes": [],
          "private": "bnVsbA==",
          "dependencies": [
            "module.api_gateway.aws_apigatewayv2_api.main",
            "module.api_gateway.aws_apigatewayv2_stage.dev",
            "module.api_gateway.aws_cloudwatch_log_group.main_api_gw",
            "module.api_gateway_resources_security_login.aws_iam_role.lambda_role",
            "module.api_gateway_resources_security_login.aws_lambda_function.html_lambda",
            "module.api_gateway_resources_security_login.data.archive_file.lambda_package",
            "module.api_gateway_resources_security_login.data.aws_apigatewayv2_api.selected",
            "module.token_dynamodb.aws_dynamodb_table.token-dynamodb-table",
            "module.users_dynamodb.aws_dynamodb_table.users-dynamodb-table"
          ]
        }
      ]
    },
    {
      "module": "module.api_gateway_resources_security_login",
      "mode": "managed",
      "type": "aws_apigatewayv2_route",
      "name": "post_handler",
      "provider": "provider[\"registry.terraform.io/hashicorp/aws\"]",
      "instances": [
        {
          "schema_version": 0,
          "attributes": {
            "api_id": "m1hg0o6t7l",
            "api_key_required": false,
            "authorization_scopes": [],
            "authorization_type": "NONE",
            "authorizer_id": "",
            "id": "erf18fk",
            "model_selection_expression": "",
            "operation_name": "",
            "request_models": {},
            "request_parameter": [],
            "route_key": "POST /api/v1/security/login",
            "route_response_selection_expression": "",
            "target": "integrations/a0z771f"
          },
          "sensitive_attributes": [],
          "private": "bnVsbA==",
          "dependencies": [
            "module.api_gateway.aws_apigatewayv2_api.main",
            "module.api_gateway.aws_apigatewayv2_stage.dev",
            "module.api_gateway.aws_cloudwatch_log_group.main_api_gw",
            "module.api_gateway_resources_security_login.aws_apigatewayv2_integration.lambda_handler",
            "module.api_gateway_resources_security_login.aws_iam_role.lambda_role",
            "module.api_gateway_resources_security_login.aws_lambda_function.html_lambda",
            "module.api_gateway_resources_security_login.data.archive_file.lambda_package",
            "module.api_gateway_resources_security_login.data.aws_apigatewayv2_api.selected",
            "module.token_dynamodb.aws_dynamodb_table.token-dynamodb-table",
            "module.users_dynamodb.aws_dynamodb_table.users-dynamodb-table"
          ]
        }
      ]
    },
    {
      "module": "module.api_gateway_resources_security_login",
      "mode": "managed",
      "type": "aws_cloudwatch_log_group",
      "name": "html_loggroup_lambda",
      "provider": "provider[\"registry.terraform.io/hashicorp/aws\"]",
      "instances": [
        {
          "schema_version": 0,
          "attributes": {
            "arn": "arn:aws:logs:us-east-1:233925838033:log-group:/aws/lambda/lmb-appma-security-login-dev",
            "id": "/aws/lambda/lmb-appma-security-login-dev",
            "kms_key_id": "",
            "log_group_class": "STANDARD",
            "name": "/aws/lambda/lmb-appma-security-login-dev",
            "name_prefix": "",
            "retention_in_days": 0,
            "skip_destroy": false,
            "tags": {},
            "tags_all": {
              "iac": "terraform"
            }
          },
          "sensitive_attributes": [],
          "private": "bnVsbA==",
          "dependencies": [
            "module.api_gateway.aws_apigatewayv2_api.main",
            "module.api_gateway.aws_apigatewayv2_stage.dev",
            "module.api_gateway.aws_cloudwatch_log_group.main_api_gw",
            "module.api_gateway_resources_security_login.aws_iam_role.lambda_role",
            "module.api_gateway_resources_security_login.aws_lambda_function.html_lambda",
            "module.api_gateway_resources_security_login.data.archive_file.lambda_package",
            "module.token_dynamodb.aws_dynamodb_table.token-dynamodb-table",
            "module.users_dynamodb.aws_dynamodb_table.users-dynamodb-table"
          ]
        }
      ]
    },
    {
      "module": "module.api_gateway_resources_security_login",
      "mode": "managed",
      "type": "aws_iam_policy",
      "name": "dynamodb_lambda_policy",
      "provider": "provider[\"registry.terraform.io/hashicorp/aws\"]",
      "instances": [
        {
          "schema_version": 0,
          "attributes": {
            "arn": "arn:aws:iam::233925838033:policy/policy-appma-security-login-dev",
            "attachment_count": 1,
            "description": "This policy will be used by the lambda to write get data from DynamoDB",
            "id": "arn:aws:iam::233925838033:policy/policy-appma-security-login-dev",
            "name": "policy-appma-security-login-dev",
            "name_prefix": "",
            "path": "/",
            "policy": "{\"Statement\":[{\"Action\":[\"dynamodb:Scan\",\"dynamodb:PutItem\",\"dynamodb:DeleteItem\"],\"Effect\":\"Allow\",\"Resource\":[\"arn:aws:dynamodb:us-east-1:233925838033:table/tbl-appma-users-dev\",\"arn:aws:dynamodb:us-east-1:233925838033:table/tbl-appma-token-dev\"]}],\"Version\":\"2012-10-17\"}",
            "policy_id": "ANPATM5YRATIUCW52NU4Z",
            "tags": {},
            "tags_all": {
              "iac": "terraform"
            }
          },
          "sensitive_attributes": [],
          "private": "bnVsbA==",
          "dependencies": [
            "module.api_gateway.aws_apigatewayv2_api.main",
            "module.api_gateway.aws_apigatewayv2_stage.dev",
            "module.api_gateway.aws_cloudwatch_log_group.main_api_gw",
            "module.api_gateway_resources_security_login.data.aws_caller_identity.current",
            "module.api_gateway_resources_security_login.data.aws_iam_policy_document.lambda_policy_document",
            "module.api_gateway_resources_security_login.data.aws_region.current",
            "module.token_dynamodb.aws_dynamodb_table.token-dynamodb-table",
            "module.users_dynamodb.aws_dynamodb_table.users-dynamodb-table"
          ]
        }
      ]
    },
    {
      "module": "module.api_gateway_resources_security_login",
      "mode": "managed",
      "type": "aws_iam_role",
      "name": "lambda_role",
      "provider": "provider[\"registry.terraform.io/hashicorp/aws\"]",
      "instances": [
        {
          "schema_version": 0,
          "attributes": {
            "arn": "arn:aws:iam::233925838033:role/role-appma-security-login-dev",
            "assume_role_policy": "{\"Statement\":[{\"Action\":\"sts:AssumeRole\",\"Effect\":\"Allow\",\"Principal\":{\"Service\":\"lambda.amazonaws.com\"}}],\"Version\":\"2012-10-17\"}",
            "create_date": "2024-11-12T21:10:46Z",
            "description": "",
            "force_detach_policies": false,
            "id": "role-appma-security-login-dev",
            "inline_policy": [],
            "managed_policy_arns": [
              "arn:aws:iam::233925838033:policy/policy-appma-security-login-dev",
              "arn:aws:iam::aws:policy/service-role/AWSLambdaBasicExecutionRole"
            ],
            "max_session_duration": 3600,
            "name": "role-appma-security-login-dev",
            "name_prefix": "",
            "path": "/",
            "permissions_boundary": "",
            "tags": {},
            "tags_all": {
              "iac": "terraform"
            },
            "unique_id": "AROATM5YRATIURKBYFAZL"
          },
          "sensitive_attributes": [],
          "private": "bnVsbA==",
          "dependencies": [
            "module.api_gateway.aws_apigatewayv2_api.main",
            "module.api_gateway.aws_apigatewayv2_stage.dev",
            "module.api_gateway.aws_cloudwatch_log_group.main_api_gw",
            "module.token_dynamodb.aws_dynamodb_table.token-dynamodb-table",
            "module.users_dynamodb.aws_dynamodb_table.users-dynamodb-table"
          ]
        }
      ]
    },
    {
      "module": "module.api_gateway_resources_security_login",
      "mode": "managed",
      "type": "aws_iam_role_policy_attachment",
      "name": "lambda_attachements",
      "provider": "provider[\"registry.terraform.io/hashicorp/aws\"]",
      "instances": [
        {
          "schema_version": 0,
          "attributes": {
            "id": "role-appma-security-login-dev-20241112211047247600000010",
            "policy_arn": "arn:aws:iam::233925838033:policy/policy-appma-security-login-dev",
            "role": "role-appma-security-login-dev"
          },
          "sensitive_attributes": [],
          "private": "bnVsbA==",
          "dependencies": [
            "module.api_gateway.aws_apigatewayv2_api.main",
            "module.api_gateway.aws_apigatewayv2_stage.dev",
            "module.api_gateway.aws_cloudwatch_log_group.main_api_gw",
            "module.api_gateway_resources_security_login.aws_iam_policy.dynamodb_lambda_policy",
            "module.api_gateway_resources_security_login.aws_iam_role.lambda_role",
            "module.api_gateway_resources_security_login.data.aws_caller_identity.current",
            "module.api_gateway_resources_security_login.data.aws_iam_policy_document.lambda_policy_document",
            "module.api_gateway_resources_security_login.data.aws_region.current",
            "module.token_dynamodb.aws_dynamodb_table.token-dynamodb-table",
            "module.users_dynamodb.aws_dynamodb_table.users-dynamodb-table"
          ]
        }
      ]
    },
    {
      "module": "module.api_gateway_resources_security_login",
      "mode": "managed",
      "type": "aws_iam_role_policy_attachment",
      "name": "lambda_role_policy",
      "provider": "provider[\"registry.terraform.io/hashicorp/aws\"]",
      "instances": [
        {
          "schema_version": 0,
          "attributes": {
            "id": "role-appma-security-login-dev-2024111221104723680000000f",
            "policy_arn": "arn:aws:iam::aws:policy/service-role/AWSLambdaBasicExecutionRole",
            "role": "role-appma-security-login-dev"
          },
          "sensitive_attributes": [],
          "private": "bnVsbA==",
          "dependencies": [
            "module.api_gateway.aws_apigatewayv2_api.main",
            "module.api_gateway.aws_apigatewayv2_stage.dev",
            "module.api_gateway.aws_cloudwatch_log_group.main_api_gw",
            "module.api_gateway_resources_security_login.aws_iam_role.lambda_role",
            "module.token_dynamodb.aws_dynamodb_table.token-dynamodb-table",
            "module.users_dynamodb.aws_dynamodb_table.users-dynamodb-table"
          ]
        }
      ]
    },
    {
      "module": "module.api_gateway_resources_security_login",
      "mode": "managed",
      "type": "aws_lambda_function",
      "name": "html_lambda",
      "provider": "provider[\"registry.terraform.io/hashicorp/aws\"]",
      "instances": [
        {
          "schema_version": 0,
          "attributes": {
            "architectures": [
              "arm64"
            ],
            "arn": "arn:aws:lambda:us-east-1:233925838033:function:lmb-appma-security-login-dev",
            "code_sha256": "VY1CBuvuIFzgUw1pBjiLX74OdWBRYkllvIcczH2qqrk=",
            "code_signing_config_arn": "",
            "dead_letter_config": [],
            "description": "",
            "environment": [],
            "ephemeral_storage": [
              {
                "size": 512
              }
            ],
            "file_system_config": [],
            "filename": "./resources/auth/login/index.zip",
            "function_name": "lmb-appma-security-login-dev",
            "handler": "index.handler",
            "id": "lmb-appma-security-login-dev",
            "image_config": [],
            "image_uri": "",
            "invoke_arn": "arn:aws:apigateway:us-east-1:lambda:path/2015-03-31/functions/arn:aws:lambda:us-east-1:233925838033:function:lmb-appma-security-login-dev/invocations",
            "kms_key_arn": "",
            "last_modified": "2024-11-13T19:01:31.000+0000",
            "layers": [],
            "logging_config": [
              {
                "application_log_level": "",
                "log_format": "Text",
                "log_group": "/aws/lambda/lmb-appma-security-login-dev",
                "system_log_level": ""
              }
            ],
            "memory_size": 128,
            "package_type": "Zip",
            "publish": false,
            "qualified_arn": "arn:aws:lambda:us-east-1:233925838033:function:lmb-appma-security-login-dev:$LATEST",
            "qualified_invoke_arn": "arn:aws:apigateway:us-east-1:lambda:path/2015-03-31/functions/arn:aws:lambda:us-east-1:233925838033:function:lmb-appma-security-login-dev:$LATEST/invocations",
            "replace_security_groups_on_destroy": null,
            "replacement_security_group_ids": null,
            "reserved_concurrent_executions": -1,
            "role": "arn:aws:iam::233925838033:role/role-appma-security-login-dev",
            "runtime": "nodejs20.x",
            "s3_bucket": null,
            "s3_key": null,
            "s3_object_version": null,
            "signing_job_arn": "",
            "signing_profile_version_arn": "",
            "skip_destroy": false,
            "snap_start": [],
            "source_code_hash": "VY1CBuvuIFzgUw1pBjiLX74OdWBRYkllvIcczH2qqrk=",
            "source_code_size": 359374,
            "tags": {
              "component": "login",
              "domain": "security",
              "env": "dev"
            },
            "tags_all": {
              "component": "login",
              "domain": "security",
              "env": "dev",
              "iac": "terraform"
            },
            "timeout": 30,
            "timeouts": null,
            "tracing_config": [
              {
                "mode": "PassThrough"
              }
            ],
            "version": "$LATEST",
            "vpc_config": []
          },
          "sensitive_attributes": [],
          "private": "eyJlMmJmYjczMC1lY2FhLTExZTYtOGY4OC0zNDM2M2JjN2M0YzAiOnsiY3JlYXRlIjo2MDAwMDAwMDAwMDAsImRlbGV0ZSI6NjAwMDAwMDAwMDAwLCJ1cGRhdGUiOjYwMDAwMDAwMDAwMH19",
          "dependencies": [
            "module.api_gateway.aws_apigatewayv2_api.main",
            "module.api_gateway.aws_apigatewayv2_stage.dev",
            "module.api_gateway.aws_cloudwatch_log_group.main_api_gw",
            "module.api_gateway_resources_security_login.aws_iam_role.lambda_role",
            "module.api_gateway_resources_security_login.data.archive_file.lambda_package",
            "module.token_dynamodb.aws_dynamodb_table.token-dynamodb-table",
            "module.users_dynamodb.aws_dynamodb_table.users-dynamodb-table"
          ]
        }
      ]
    },
    {
      "module": "module.api_gateway_resources_security_login",
      "mode": "managed",
      "type": "aws_lambda_permission",
      "name": "api_gw",
      "provider": "provider[\"registry.terraform.io/hashicorp/aws\"]",
      "instances": [
        {
          "schema_version": 0,
          "attributes": {
            "action": "lambda:InvokeFunction",
            "event_source_token": null,
            "function_name": "lmb-appma-security-login-dev",
            "function_url_auth_type": null,
            "id": "AllowExecutionFromAPIGateway",
            "principal": "apigateway.amazonaws.com",
            "principal_org_id": null,
            "qualifier": "",
            "source_account": null,
            "source_arn": "arn:aws:execute-api:us-east-1:233925838033:m1hg0o6t7l/*/*",
            "statement_id": "AllowExecutionFromAPIGateway",
            "statement_id_prefix": ""
          },
          "sensitive_attributes": [],
          "private": "bnVsbA==",
          "dependencies": [
            "module.api_gateway.aws_apigatewayv2_api.main",
            "module.api_gateway.aws_apigatewayv2_stage.dev",
            "module.api_gateway.aws_cloudwatch_log_group.main_api_gw",
            "module.api_gateway_resources_security_login.aws_iam_role.lambda_role",
            "module.api_gateway_resources_security_login.aws_lambda_function.html_lambda",
            "module.api_gateway_resources_security_login.data.archive_file.lambda_package",
            "module.api_gateway_resources_security_login.data.aws_apigatewayv2_api.selected",
            "module.token_dynamodb.aws_dynamodb_table.token-dynamodb-table",
            "module.users_dynamodb.aws_dynamodb_table.users-dynamodb-table"
          ]
        }
      ]
    },
    {
      "module": "module.api_gateway_resources_users_create",
      "mode": "data",
      "type": "archive_file",
      "name": "lambda_package",
      "provider": "provider[\"registry.terraform.io/hashicorp/archive\"]",
      "instances": [
        {
          "schema_version": 0,
          "attributes": {
            "exclude_symlink_directories": null,
            "excludes": null,
            "id": "a96c491c1ce0ec9ba8085b621c0826f655642399",
            "output_base64sha256": "NEtvyRJ8FEFBo09XQc/AXyio7cvcC4ui0L7fCVnVvnE=",
            "output_base64sha512": "qvEESum8J++mAyoay5wlowTLQXgdxB92+bfXuBUYqLeOs7mnlLEuBc78MFncMjdwZr68uj2bKzKpF3mrQEVcaA==",
            "output_file_mode": null,
            "output_md5": "1cefc3d20d903245dd8630c6e30e29e0",
            "output_path": "./resources/core/users-create/index.zip",
            "output_sha": "a96c491c1ce0ec9ba8085b621c0826f655642399",
            "output_sha256": "344b6fc9127c144141a34f5741cfc05f28a8edcbdc0b8ba2d0bedf0959d5be71",
            "output_sha512": "aaf1044ae9bc27efa6032a1acb9c25a304cb41781dc41f76f9b7d7b81518a8b78eb3b9a794b12e05cefc3059dc32377066bebcba3d9b2b32a91779ab40455c68",
            "output_size": 359925,
            "source": [],
            "source_content": null,
            "source_content_filename": null,
            "source_dir": "./lambdas/core/users-create",
            "source_file": null,
            "type": "zip"
          },
          "sensitive_attributes": []
        }
      ]
    },
    {
      "module": "module.api_gateway_resources_users_create",
      "mode": "data",
      "type": "aws_apigatewayv2_api",
      "name": "selected",
      "provider": "provider[\"registry.terraform.io/hashicorp/aws\"]",
      "instances": [
        {
          "schema_version": 0,
          "attributes": {
            "api_endpoint": "https://m1hg0o6t7l.execute-api.us-east-1.amazonaws.com",
            "api_id": "m1hg0o6t7l",
            "api_key_selection_expression": "$request.header.x-api-key",
            "arn": "arn:aws:apigateway:us-east-1::/apis/m1hg0o6t7l",
            "cors_configuration": [
              {
                "allow_credentials": false,
                "allow_headers": [
                  "*"
                ],
                "allow_methods": [
                  "DELETE",
                  "GET",
                  "OPTIONS",
                  "POST",
                  "PUT"
                ],
                "allow_origins": [
                  "*",
                  "http://localhost:3000"
                ],
                "expose_headers": [],
                "max_age": 300
              }
            ],
            "description": "api-appma-dev API Gateway",
            "disable_execute_api_endpoint": false,
            "execution_arn": "arn:aws:execute-api:us-east-1:233925838033:m1hg0o6t7l",
            "id": "m1hg0o6t7l",
            "name": "api-appma-dev",
            "protocol_type": "HTTP",
            "route_selection_expression": "$request.method $request.path",
            "tags": {
              "iac": "terraform"
            },
            "version": ""
          },
          "sensitive_attributes": []
        }
      ]
    },
    {
      "module": "module.api_gateway_resources_users_create",
      "mode": "data",
      "type": "aws_caller_identity",
      "name": "current",
      "provider": "provider[\"registry.terraform.io/hashicorp/aws\"]",
      "instances": [
        {
          "schema_version": 0,
          "attributes": {
            "account_id": "233925838033",
            "arn": "arn:aws:iam::233925838033:root",
            "id": "233925838033",
            "user_id": "233925838033"
          },
          "sensitive_attributes": []
        }
      ]
    },
    {
      "module": "module.api_gateway_resources_users_create",
      "mode": "data",
      "type": "aws_iam_policy_document",
      "name": "lambda_policy_document",
      "provider": "provider[\"registry.terraform.io/hashicorp/aws\"]",
      "instances": [
        {
          "schema_version": 0,
          "attributes": {
            "id": "2587678147",
            "json": "{\n  \"Version\": \"2012-10-17\",\n  \"Statement\": [\n    {\n      \"Effect\": \"Allow\",\n      \"Action\": [\n        \"dynamodb:Scan\",\n        \"dynamodb:PutItem\"\n      ],\n      \"Resource\": \"arn:aws:dynamodb:us-east-1:233925838033:table/tbl-appma-users-dev\"\n    }\n  ]\n}",
            "minified_json": "{\"Version\":\"2012-10-17\",\"Statement\":[{\"Effect\":\"Allow\",\"Action\":[\"dynamodb:Scan\",\"dynamodb:PutItem\"],\"Resource\":\"arn:aws:dynamodb:us-east-1:233925838033:table/tbl-appma-users-dev\"}]}",
            "override_json": null,
            "override_policy_documents": null,
            "policy_id": null,
            "source_json": null,
            "source_policy_documents": null,
            "statement": [
              {
                "actions": [
                  "dynamodb:PutItem",
                  "dynamodb:Scan"
                ],
                "condition": [],
                "effect": "Allow",
                "not_actions": [],
                "not_principals": [],
                "not_resources": [],
                "principals": [],
                "resources": [
                  "arn:aws:dynamodb:us-east-1:233925838033:table/tbl-appma-users-dev"
                ],
                "sid": ""
              }
            ],
            "version": "2012-10-17"
          },
          "sensitive_attributes": []
        }
      ]
    },
    {
      "module": "module.api_gateway_resources_users_create",
      "mode": "data",
      "type": "aws_region",
      "name": "current",
      "provider": "provider[\"registry.terraform.io/hashicorp/aws\"]",
      "instances": [
        {
          "schema_version": 0,
          "attributes": {
            "description": "US East (N. Virginia)",
            "endpoint": "ec2.us-east-1.amazonaws.com",
            "id": "us-east-1",
            "name": "us-east-1"
          },
          "sensitive_attributes": []
        }
      ]
    },
    {
      "module": "module.api_gateway_resources_users_create",
      "mode": "managed",
      "type": "aws_apigatewayv2_integration",
      "name": "lambda_handler",
      "provider": "provider[\"registry.terraform.io/hashicorp/aws\"]",
      "instances": [
        {
          "schema_version": 0,
          "attributes": {
            "api_id": "m1hg0o6t7l",
            "connection_id": "",
            "connection_type": "INTERNET",
            "content_handling_strategy": "",
            "credentials_arn": "",
            "description": "",
            "id": "lvx5kft",
            "integration_method": "POST",
            "integration_response_selection_expression": "",
            "integration_subtype": "",
            "integration_type": "AWS_PROXY",
            "integration_uri": "arn:aws:apigateway:us-east-1:lambda:path/2015-03-31/functions/arn:aws:lambda:us-east-1:233925838033:function:lmb-appma-users-create-dev/invocations",
            "passthrough_behavior": "",
            "payload_format_version": "1.0",
            "request_parameters": {},
            "request_templates": {},
            "response_parameters": [],
            "template_selection_expression": "",
            "timeout_milliseconds": 30000,
            "tls_config": []
          },
          "sensitive_attributes": [],
          "private": "bnVsbA==",
          "dependencies": [
            "module.api_gateway.aws_apigatewayv2_api.main",
            "module.api_gateway.aws_apigatewayv2_stage.dev",
            "module.api_gateway.aws_cloudwatch_log_group.main_api_gw",
            "module.api_gateway_resources_users_create.aws_iam_role.lambda_role",
            "module.api_gateway_resources_users_create.aws_lambda_function.html_lambda",
            "module.api_gateway_resources_users_create.data.archive_file.lambda_package",
            "module.api_gateway_resources_users_create.data.aws_apigatewayv2_api.selected",
            "module.users_dynamodb.aws_dynamodb_table.users-dynamodb-table"
          ]
        }
      ]
    },
    {
      "module": "module.api_gateway_resources_users_create",
      "mode": "managed",
      "type": "aws_apigatewayv2_route",
      "name": "post_handler",
      "provider": "provider[\"registry.terraform.io/hashicorp/aws\"]",
      "instances": [
        {
          "schema_version": 0,
          "attributes": {
            "api_id": "m1hg0o6t7l",
            "api_key_required": false,
            "authorization_scopes": [],
            "authorization_type": "NONE",
            "authorizer_id": "",
            "id": "s08l7ni",
            "model_selection_expression": "",
            "operation_name": "",
            "request_models": {},
            "request_parameter": [],
            "route_key": "POST /api/v1/users",
            "route_response_selection_expression": "",
            "target": "integrations/lvx5kft"
          },
          "sensitive_attributes": [],
          "private": "bnVsbA==",
          "dependencies": [
            "module.api_gateway.aws_apigatewayv2_api.main",
            "module.api_gateway.aws_apigatewayv2_stage.dev",
            "module.api_gateway.aws_cloudwatch_log_group.main_api_gw",
            "module.api_gateway_resources_users_create.aws_apigatewayv2_integration.lambda_handler",
            "module.api_gateway_resources_users_create.aws_iam_role.lambda_role",
            "module.api_gateway_resources_users_create.aws_lambda_function.html_lambda",
            "module.api_gateway_resources_users_create.data.archive_file.lambda_package",
            "module.api_gateway_resources_users_create.data.aws_apigatewayv2_api.selected",
            "module.users_dynamodb.aws_dynamodb_table.users-dynamodb-table"
          ]
        }
      ]
    },
    {
      "module": "module.api_gateway_resources_users_create",
      "mode": "managed",
      "type": "aws_cloudwatch_log_group",
      "name": "html_loggroup_lambda",
      "provider": "provider[\"registry.terraform.io/hashicorp/aws\"]",
      "instances": [
        {
          "schema_version": 0,
          "attributes": {
            "arn": "arn:aws:logs:us-east-1:233925838033:log-group:/aws/lambda/lmb-appma-users-create-dev",
            "id": "/aws/lambda/lmb-appma-users-create-dev",
            "kms_key_id": "",
            "log_group_class": "STANDARD",
            "name": "/aws/lambda/lmb-appma-users-create-dev",
            "name_prefix": "",
            "retention_in_days": 0,
            "skip_destroy": false,
            "tags": {},
            "tags_all": {
              "iac": "terraform"
            }
          },
          "sensitive_attributes": [],
          "private": "bnVsbA==",
          "dependencies": [
            "module.api_gateway.aws_apigatewayv2_api.main",
            "module.api_gateway.aws_apigatewayv2_stage.dev",
            "module.api_gateway.aws_cloudwatch_log_group.main_api_gw",
            "module.api_gateway_resources_users_create.aws_iam_role.lambda_role",
            "module.api_gateway_resources_users_create.aws_lambda_function.html_lambda",
            "module.api_gateway_resources_users_create.data.archive_file.lambda_package",
            "module.users_dynamodb.aws_dynamodb_table.users-dynamodb-table"
          ]
        }
      ]
    },
    {
      "module": "module.api_gateway_resources_users_create",
      "mode": "managed",
      "type": "aws_iam_policy",
      "name": "dynamodb_lambda_policy",
      "provider": "provider[\"registry.terraform.io/hashicorp/aws\"]",
      "instances": [
        {
          "schema_version": 0,
          "attributes": {
            "arn": "arn:aws:iam::233925838033:policy/policy-appma-users-create-dev",
            "attachment_count": 1,
            "description": "This policy will be used by the lambda to write get data from DynamoDB",
            "id": "arn:aws:iam::233925838033:policy/policy-appma-users-create-dev",
            "name": "policy-appma-users-create-dev",
            "name_prefix": "",
            "path": "/",
            "policy": "{\"Statement\":[{\"Action\":[\"dynamodb:Scan\",\"dynamodb:PutItem\"],\"Effect\":\"Allow\",\"Resource\":\"arn:aws:dynamodb:us-east-1:233925838033:table/tbl-appma-users-dev\"}],\"Version\":\"2012-10-17\"}",
            "policy_id": "ANPATM5YRATI75RTIL6PU",
            "tags": {},
            "tags_all": {
              "iac": "terraform"
            }
          },
          "sensitive_attributes": [],
          "private": "bnVsbA==",
          "dependencies": [
            "module.api_gateway.aws_apigatewayv2_api.main",
            "module.api_gateway.aws_apigatewayv2_stage.dev",
            "module.api_gateway.aws_cloudwatch_log_group.main_api_gw",
            "module.api_gateway_resources_users_create.data.aws_caller_identity.current",
            "module.api_gateway_resources_users_create.data.aws_iam_policy_document.lambda_policy_document",
            "module.api_gateway_resources_users_create.data.aws_region.current",
            "module.users_dynamodb.aws_dynamodb_table.users-dynamodb-table"
          ]
        }
      ]
    },
    {
      "module": "module.api_gateway_resources_users_create",
      "mode": "managed",
      "type": "aws_iam_role",
      "name": "lambda_role",
      "provider": "provider[\"registry.terraform.io/hashicorp/aws\"]",
      "instances": [
        {
          "schema_version": 0,
          "attributes": {
            "arn": "arn:aws:iam::233925838033:role/role-appma-users-create-dev",
            "assume_role_policy": "{\"Statement\":[{\"Action\":\"sts:AssumeRole\",\"Effect\":\"Allow\",\"Principal\":{\"Service\":\"lambda.amazonaws.com\"}}],\"Version\":\"2012-10-17\"}",
            "create_date": "2024-11-13T16:55:42Z",
            "description": "",
            "force_detach_policies": false,
            "id": "role-appma-users-create-dev",
            "inline_policy": [],
            "managed_policy_arns": [
              "arn:aws:iam::233925838033:policy/policy-appma-users-create-dev",
              "arn:aws:iam::aws:policy/service-role/AWSLambdaBasicExecutionRole"
            ],
            "max_session_duration": 3600,
            "name": "role-appma-users-create-dev",
            "name_prefix": "",
            "path": "/",
            "permissions_boundary": "",
            "tags": {},
            "tags_all": {
              "iac": "terraform"
            },
            "unique_id": "AROATM5YRATIWS2M3MS7X"
          },
          "sensitive_attributes": [],
          "private": "bnVsbA==",
          "dependencies": [
            "module.api_gateway.aws_apigatewayv2_api.main",
            "module.api_gateway.aws_apigatewayv2_stage.dev",
            "module.api_gateway.aws_cloudwatch_log_group.main_api_gw",
            "module.users_dynamodb.aws_dynamodb_table.users-dynamodb-table"
          ]
        }
      ]
    },
    {
      "module": "module.api_gateway_resources_users_create",
      "mode": "managed",
      "type": "aws_iam_role_policy_attachment",
      "name": "lambda_attachements",
      "provider": "provider[\"registry.terraform.io/hashicorp/aws\"]",
      "instances": [
        {
          "schema_version": 0,
          "attributes": {
            "id": "role-appma-users-create-dev-20241113165542812600000001",
            "policy_arn": "arn:aws:iam::233925838033:policy/policy-appma-users-create-dev",
            "role": "role-appma-users-create-dev"
          },
          "sensitive_attributes": [],
          "private": "bnVsbA==",
          "dependencies": [
            "module.api_gateway.aws_apigatewayv2_api.main",
            "module.api_gateway.aws_apigatewayv2_stage.dev",
            "module.api_gateway.aws_cloudwatch_log_group.main_api_gw",
            "module.api_gateway_resources_users_create.aws_iam_policy.dynamodb_lambda_policy",
            "module.api_gateway_resources_users_create.aws_iam_role.lambda_role",
            "module.api_gateway_resources_users_create.data.aws_caller_identity.current",
            "module.api_gateway_resources_users_create.data.aws_iam_policy_document.lambda_policy_document",
            "module.api_gateway_resources_users_create.data.aws_region.current",
            "module.users_dynamodb.aws_dynamodb_table.users-dynamodb-table"
          ]
        }
      ]
    },
    {
      "module": "module.api_gateway_resources_users_create",
      "mode": "managed",
      "type": "aws_iam_role_policy_attachment",
      "name": "lambda_role_policy",
      "provider": "provider[\"registry.terraform.io/hashicorp/aws\"]",
      "instances": [
        {
          "schema_version": 0,
          "attributes": {
            "id": "role-appma-users-create-dev-20241113165542821000000002",
            "policy_arn": "arn:aws:iam::aws:policy/service-role/AWSLambdaBasicExecutionRole",
            "role": "role-appma-users-create-dev"
          },
          "sensitive_attributes": [],
          "private": "bnVsbA==",
          "dependencies": [
            "module.api_gateway.aws_apigatewayv2_api.main",
            "module.api_gateway.aws_apigatewayv2_stage.dev",
            "module.api_gateway.aws_cloudwatch_log_group.main_api_gw",
            "module.api_gateway_resources_users_create.aws_iam_role.lambda_role",
            "module.users_dynamodb.aws_dynamodb_table.users-dynamodb-table"
          ]
        }
      ]
    },
    {
      "module": "module.api_gateway_resources_users_create",
      "mode": "managed",
      "type": "aws_lambda_function",
      "name": "html_lambda",
      "provider": "provider[\"registry.terraform.io/hashicorp/aws\"]",
      "instances": [
        {
          "schema_version": 0,
          "attributes": {
            "architectures": [
              "arm64"
            ],
            "arn": "arn:aws:lambda:us-east-1:233925838033:function:lmb-appma-users-create-dev",
            "code_sha256": "NEtvyRJ8FEFBo09XQc/AXyio7cvcC4ui0L7fCVnVvnE=",
            "code_signing_config_arn": "",
            "dead_letter_config": [],
            "description": "",
            "environment": [],
            "ephemeral_storage": [
              {
                "size": 512
              }
            ],
            "file_system_config": [],
            "filename": "./resources/core/users-create/index.zip",
            "function_name": "lmb-appma-users-create-dev",
            "handler": "index.handler",
            "id": "lmb-appma-users-create-dev",
            "image_config": [],
            "image_uri": "",
            "invoke_arn": "arn:aws:apigateway:us-east-1:lambda:path/2015-03-31/functions/arn:aws:lambda:us-east-1:233925838033:function:lmb-appma-users-create-dev/invocations",
            "kms_key_arn": "",
            "last_modified": "2024-11-13T19:08:06.000+0000",
            "layers": [],
            "logging_config": [
              {
                "application_log_level": "",
                "log_format": "Text",
                "log_group": "/aws/lambda/lmb-appma-users-create-dev",
                "system_log_level": ""
              }
            ],
            "memory_size": 128,
            "package_type": "Zip",
            "publish": false,
            "qualified_arn": "arn:aws:lambda:us-east-1:233925838033:function:lmb-appma-users-create-dev:$LATEST",
            "qualified_invoke_arn": "arn:aws:apigateway:us-east-1:lambda:path/2015-03-31/functions/arn:aws:lambda:us-east-1:233925838033:function:lmb-appma-users-create-dev:$LATEST/invocations",
            "replace_security_groups_on_destroy": null,
            "replacement_security_group_ids": null,
            "reserved_concurrent_executions": -1,
            "role": "arn:aws:iam::233925838033:role/role-appma-users-create-dev",
            "runtime": "nodejs20.x",
            "s3_bucket": null,
            "s3_key": null,
            "s3_object_version": null,
            "signing_job_arn": "",
            "signing_profile_version_arn": "",
            "skip_destroy": false,
            "snap_start": [],
            "source_code_hash": "NEtvyRJ8FEFBo09XQc/AXyio7cvcC4ui0L7fCVnVvnE=",
            "source_code_size": 359925,
            "tags": {
              "component": "users-create",
              "domain": "core",
              "env": "dev"
            },
            "tags_all": {
              "component": "users-create",
              "domain": "core",
              "env": "dev",
              "iac": "terraform"
            },
            "timeout": 30,
            "timeouts": null,
            "tracing_config": [
              {
                "mode": "PassThrough"
              }
            ],
            "version": "$LATEST",
            "vpc_config": []
          },
          "sensitive_attributes": [],
          "private": "eyJlMmJmYjczMC1lY2FhLTExZTYtOGY4OC0zNDM2M2JjN2M0YzAiOnsiY3JlYXRlIjo2MDAwMDAwMDAwMDAsImRlbGV0ZSI6NjAwMDAwMDAwMDAwLCJ1cGRhdGUiOjYwMDAwMDAwMDAwMH19",
          "dependencies": [
            "module.api_gateway.aws_apigatewayv2_api.main",
            "module.api_gateway.aws_apigatewayv2_stage.dev",
            "module.api_gateway.aws_cloudwatch_log_group.main_api_gw",
            "module.api_gateway_resources_users_create.aws_iam_role.lambda_role",
            "module.api_gateway_resources_users_create.data.archive_file.lambda_package",
            "module.users_dynamodb.aws_dynamodb_table.users-dynamodb-table"
          ]
        }
      ]
    },
    {
      "module": "module.api_gateway_resources_users_create",
      "mode": "managed",
      "type": "aws_lambda_permission",
      "name": "api_gw",
      "provider": "provider[\"registry.terraform.io/hashicorp/aws\"]",
      "instances": [
        {
          "schema_version": 0,
          "attributes": {
            "action": "lambda:InvokeFunction",
            "event_source_token": null,
            "function_name": "lmb-appma-users-create-dev",
            "function_url_auth_type": null,
            "id": "AllowExecutionFromAPIGateway",
            "principal": "apigateway.amazonaws.com",
            "principal_org_id": null,
            "qualifier": "",
            "source_account": null,
            "source_arn": "arn:aws:execute-api:us-east-1:233925838033:m1hg0o6t7l/*/*",
            "statement_id": "AllowExecutionFromAPIGateway",
            "statement_id_prefix": ""
          },
          "sensitive_attributes": [],
          "private": "bnVsbA==",
          "dependencies": [
            "module.api_gateway.aws_apigatewayv2_api.main",
            "module.api_gateway.aws_apigatewayv2_stage.dev",
            "module.api_gateway.aws_cloudwatch_log_group.main_api_gw",
            "module.api_gateway_resources_users_create.aws_iam_role.lambda_role",
            "module.api_gateway_resources_users_create.aws_lambda_function.html_lambda",
            "module.api_gateway_resources_users_create.data.archive_file.lambda_package",
            "module.api_gateway_resources_users_create.data.aws_apigatewayv2_api.selected",
            "module.users_dynamodb.aws_dynamodb_table.users-dynamodb-table"
          ]
        }
      ]
    },
    {
      "module": "module.projects_dynamodb",
      "mode": "managed",
      "type": "aws_dynamodb_table",
      "name": "customers-dynamodb-table",
      "provider": "provider[\"registry.terraform.io/hashicorp/aws\"]",
      "instances": [
        {
          "schema_version": 1,
          "attributes": {
            "arn": "arn:aws:dynamodb:us-east-1:233925838033:table/tbl-appma-projects-dev",
            "attribute": [
              {
                "name": "id",
                "type": "S"
              },
              {
                "name": "userId",
                "type": "S"
              }
            ],
            "billing_mode": "PAY_PER_REQUEST",
            "deletion_protection_enabled": false,
            "global_secondary_index": [],
            "hash_key": "id",
            "id": "tbl-appma-projects-dev",
            "import_table": [],
            "local_secondary_index": [],
            "name": "tbl-appma-projects-dev",
            "on_demand_throughput": [],
            "point_in_time_recovery": [
              {
                "enabled": false
              }
            ],
            "range_key": "userId",
            "read_capacity": 0,
            "replica": [],
            "restore_date_time": null,
            "restore_source_name": null,
            "restore_source_table_arn": null,
            "restore_to_latest_time": null,
            "server_side_encryption": [],
            "stream_arn": "",
            "stream_enabled": false,
            "stream_label": "",
            "stream_view_type": "",
            "table_class": "STANDARD",
            "tags": {
              "APP_NAME": "appma",
              "ENVIRONMENT": "dev",
              "JTW_SECRET_VALUE": "secret",
              "JWT_TOKEN_LIFE": "1000",
              "LOGGER_LEVEL": "DEBUG",
              "REGION": "us-east-1"
            },
            "tags_all": {
              "APP_NAME": "appma",
              "ENVIRONMENT": "dev",
              "JTW_SECRET_VALUE": "secret",
              "JWT_TOKEN_LIFE": "1000",
              "LOGGER_LEVEL": "DEBUG",
              "REGION": "us-east-1",
              "iac": "terraform"
            },
            "timeouts": null,
            "ttl": [
              {
                "attribute_name": "",
                "enabled": false
              }
            ],
            "write_capacity": 0
          },
          "sensitive_attributes": [],
          "private": "eyJlMmJmYjczMC1lY2FhLTExZTYtOGY4OC0zNDM2M2JjN2M0YzAiOnsiY3JlYXRlIjoxODAwMDAwMDAwMDAwLCJkZWxldGUiOjYwMDAwMDAwMDAwMCwidXBkYXRlIjozNjAwMDAwMDAwMDAwfSwic2NoZW1hX3ZlcnNpb24iOiIxIn0="
        }
      ]
    },
    {
      "module": "module.token_dynamodb",
      "mode": "managed",
      "type": "aws_dynamodb_table",
      "name": "token-dynamodb-table",
      "provider": "provider[\"registry.terraform.io/hashicorp/aws\"]",
      "instances": [
        {
          "schema_version": 1,
          "attributes": {
            "arn": "arn:aws:dynamodb:us-east-1:233925838033:table/tbl-appma-token-dev",
            "attribute": [
              {
                "name": "id",
                "type": "S"
              }
            ],
            "billing_mode": "PAY_PER_REQUEST",
            "deletion_protection_enabled": false,
            "global_secondary_index": [],
            "hash_key": "id",
            "id": "tbl-appma-token-dev",
            "import_table": [],
            "local_secondary_index": [],
            "name": "tbl-appma-token-dev",
            "on_demand_throughput": [],
            "point_in_time_recovery": [
              {
                "enabled": false
              }
            ],
            "range_key": null,
            "read_capacity": 0,
            "replica": [],
            "restore_date_time": null,
            "restore_source_name": null,
            "restore_source_table_arn": null,
            "restore_to_latest_time": null,
            "server_side_encryption": [],
            "stream_arn": "",
            "stream_enabled": false,
            "stream_label": "",
            "stream_view_type": "",
            "table_class": "STANDARD",
            "tags": {
              "APP_NAME": "appma",
              "ENVIRONMENT": "dev",
              "JTW_SECRET_VALUE": "secret",
              "JWT_TOKEN_LIFE": "1000",
              "LOGGER_LEVEL": "DEBUG",
              "REGION": "us-east-1"
            },
            "tags_all": {
              "APP_NAME": "appma",
              "ENVIRONMENT": "dev",
              "JTW_SECRET_VALUE": "secret",
              "JWT_TOKEN_LIFE": "1000",
              "LOGGER_LEVEL": "DEBUG",
              "REGION": "us-east-1",
              "iac": "terraform"
            },
            "timeouts": null,
            "ttl": [
              {
                "attribute_name": "",
                "enabled": false
              }
            ],
            "write_capacity": 0
          },
          "sensitive_attributes": [],
          "private": "eyJlMmJmYjczMC1lY2FhLTExZTYtOGY4OC0zNDM2M2JjN2M0YzAiOnsiY3JlYXRlIjoxODAwMDAwMDAwMDAwLCJkZWxldGUiOjYwMDAwMDAwMDAwMCwidXBkYXRlIjozNjAwMDAwMDAwMDAwfSwic2NoZW1hX3ZlcnNpb24iOiIxIn0="
        }
      ]
    },
    {
      "module": "module.users_dynamodb",
      "mode": "managed",
      "type": "aws_dynamodb_table",
      "name": "users-dynamodb-table",
      "provider": "provider[\"registry.terraform.io/hashicorp/aws\"]",
      "instances": [
        {
          "schema_version": 1,
          "attributes": {
            "arn": "arn:aws:dynamodb:us-east-1:233925838033:table/tbl-appma-users-dev",
            "attribute": [
              {
                "name": "id",
                "type": "S"
              }
            ],
            "billing_mode": "PAY_PER_REQUEST",
            "deletion_protection_enabled": false,
            "global_secondary_index": [],
            "hash_key": "id",
            "id": "tbl-appma-users-dev",
            "import_table": [],
            "local_secondary_index": [],
            "name": "tbl-appma-users-dev",
            "on_demand_throughput": [],
            "point_in_time_recovery": [
              {
                "enabled": false
              }
            ],
            "range_key": null,
            "read_capacity": 0,
            "replica": [],
            "restore_date_time": null,
            "restore_source_name": null,
            "restore_source_table_arn": null,
            "restore_to_latest_time": null,
            "server_side_encryption": [],
            "stream_arn": "",
            "stream_enabled": false,
            "stream_label": "",
            "stream_view_type": "",
            "table_class": "STANDARD",
            "tags": {
              "APP_NAME": "appma",
              "ENVIRONMENT": "dev",
              "JTW_SECRET_VALUE": "secret",
              "JWT_TOKEN_LIFE": "1000",
              "LOGGER_LEVEL": "DEBUG",
              "REGION": "us-east-1"
            },
            "tags_all": {
              "APP_NAME": "appma",
              "ENVIRONMENT": "dev",
              "JTW_SECRET_VALUE": "secret",
              "JWT_TOKEN_LIFE": "1000",
              "LOGGER_LEVEL": "DEBUG",
              "REGION": "us-east-1",
              "iac": "terraform"
            },
            "timeouts": null,
            "ttl": [
              {
                "attribute_name": "",
                "enabled": false
              }
            ],
            "write_capacity": 0
          },
          "sensitive_attributes": [],
          "private": "eyJlMmJmYjczMC1lY2FhLTExZTYtOGY4OC0zNDM2M2JjN2M0YzAiOnsiY3JlYXRlIjoxODAwMDAwMDAwMDAwLCJkZWxldGUiOjYwMDAwMDAwMDAwMCwidXBkYXRlIjozNjAwMDAwMDAwMDAwfSwic2NoZW1hX3ZlcnNpb24iOiIxIn0="
        }
      ]
    }
  ],
  "check_results": [
    {
      "object_kind": "var",
      "config_addr": "module.token_dynamodb.var.lambda_runtime",
      "status": "unknown",
      "objects": [
        {
          "object_addr": "module.token_dynamodb.var.lambda_runtime",
          "status": "unknown"
        }
      ]
    },
    {
      "object_kind": "var",
      "config_addr": "module.users_dynamodb.var.lambda_runtime",
      "status": "unknown",
      "objects": [
        {
          "object_addr": "module.users_dynamodb.var.lambda_runtime",
          "status": "unknown"
        }
      ]
    },
    {
      "object_kind": "var",
      "config_addr": "module.projects_dynamodb.var.domain",
      "status": "unknown",
      "objects": [
        {
          "object_addr": "module.projects_dynamodb.var.domain",
          "status": "unknown"
        }
      ]
    },
    {
      "object_kind": "var",
      "config_addr": "module.api_gateway_resources_security_authorizer.var.env",
      "status": "unknown",
      "objects": [
        {
          "object_addr": "module.api_gateway_resources_security_authorizer.var.env",
          "status": "unknown"
        }
      ]
    },
    {
      "object_kind": "var",
      "config_addr": "module.api_gateway_resources_security_authorizer.var.lambda_runtime",
      "status": "unknown",
      "objects": [
        {
          "object_addr": "module.api_gateway_resources_security_authorizer.var.lambda_runtime",
          "status": "unknown"
        }
      ]
    },
    {
      "object_kind": "var",
      "config_addr": "module.api_gateway_resources_projects_find_by_id.var.domain",
      "status": "unknown",
      "objects": [
        {
          "object_addr": "module.api_gateway_resources_projects_find_by_id.var.domain",
          "status": "unknown"
        }
      ]
    },
    {
      "object_kind": "var",
      "config_addr": "module.api_gateway_resources_projects_update.var.env",
      "status": "unknown",
      "objects": [
        {
          "object_addr": "module.api_gateway_resources_projects_update.var.env",
          "status": "unknown"
        }
      ]
    },
    {
      "object_kind": "var",
      "config_addr": "module.api_gateway_resources_projects_update.var.lambda_runtime",
      "status": "unknown",
      "objects": [
        {
          "object_addr": "module.api_gateway_resources_projects_update.var.lambda_runtime",
          "status": "unknown"
        }
      ]
    },
    {
      "object_kind": "var",
      "config_addr": "module.users_dynamodb.var.env",
      "status": "unknown",
      "objects": [
        {
          "object_addr": "module.users_dynamodb.var.env",
          "status": "unknown"
        }
      ]
    },
    {
      "object_kind": "var",
      "config_addr": "module.api_gateway_resources_projects_create.var.lambda_runtime",
      "status": "unknown",
      "objects": [
        {
          "object_addr": "module.api_gateway_resources_projects_create.var.lambda_runtime",
          "status": "unknown"
        }
      ]
    },
    {
      "object_kind": "var",
      "config_addr": "module.api_gateway_resources_security_login.var.env",
      "status": "unknown",
      "objects": [
        {
          "object_addr": "module.api_gateway_resources_security_login.var.env",
          "status": "unknown"
        }
      ]
    },
    {
      "object_kind": "var",
      "config_addr": "module.api_gateway_resources_projects_update.var.domain",
      "status": "unknown",
      "objects": [
        {
          "object_addr": "module.api_gateway_resources_projects_update.var.domain",
          "status": "unknown"
        }
      ]
    },
    {
      "object_kind": "var",
      "config_addr": "module.api_gateway_resources_projects_create.var.domain",
      "status": "unknown",
      "objects": [
        {
          "object_addr": "module.api_gateway_resources_projects_create.var.domain",
          "status": "unknown"
        }
      ]
    },
    {
      "object_kind": "var",
      "config_addr": "module.api_gateway_resources_projects_create.var.env",
      "status": "unknown",
      "objects": [
        {
          "object_addr": "module.api_gateway_resources_projects_create.var.env",
          "status": "unknown"
        }
      ]
    },
    {
      "object_kind": "var",
      "config_addr": "module.api_gateway_resources_security_login.var.lambda_runtime",
      "status": "unknown",
      "objects": [
        {
          "object_addr": "module.api_gateway_resources_security_login.var.lambda_runtime",
          "status": "unknown"
        }
      ]
    },
    {
      "object_kind": "var",
      "config_addr": "module.api_gateway_resources_users_create.var.domain",
      "status": "pass",
      "objects": [
        {
          "object_addr": "module.api_gateway_resources_users_create.var.domain",
          "status": "pass"
        }
      ]
    },
    {
      "object_kind": "var",
      "config_addr": "module.api_gateway.var.domain",
      "status": "unknown",
      "objects": [
        {
          "object_addr": "module.api_gateway.var.domain",
          "status": "unknown"
        }
      ]
    },
    {
      "object_kind": "var",
      "config_addr": "module.api_gateway_resources_projects_find_all_or_filter.var.env",
      "status": "unknown",
      "objects": [
        {
          "object_addr": "module.api_gateway_resources_projects_find_all_or_filter.var.env",
          "status": "unknown"
        }
      ]
    },
    {
      "object_kind": "var",
      "config_addr": "module.api_gateway_resources_projects_delete.var.domain",
      "status": "unknown",
      "objects": [
        {
          "object_addr": "module.api_gateway_resources_projects_delete.var.domain",
          "status": "unknown"
        }
      ]
    },
    {
      "object_kind": "var",
      "config_addr": "module.api_gateway_resources_projects_find_by_id.var.lambda_runtime",
      "status": "unknown",
      "objects": [
        {
          "object_addr": "module.api_gateway_resources_projects_find_by_id.var.lambda_runtime",
          "status": "unknown"
        }
      ]
    },
    {
      "object_kind": "var",
      "config_addr": "module.projects_dynamodb.var.env",
      "status": "unknown",
      "objects": [
        {
          "object_addr": "module.projects_dynamodb.var.env",
          "status": "unknown"
        }
      ]
    },
    {
      "object_kind": "var",
      "config_addr": "module.projects_dynamodb.var.lambda_runtime",
      "status": "unknown",
      "objects": [
        {
          "object_addr": "module.projects_dynamodb.var.lambda_runtime",
          "status": "unknown"
        }
      ]
    },
    {
      "object_kind": "var",
      "config_addr": "module.api_gateway.var.lambda_runtime",
      "status": "unknown",
      "objects": [
        {
          "object_addr": "module.api_gateway.var.lambda_runtime",
          "status": "unknown"
        }
      ]
    },
    {
      "object_kind": "var",
      "config_addr": "module.token_dynamodb.var.env",
      "status": "unknown",
      "objects": [
        {
          "object_addr": "module.token_dynamodb.var.env",
          "status": "unknown"
        }
      ]
    },
    {
      "object_kind": "var",
      "config_addr": "module.users_dynamodb.var.domain",
      "status": "unknown",
      "objects": [
        {
          "object_addr": "module.users_dynamodb.var.domain",
          "status": "unknown"
        }
      ]
    },
    {
      "object_kind": "var",
      "config_addr": "module.api_gateway_resources_projects_delete.var.lambda_runtime",
      "status": "unknown",
      "objects": [
        {
          "object_addr": "module.api_gateway_resources_projects_delete.var.lambda_runtime",
          "status": "unknown"
        }
      ]
    },
    {
      "object_kind": "var",
      "config_addr": "module.api_gateway_resources_users_create.var.env",
      "status": "pass",
      "objects": [
        {
          "object_addr": "module.api_gateway_resources_users_create.var.env",
          "status": "pass"
        }
      ]
    },
    {
      "object_kind": "var",
      "config_addr": "module.api_gateway.var.env",
      "status": "pass",
      "objects": [
        {
          "object_addr": "module.api_gateway.var.env",
          "status": "pass"
        }
      ]
    },
    {
      "object_kind": "var",
      "config_addr": "module.api_gateway_resources_security_login.var.domain",
      "status": "unknown",
      "objects": [
        {
          "object_addr": "module.api_gateway_resources_security_login.var.domain",
          "status": "unknown"
        }
      ]
    },
    {
      "object_kind": "var",
      "config_addr": "module.token_dynamodb.var.domain",
      "status": "unknown",
      "objects": [
        {
          "object_addr": "module.token_dynamodb.var.domain",
          "status": "unknown"
        }
      ]
    },
    {
      "object_kind": "var",
      "config_addr": "module.api_gateway_resources_projects_find_all_or_filter.var.domain",
      "status": "unknown",
      "objects": [
        {
          "object_addr": "module.api_gateway_resources_projects_find_all_or_filter.var.domain",
          "status": "unknown"
        }
      ]
    },
    {
      "object_kind": "var",
      "config_addr": "module.api_gateway_resources_projects_find_all_or_filter.var.lambda_runtime",
      "status": "unknown",
      "objects": [
        {
          "object_addr": "module.api_gateway_resources_projects_find_all_or_filter.var.lambda_runtime",
          "status": "unknown"
        }
      ]
    },
    {
      "object_kind": "var",
      "config_addr": "module.api_gateway_resources_projects_delete.var.env",
      "status": "unknown",
      "objects": [
        {
          "object_addr": "module.api_gateway_resources_projects_delete.var.env",
          "status": "unknown"
        }
      ]
    },
    {
      "object_kind": "var",
      "config_addr": "module.api_gateway_resources_security_authorizer.var.domain",
      "status": "unknown",
      "objects": [
        {
          "object_addr": "module.api_gateway_resources_security_authorizer.var.domain",
          "status": "unknown"
        }
      ]
    },
    {
      "object_kind": "var",
      "config_addr": "module.api_gateway_resources_projects_find_by_id.var.env",
      "status": "unknown",
      "objects": [
        {
          "object_addr": "module.api_gateway_resources_projects_find_by_id.var.env",
          "status": "unknown"
        }
      ]
    },
    {
      "object_kind": "var",
      "config_addr": "module.api_gateway_resources_users_create.var.lambda_runtime",
      "status": "pass",
      "objects": [
        {
          "object_addr": "module.api_gateway_resources_users_create.var.lambda_runtime",
          "status": "pass"
        }
      ]
    }
  ]
}
