{
    "name": "appointment-management-lmb",
    "version": "1.0.0",
    "lockfileVersion": 3,
    "requires": true,
    "packages": {
        "": {
            "name": "appointment-management-lmb",
            "version": "1.0.0",
            "license": "MIT",
            "dependencies": {
                "josmejia2401-js": "file:../../josmejia2401-js"
            }
        },
        "../../josmejia2401-js": {
            "version": "1.0.0",
            "license": "MIT",
            "dependencies": {
                "joi": "17.13.3",
                "jsonwebtoken": "9.0.2"
            },
            "devDependencies": {
                "@aws-sdk/client-dynamodb": "3.687.0"
            }
        },
        "node_modules/josmejia2401-js": {
            "resolved": "../../josmejia2401-js",
            "link": true
        }
    }
}
